{
	"name": "@panneau/field-text",
	"version": "0.8.0",
	"lockfileVersion": 2,
	"requires": true,
	"packages": {
		"": {
			"name": "@panneau/field-text",
			"version": "0.8.0",
			"license": "ISC",
			"dependencies": {
				"react-intl": "^5.12.1"
			},
			"peerDependencies": {
				"react": "^16.8.0",
				"react-dom": "^16.8.0"
			}
		},
		"node_modules/react": {
			"version": "16.14.0",
			"resolved": "https://registry.npmjs.org/react/-/react-16.14.0.tgz",
			"integrity": "sha512-0X2CImDkJGApiAlcf0ODKIneSwBPhqJawOa5wCtKbu7ZECrmS26NvtSILynQ66cgkT/RJ4LidJOc3bUESwmU8g==",
			"peer": true,
			"dependencies": {
				"loose-envify": "^1.1.0",
				"object-assign": "^4.1.1",
				"prop-types": "^15.6.2"
			},
			"engines": {
				"node": ">=0.10.0"
			}
		},
		"node_modules/react-dom": {
			"version": "16.14.0",
			"resolved": "https://registry.npmjs.org/react-dom/-/react-dom-16.14.0.tgz",
			"integrity": "sha512-1gCeQXDLoIqMgqD3IO2Ah9bnf0w9kzhwN5q4FGnHZ67hBm9yePzB5JJAIQCc8x3pFnNlwFq4RidZggNAAkzWWw==",
			"peer": true,
			"dependencies": {
				"loose-envify": "^1.1.0",
				"object-assign": "^4.1.1",
				"prop-types": "^15.6.2",
				"scheduler": "^0.19.1"
			},
			"peerDependencies": {
				"react": "^16.14.0"
			}
		},
		"node_modules/react-dom/node_modules/js-tokens": {
			"version": "4.0.0",
			"resolved": "https://registry.npmjs.org/js-tokens/-/js-tokens-4.0.0.tgz",
			"integrity": "sha512-RdJUflcE3cUzKiMqQgsCu06FPu9UdIJO0beYbPhHN4k6apgJtifcoCtT9bcxOpYBtpD2kCM6Sbzg4CausW/PKQ==",
			"peer": true
		},
		"node_modules/react-dom/node_modules/loose-envify": {
			"version": "1.4.0",
			"resolved": "https://registry.npmjs.org/loose-envify/-/loose-envify-1.4.0.tgz",
			"integrity": "sha512-lyuxPGr/Wfhrlem2CL/UcnUc1zcqKAImBDzukY7Y5F/yQiNdko6+fRLevlw1HgMySw7f611UIY408EtxRSoK3Q==",
			"peer": true,
			"dependencies": {
				"js-tokens": "^3.0.0 || ^4.0.0"
			},
			"bin": {
				"loose-envify": "cli.js"
			}
		},
		"node_modules/react-dom/node_modules/object-assign": {
			"version": "4.1.1",
			"resolved": "https://registry.npmjs.org/object-assign/-/object-assign-4.1.1.tgz",
			"integrity": "sha1-IQmtx5ZYh8/AXLvUQsrIv7s2CGM=",
			"peer": true,
			"engines": {
				"node": ">=0.10.0"
			}
		},
		"node_modules/react-dom/node_modules/prop-types": {
			"version": "15.7.2",
			"resolved": "https://registry.npmjs.org/prop-types/-/prop-types-15.7.2.tgz",
			"integrity": "sha512-8QQikdH7//R2vurIJSutZ1smHYTcLpRWEOlHnzcWHmBYrOGUysKwSsrC89BCiFj3CbrfJ/nXFdJepOVrY1GCHQ==",
			"peer": true,
			"dependencies": {
				"loose-envify": "^1.4.0",
				"object-assign": "^4.1.1",
				"react-is": "^16.8.1"
			}
		},
		"node_modules/react-dom/node_modules/react-is": {
			"version": "16.13.1",
			"resolved": "https://registry.npmjs.org/react-is/-/react-is-16.13.1.tgz",
			"integrity": "sha512-24e6ynE2H+OKt4kqsOvNd8kBpV65zoxbA4BVsEOB3ARVWQki/DHzaUoC5KuON/BiccDaCCTZBuOcfZs70kR8bQ==",
			"peer": true
		},
		"node_modules/react-dom/node_modules/scheduler": {
			"version": "0.19.1",
			"resolved": "https://registry.npmjs.org/scheduler/-/scheduler-0.19.1.tgz",
			"integrity": "sha512-n/zwRWRYSUj0/3g/otKDRPMh6qv2SYMWNq85IEa8iZyAv8od9zDYpGSnpBEjNgcMNq6Scbu5KfIPxNF72R/2EA==",
			"peer": true,
			"dependencies": {
				"loose-envify": "^1.1.0",
				"object-assign": "^4.1.1"
			}
		},
		"node_modules/react-intl": {
			"version": "5.13.5",
			"resolved": "https://registry.npmjs.org/react-intl/-/react-intl-5.13.5.tgz",
			"integrity": "sha512-Ym6knnC04k070vwe3UDcRHQUDE2rGn1PNfmYNhDHVPL6vbusuFbefjnt8ZC1GEjnfo29WUHn/tkGd9SMudzD+g==",
			"dependencies": {
				"@formatjs/ecma402-abstract": "1.6.3",
				"@formatjs/intl": "1.8.4",
				"@formatjs/intl-displaynames": "4.0.11",
				"@formatjs/intl-listformat": "5.0.12",
				"@types/hoist-non-react-statics": "^3.3.1",
				"hoist-non-react-statics": "^3.3.2",
				"intl-messageformat": "9.5.3",
				"intl-messageformat-parser": "6.4.3",
				"tslib": "^2.1.0"
			}
		},
		"node_modules/react-intl/node_modules/@formatjs/ecma402-abstract": {
			"version": "1.6.3",
			"resolved": "https://registry.npmjs.org/@formatjs/ecma402-abstract/-/ecma402-abstract-1.6.3.tgz",
			"integrity": "sha512-7ijswObmYXabVy5GvcpKG29jbyJ9rGtFdRBdmdQvoDmMo0PwlOl/L08GtrjA4YWLAZ0j2owb2YrRLGNAvLBk+Q==",
			"dependencies": {
				"tslib": "^2.1.0"
			}
		},
		"node_modules/react-intl/node_modules/@formatjs/intl": {
			"version": "1.8.4",
			"resolved": "https://registry.npmjs.org/@formatjs/intl/-/intl-1.8.4.tgz",
			"integrity": "sha512-m0/5ZRQZZfzXmeDieoG8kxu3QRvJazv2VbXhROs5khJKfUKu1rz6xfuUrh3gkmydWYtHuwJDIoC9oGR0ik4+/g==",
			"dependencies": {
				"@formatjs/ecma402-abstract": "1.6.3",
				"@formatjs/intl-displaynames": "4.0.11",
				"@formatjs/intl-listformat": "5.0.12",
				"fast-memoize": "^2.5.2",
				"intl-messageformat": "9.5.3",
				"intl-messageformat-parser": "6.4.3",
				"tslib": "^2.1.0"
			}
		},
		"node_modules/react-intl/node_modules/@formatjs/intl-displaynames": {
			"version": "4.0.11",
			"resolved": "https://registry.npmjs.org/@formatjs/intl-displaynames/-/intl-displaynames-4.0.11.tgz",
			"integrity": "sha512-e3917+HmXStxb2fNP3sOr3R1DMALdWrUteBb3nerA2AKa12mXwmL0lDavrdltwZWqF7/Egh8fF/esB0Z/fqOgQ==",
			"dependencies": {
				"@formatjs/ecma402-abstract": "1.6.3",
				"tslib": "^2.1.0"
			}
		},
		"node_modules/react-intl/node_modules/@formatjs/intl-listformat": {
			"version": "5.0.12",
			"resolved": "https://registry.npmjs.org/@formatjs/intl-listformat/-/intl-listformat-5.0.12.tgz",
			"integrity": "sha512-xWAndG73lqJ1+ar6SljCpM9nUsi2YoZfKi45F2YZRSxtUx4JbWYkhpbroOwxjCQ8ppZFoPc2mlLZjhPZiTyG7g==",
			"dependencies": {
				"@formatjs/ecma402-abstract": "1.6.3",
				"tslib": "^2.1.0"
			}
		},
		"node_modules/react-intl/node_modules/@types/hoist-non-react-statics": {
			"version": "3.3.1",
			"resolved": "https://registry.npmjs.org/@types/hoist-non-react-statics/-/hoist-non-react-statics-3.3.1.tgz",
			"integrity": "sha512-iMIqiko6ooLrTh1joXodJK5X9xeEALT1kM5G3ZLhD3hszxBdIEd5C75U834D9mLcINgD4OyZf5uQXjkuYydWvA==",
			"dependencies": {
				"@types/react": "*",
				"hoist-non-react-statics": "^3.3.0"
			}
		},
		"node_modules/react-intl/node_modules/@types/prop-types": {
			"version": "15.7.3",
			"resolved": "https://registry.npmjs.org/@types/prop-types/-/prop-types-15.7.3.tgz",
			"integrity": "sha512-KfRL3PuHmqQLOG+2tGpRO26Ctg+Cq1E01D2DMriKEATHgWLfeNDmq9e29Q9WIky0dQ3NPkd1mzYH8Lm936Z9qw=="
		},
		"node_modules/react-intl/node_modules/@types/react": {
			"version": "17.0.3",
			"resolved": "https://registry.npmjs.org/@types/react/-/react-17.0.3.tgz",
			"integrity": "sha512-wYOUxIgs2HZZ0ACNiIayItyluADNbONl7kt8lkLjVK8IitMH5QMyAh75Fwhmo37r1m7L2JaFj03sIfxBVDvRAg==",
			"dependencies": {
				"@types/prop-types": "*",
				"@types/scheduler": "*",
				"csstype": "^3.0.2"
			}
		},
		"node_modules/react-intl/node_modules/@types/scheduler": {
			"version": "0.16.1",
			"resolved": "https://registry.npmjs.org/@types/scheduler/-/scheduler-0.16.1.tgz",
			"integrity": "sha512-EaCxbanVeyxDRTQBkdLb3Bvl/HK7PBK6UJjsSixB0iHKoWxE5uu2Q/DgtpOhPIojN0Zl1whvOd7PoHs2P0s5eA=="
		},
		"node_modules/react-intl/node_modules/csstype": {
			"version": "3.0.7",
			"resolved": "https://registry.npmjs.org/csstype/-/csstype-3.0.7.tgz",
			"integrity": "sha512-KxnUB0ZMlnUWCsx2Z8MUsr6qV6ja1w9ArPErJaJaF8a5SOWoHLIszeCTKGRGRgtLgYrs1E8CHkNSP1VZTTPc9g=="
		},
		"node_modules/react-intl/node_modules/fast-memoize": {
			"version": "2.5.2",
			"resolved": "https://registry.npmjs.org/fast-memoize/-/fast-memoize-2.5.2.tgz",
			"integrity": "sha512-Ue0LwpDYErFbmNnZSF0UH6eImUwDmogUO1jyE+JbN2gsQz/jICm1Ve7t9QT0rNSsfJt+Hs4/S3GnsDVjL4HVrw=="
		},
		"node_modules/react-intl/node_modules/hoist-non-react-statics": {
			"version": "3.3.2",
			"resolved": "https://registry.npmjs.org/hoist-non-react-statics/-/hoist-non-react-statics-3.3.2.tgz",
			"integrity": "sha512-/gGivxi8JPKWNm/W0jSmzcMPpfpPLc3dY/6GxhX2hQ9iGj3aDfklV4ET7NjKpSinLpJ5vafa9iiGIEZg10SfBw==",
			"dependencies": {
				"react-is": "^16.7.0"
			}
		},
		"node_modules/react-intl/node_modules/intl-messageformat": {
			"version": "9.5.3",
			"resolved": "https://registry.npmjs.org/intl-messageformat/-/intl-messageformat-9.5.3.tgz",
			"integrity": "sha512-Ei8vH41/icJsc16ZfWk1FzZ2SpaVn0gElXsQCKKPerxK/28m1gVdH0G26GuCqAyz5ETEJiSRn8sPMaSWJDuTjg==",
			"dependencies": {
				"fast-memoize": "^2.5.2",
				"intl-messageformat-parser": "6.4.3",
				"tslib": "^2.1.0"
			}
		},
		"node_modules/react-intl/node_modules/intl-messageformat-parser": {
			"version": "6.4.3",
			"resolved": "https://registry.npmjs.org/intl-messageformat-parser/-/intl-messageformat-parser-6.4.3.tgz",
			"integrity": "sha512-gpB7OeKDSd9wqjIQ7wVQM9byrpMlokGoUfJND7DS9SjoBbOsZIHAHw+lrmAWYmq+MI3WQUeLouSFdYAZ6zSX9A==",
			"dependencies": {
				"@formatjs/ecma402-abstract": "1.6.3",
				"tslib": "^2.1.0"
			}
		},
		"node_modules/react-intl/node_modules/react-is": {
			"version": "16.13.1",
			"resolved": "https://registry.npmjs.org/react-is/-/react-is-16.13.1.tgz",
			"integrity": "sha512-24e6ynE2H+OKt4kqsOvNd8kBpV65zoxbA4BVsEOB3ARVWQki/DHzaUoC5KuON/BiccDaCCTZBuOcfZs70kR8bQ=="
		},
		"node_modules/react-intl/node_modules/tslib": {
			"version": "2.1.0",
			"resolved": "https://registry.npmjs.org/tslib/-/tslib-2.1.0.tgz",
			"integrity": "sha512-hcVC3wYEziELGGmEEXue7D75zbwIIVUMWAVbHItGPx0ziyXxrOMQx4rQEVEV45Ut/1IotuEvwqPopzIOkDMf0A=="
		},
		"node_modules/react/node_modules/js-tokens": {
			"version": "4.0.0",
			"resolved": "https://registry.npmjs.org/js-tokens/-/js-tokens-4.0.0.tgz",
			"integrity": "sha512-RdJUflcE3cUzKiMqQgsCu06FPu9UdIJO0beYbPhHN4k6apgJtifcoCtT9bcxOpYBtpD2kCM6Sbzg4CausW/PKQ==",
			"peer": true
		},
		"node_modules/react/node_modules/loose-envify": {
			"version": "1.4.0",
			"resolved": "https://registry.npmjs.org/loose-envify/-/loose-envify-1.4.0.tgz",
			"integrity": "sha512-lyuxPGr/Wfhrlem2CL/UcnUc1zcqKAImBDzukY7Y5F/yQiNdko6+fRLevlw1HgMySw7f611UIY408EtxRSoK3Q==",
			"peer": true,
			"dependencies": {
				"js-tokens": "^3.0.0 || ^4.0.0"
			},
			"bin": {
				"loose-envify": "cli.js"
			}
		},
		"node_modules/react/node_modules/object-assign": {
			"version": "4.1.1",
			"resolved": "https://registry.npmjs.org/object-assign/-/object-assign-4.1.1.tgz",
			"integrity": "sha1-IQmtx5ZYh8/AXLvUQsrIv7s2CGM=",
			"peer": true,
			"engines": {
				"node": ">=0.10.0"
			}
		},
		"node_modules/react/node_modules/prop-types": {
			"version": "15.7.2",
			"resolved": "https://registry.npmjs.org/prop-types/-/prop-types-15.7.2.tgz",
			"integrity": "sha512-8QQikdH7//R2vurIJSutZ1smHYTcLpRWEOlHnzcWHmBYrOGUysKwSsrC89BCiFj3CbrfJ/nXFdJepOVrY1GCHQ==",
			"peer": true,
			"dependencies": {
				"loose-envify": "^1.4.0",
				"object-assign": "^4.1.1",
				"react-is": "^16.8.1"
			}
		},
		"node_modules/react/node_modules/react-is": {
			"version": "16.13.1",
			"resolved": "https://registry.npmjs.org/react-is/-/react-is-16.13.1.tgz",
			"integrity": "sha512-24e6ynE2H+OKt4kqsOvNd8kBpV65zoxbA4BVsEOB3ARVWQki/DHzaUoC5KuON/BiccDaCCTZBuOcfZs70kR8bQ==",
			"peer": true
		}
	},
	"dependencies": {
		"react": {
			"version": "16.14.0",
			"resolved": "https://registry.npmjs.org/react/-/react-16.14.0.tgz",
			"integrity": "sha512-0X2CImDkJGApiAlcf0ODKIneSwBPhqJawOa5wCtKbu7ZECrmS26NvtSILynQ66cgkT/RJ4LidJOc3bUESwmU8g==",
			"peer": true,
			"requires": {
				"loose-envify": "^1.1.0",
				"object-assign": "^4.1.1",
				"prop-types": "^15.6.2"
			},
			"dependencies": {
				"js-tokens": {
					"version": "4.0.0",
					"resolved": "https://registry.npmjs.org/js-tokens/-/js-tokens-4.0.0.tgz",
					"integrity": "sha512-RdJUflcE3cUzKiMqQgsCu06FPu9UdIJO0beYbPhHN4k6apgJtifcoCtT9bcxOpYBtpD2kCM6Sbzg4CausW/PKQ==",
					"peer": true
				},
				"loose-envify": {
					"version": "1.4.0",
					"resolved": "https://registry.npmjs.org/loose-envify/-/loose-envify-1.4.0.tgz",
					"integrity": "sha512-lyuxPGr/Wfhrlem2CL/UcnUc1zcqKAImBDzukY7Y5F/yQiNdko6+fRLevlw1HgMySw7f611UIY408EtxRSoK3Q==",
					"peer": true,
					"requires": {
						"js-tokens": "^3.0.0 || ^4.0.0"
					}
				},
				"object-assign": {
					"version": "4.1.1",
					"resolved": "https://registry.npmjs.org/object-assign/-/object-assign-4.1.1.tgz",
					"integrity": "sha1-IQmtx5ZYh8/AXLvUQsrIv7s2CGM=",
					"peer": true
				},
				"prop-types": {
					"version": "15.7.2",
					"resolved": "https://registry.npmjs.org/prop-types/-/prop-types-15.7.2.tgz",
					"integrity": "sha512-8QQikdH7//R2vurIJSutZ1smHYTcLpRWEOlHnzcWHmBYrOGUysKwSsrC89BCiFj3CbrfJ/nXFdJepOVrY1GCHQ==",
					"peer": true,
					"requires": {
						"loose-envify": "^1.4.0",
						"object-assign": "^4.1.1",
						"react-is": "^16.8.1"
					}
				},
				"react-is": {
					"version": "16.13.1",
					"resolved": "https://registry.npmjs.org/react-is/-/react-is-16.13.1.tgz",
					"integrity": "sha512-24e6ynE2H+OKt4kqsOvNd8kBpV65zoxbA4BVsEOB3ARVWQki/DHzaUoC5KuON/BiccDaCCTZBuOcfZs70kR8bQ==",
					"peer": true
				}
			}
		},
		"react-dom": {
			"version": "16.14.0",
			"resolved": "https://registry.npmjs.org/react-dom/-/react-dom-16.14.0.tgz",
			"integrity": "sha512-1gCeQXDLoIqMgqD3IO2Ah9bnf0w9kzhwN5q4FGnHZ67hBm9yePzB5JJAIQCc8x3pFnNlwFq4RidZggNAAkzWWw==",
			"peer": true,
			"requires": {
				"loose-envify": "^1.1.0",
				"object-assign": "^4.1.1",
				"prop-types": "^15.6.2",
				"scheduler": "^0.19.1"
			},
			"dependencies": {
				"js-tokens": {
					"version": "4.0.0",
					"resolved": "https://registry.npmjs.org/js-tokens/-/js-tokens-4.0.0.tgz",
					"integrity": "sha512-RdJUflcE3cUzKiMqQgsCu06FPu9UdIJO0beYbPhHN4k6apgJtifcoCtT9bcxOpYBtpD2kCM6Sbzg4CausW/PKQ==",
					"peer": true
				},
				"loose-envify": {
					"version": "1.4.0",
					"resolved": "https://registry.npmjs.org/loose-envify/-/loose-envify-1.4.0.tgz",
					"integrity": "sha512-lyuxPGr/Wfhrlem2CL/UcnUc1zcqKAImBDzukY7Y5F/yQiNdko6+fRLevlw1HgMySw7f611UIY408EtxRSoK3Q==",
					"peer": true,
					"requires": {
						"js-tokens": "^3.0.0 || ^4.0.0"
					}
				},
				"object-assign": {
					"version": "4.1.1",
					"resolved": "https://registry.npmjs.org/object-assign/-/object-assign-4.1.1.tgz",
					"integrity": "sha1-IQmtx5ZYh8/AXLvUQsrIv7s2CGM=",
					"peer": true
				},
				"prop-types": {
					"version": "15.7.2",
					"resolved": "https://registry.npmjs.org/prop-types/-/prop-types-15.7.2.tgz",
					"integrity": "sha512-8QQikdH7//R2vurIJSutZ1smHYTcLpRWEOlHnzcWHmBYrOGUysKwSsrC89BCiFj3CbrfJ/nXFdJepOVrY1GCHQ==",
					"peer": true,
					"requires": {
						"loose-envify": "^1.4.0",
						"object-assign": "^4.1.1",
						"react-is": "^16.8.1"
					}
				},
				"react-is": {
					"version": "16.13.1",
					"resolved": "https://registry.npmjs.org/react-is/-/react-is-16.13.1.tgz",
					"integrity": "sha512-24e6ynE2H+OKt4kqsOvNd8kBpV65zoxbA4BVsEOB3ARVWQki/DHzaUoC5KuON/BiccDaCCTZBuOcfZs70kR8bQ==",
					"peer": true
				},
				"scheduler": {
					"version": "0.19.1",
					"resolved": "https://registry.npmjs.org/scheduler/-/scheduler-0.19.1.tgz",
					"integrity": "sha512-n/zwRWRYSUj0/3g/otKDRPMh6qv2SYMWNq85IEa8iZyAv8od9zDYpGSnpBEjNgcMNq6Scbu5KfIPxNF72R/2EA==",
					"peer": true,
					"requires": {
						"loose-envify": "^1.1.0",
						"object-assign": "^4.1.1"
					}
				}
			}
		},
		"react-intl": {
			"version": "5.13.5",
			"resolved": "https://registry.npmjs.org/react-intl/-/react-intl-5.13.5.tgz",
			"integrity": "sha512-Ym6knnC04k070vwe3UDcRHQUDE2rGn1PNfmYNhDHVPL6vbusuFbefjnt8ZC1GEjnfo29WUHn/tkGd9SMudzD+g==",
			"requires": {
				"@formatjs/ecma402-abstract": "1.6.3",
				"@formatjs/intl": "1.8.4",
				"@formatjs/intl-displaynames": "4.0.11",
				"@formatjs/intl-listformat": "5.0.12",
				"@types/hoist-non-react-statics": "^3.3.1",
				"hoist-non-react-statics": "^3.3.2",
				"intl-messageformat": "9.5.3",
				"intl-messageformat-parser": "6.4.3",
				"tslib": "^2.1.0"
			},
			"dependencies": {
				"@formatjs/ecma402-abstract": {
					"version": "1.6.3",
					"resolved": "https://registry.npmjs.org/@formatjs/ecma402-abstract/-/ecma402-abstract-1.6.3.tgz",
					"integrity": "sha512-7ijswObmYXabVy5GvcpKG29jbyJ9rGtFdRBdmdQvoDmMo0PwlOl/L08GtrjA4YWLAZ0j2owb2YrRLGNAvLBk+Q==",
					"requires": {
						"tslib": "^2.1.0"
					}
				},
				"@formatjs/intl": {
					"version": "1.8.4",
					"resolved": "https://registry.npmjs.org/@formatjs/intl/-/intl-1.8.4.tgz",
					"integrity": "sha512-m0/5ZRQZZfzXmeDieoG8kxu3QRvJazv2VbXhROs5khJKfUKu1rz6xfuUrh3gkmydWYtHuwJDIoC9oGR0ik4+/g==",
					"requires": {
						"@formatjs/ecma402-abstract": "1.6.3",
						"@formatjs/intl-displaynames": "4.0.11",
						"@formatjs/intl-listformat": "5.0.12",
						"fast-memoize": "^2.5.2",
						"intl-messageformat": "9.5.3",
						"intl-messageformat-parser": "6.4.3",
						"tslib": "^2.1.0"
					}
				},
				"@formatjs/intl-displaynames": {
					"version": "4.0.11",
					"resolved": "https://registry.npmjs.org/@formatjs/intl-displaynames/-/intl-displaynames-4.0.11.tgz",
					"integrity": "sha512-e3917+HmXStxb2fNP3sOr3R1DMALdWrUteBb3nerA2AKa12mXwmL0lDavrdltwZWqF7/Egh8fF/esB0Z/fqOgQ==",
					"requires": {
						"@formatjs/ecma402-abstract": "1.6.3",
						"tslib": "^2.1.0"
					}
				},
				"@formatjs/intl-listformat": {
					"version": "5.0.12",
					"resolved": "https://registry.npmjs.org/@formatjs/intl-listformat/-/intl-listformat-5.0.12.tgz",
					"integrity": "sha512-xWAndG73lqJ1+ar6SljCpM9nUsi2YoZfKi45F2YZRSxtUx4JbWYkhpbroOwxjCQ8ppZFoPc2mlLZjhPZiTyG7g==",
					"requires": {
						"@formatjs/ecma402-abstract": "1.6.3",
						"tslib": "^2.1.0"
					}
				},
				"@types/hoist-non-react-statics": {
					"version": "3.3.1",
					"resolved": "https://registry.npmjs.org/@types/hoist-non-react-statics/-/hoist-non-react-statics-3.3.1.tgz",
					"integrity": "sha512-iMIqiko6ooLrTh1joXodJK5X9xeEALT1kM5G3ZLhD3hszxBdIEd5C75U834D9mLcINgD4OyZf5uQXjkuYydWvA==",
					"requires": {
						"@types/react": "*",
						"hoist-non-react-statics": "^3.3.0"
					}
				},
				"@types/prop-types": {
					"version": "15.7.3",
					"resolved": "https://registry.npmjs.org/@types/prop-types/-/prop-types-15.7.3.tgz",
					"integrity": "sha512-KfRL3PuHmqQLOG+2tGpRO26Ctg+Cq1E01D2DMriKEATHgWLfeNDmq9e29Q9WIky0dQ3NPkd1mzYH8Lm936Z9qw=="
				},
				"@types/react": {
					"version": "17.0.3",
					"resolved": "https://registry.npmjs.org/@types/react/-/react-17.0.3.tgz",
					"integrity": "sha512-wYOUxIgs2HZZ0ACNiIayItyluADNbONl7kt8lkLjVK8IitMH5QMyAh75Fwhmo37r1m7L2JaFj03sIfxBVDvRAg==",
					"requires": {
						"@types/prop-types": "*",
						"@types/scheduler": "*",
						"csstype": "^3.0.2"
					}
				},
				"@types/scheduler": {
					"version": "0.16.1",
					"resolved": "https://registry.npmjs.org/@types/scheduler/-/scheduler-0.16.1.tgz",
					"integrity": "sha512-EaCxbanVeyxDRTQBkdLb3Bvl/HK7PBK6UJjsSixB0iHKoWxE5uu2Q/DgtpOhPIojN0Zl1whvOd7PoHs2P0s5eA=="
				},
				"csstype": {
					"version": "3.0.7",
					"resolved": "https://registry.npmjs.org/csstype/-/csstype-3.0.7.tgz",
					"integrity": "sha512-KxnUB0ZMlnUWCsx2Z8MUsr6qV6ja1w9ArPErJaJaF8a5SOWoHLIszeCTKGRGRgtLgYrs1E8CHkNSP1VZTTPc9g=="
				},
				"fast-memoize": {
					"version": "2.5.2",
					"resolved": "https://registry.npmjs.org/fast-memoize/-/fast-memoize-2.5.2.tgz",
					"integrity": "sha512-Ue0LwpDYErFbmNnZSF0UH6eImUwDmogUO1jyE+JbN2gsQz/jICm1Ve7t9QT0rNSsfJt+Hs4/S3GnsDVjL4HVrw=="
				},
				"hoist-non-react-statics": {
					"version": "3.3.2",
					"resolved": "https://registry.npmjs.org/hoist-non-react-statics/-/hoist-non-react-statics-3.3.2.tgz",
					"integrity": "sha512-/gGivxi8JPKWNm/W0jSmzcMPpfpPLc3dY/6GxhX2hQ9iGj3aDfklV4ET7NjKpSinLpJ5vafa9iiGIEZg10SfBw==",
					"requires": {
						"react-is": "^16.7.0"
					}
				},
				"intl-messageformat": {
					"version": "9.5.3",
					"resolved": "https://registry.npmjs.org/intl-messageformat/-/intl-messageformat-9.5.3.tgz",
					"integrity": "sha512-Ei8vH41/icJsc16ZfWk1FzZ2SpaVn0gElXsQCKKPerxK/28m1gVdH0G26GuCqAyz5ETEJiSRn8sPMaSWJDuTjg==",
					"requires": {
						"fast-memoize": "^2.5.2",
						"intl-messageformat-parser": "6.4.3",
						"tslib": "^2.1.0"
					}
				},
				"intl-messageformat-parser": {
					"version": "6.4.3",
					"resolved": "https://registry.npmjs.org/intl-messageformat-parser/-/intl-messageformat-parser-6.4.3.tgz",
					"integrity": "sha512-gpB7OeKDSd9wqjIQ7wVQM9byrpMlokGoUfJND7DS9SjoBbOsZIHAHw+lrmAWYmq+MI3WQUeLouSFdYAZ6zSX9A==",
					"requires": {
						"@formatjs/ecma402-abstract": "1.6.3",
						"tslib": "^2.1.0"
					}
				},
				"react-is": {
					"version": "16.13.1",
					"resolved": "https://registry.npmjs.org/react-is/-/react-is-16.13.1.tgz",
					"integrity": "sha512-24e6ynE2H+OKt4kqsOvNd8kBpV65zoxbA4BVsEOB3ARVWQki/DHzaUoC5KuON/BiccDaCCTZBuOcfZs70kR8bQ=="
				},
				"tslib": {
					"version": "2.1.0",
					"resolved": "https://registry.npmjs.org/tslib/-/tslib-2.1.0.tgz",
					"integrity": "sha512-hcVC3wYEziELGGmEEXue7D75zbwIIVUMWAVbHItGPx0ziyXxrOMQx4rQEVEV45Ut/1IotuEvwqPopzIOkDMf0A=="
				}
			}
		}
	}
}
