{
    "name": "@panneau/modal-upload",
    "version": "3.0.23",
    "lockfileVersion": 2,
    "requires": true,
    "packages": {
        "": {
            "name": "@panneau/modal-upload",
            "version": "3.0.23",
            "license": "ISC",
            "dependencies": {
                "@uppy/react": "^3.1.3"
            },
            "peerDependencies": {
                "react": "^16.8.0 || ^17.0.0",
                "react-dom": "^16.8.0 || ^17.0.0"
            }
        },
        "../../packages/core": {
            "name": "@panneau/core",
            "version": "1.0.0-alpha.232",
            "extraneous": true,
            "license": "ISC",
            "dependencies": {
                "@babel/runtime": "^7.12.5",
                "@folklore/fetch": "^0.1.10",
                "@folklore/forms": "^0.0.10",
                "@folklore/services": "^0.1.24",
                "@folklore/tracking": "^0.0.9",
                "@fortawesome/fontawesome-svg-core": "^1.2.35",
                "@fortawesome/free-solid-svg-icons": "^5.15.3",
                "@fortawesome/react-fontawesome": "^0.1.14",
                "@uppy/core": "^2.1.4",
                "@uppy/dashboard": "^2.1.3",
                "@uppy/dropbox": "^2.0.5",
                "@uppy/facebook": "^2.0.5",
                "@uppy/google-drive": "^2.0.5",
                "@uppy/instagram": "^2.0.5",
                "@uppy/locales": "^2.0.5",
                "@uppy/react": "^2.1.2",
                "@uppy/transloadit": "^2.1.1",
                "@uppy/tus": "^2.2.0",
                "@uppy/webcam": "^2.0.5",
                "@uppy/xhr-upload": "^2.0.7",
                "bootstrap": "^5.0.2",
                "change-case": "^4.1.2",
                "classnames": "^2.2.6",
                "css-mediaquery": "^0.1.2",
                "dayjs": "^1.10.4",
                "debug": "^4.3.1",
                "flat": "^5.0.2",
                "hoist-non-react-statics": "^3.3.2",
                "lodash": "^4.17.21",
                "prop-types": "^15.7.2",
                "react-helmet": "^6.1.0",
                "react-intl": "^5.15.8",
                "react-is": "^17.0.2",
                "react-router": "^5.2.0",
                "react-router-dom": "^5.2.0",
                "react-use-gesture": "^9.0.0",
                "slugify": "^1.5.0",
                "snake-case": "^3.0.4",
                "tinycolor2": "^1.4.2",
                "uuid": "^8.3.2",
                "webfontloader": "^1.6.28",
                "wolfy87-eventemitter": "^5.2.9"
            },
            "devDependencies": {
                "react": "^16.8.0 || ^17.0.0",
                "react-dom": "^16.8.0 || ^17.0.0"
            },
            "peerDependencies": {
                "react": "^16.8.0 || ^17.0.0",
                "react-dom": "^16.8.0 || ^17.0.0"
            }
        },
        "node_modules/@uppy/core": {
            "version": "1.20.1",
            "resolved": "https://registry.npmjs.org/@uppy/core/-/core-1.20.1.tgz",
            "integrity": "sha512-Z0yGixSNOSMgT/2aLylXQaEBB6X32RqGLQUgDJDK08jI0ZcMha5glNhD2RU1Gs9noQOAR/f7QwBssSnYJUNRfg==",
            "peer": true,
            "dependencies": {
                "@transloadit/prettier-bytes": "0.0.7",
                "@uppy/store-default": "^1.2.7",
                "@uppy/utils": "^3.6.2",
                "cuid": "^2.1.1",
                "lodash.throttle": "^4.1.1",
                "mime-match": "^1.0.2",
                "namespace-emitter": "^2.0.1",
                "preact": "8.2.9"
            }
        },
        "node_modules/@uppy/core/node_modules/@transloadit/prettier-bytes": {
            "version": "0.0.7",
            "resolved": "https://registry.npmjs.org/@transloadit/prettier-bytes/-/prettier-bytes-0.0.7.tgz",
            "integrity": "sha512-VeJbUb0wEKbcwaSlj5n+LscBl9IPgLPkHVGBkh00cztv6X4L/TJXK58LzFuBKX7/GAfiGhIwH67YTLTlzvIzBA==",
            "peer": true
        },
        "node_modules/@uppy/core/node_modules/@uppy/store-default": {
            "version": "1.2.7",
            "resolved": "https://registry.npmjs.org/@uppy/store-default/-/store-default-1.2.7.tgz",
            "integrity": "sha512-58IG9yk/i/kYQ9uEwAwMFl1H2V3syOoODrYoFfVHlxaqv+9MkXBg2tHE2gk40iaAIxcCErcPxZkBOvkqzO1SQA==",
            "peer": true
        },
        "node_modules/@uppy/core/node_modules/@uppy/utils": {
            "version": "3.6.2",
            "resolved": "https://registry.npmjs.org/@uppy/utils/-/utils-3.6.2.tgz",
            "integrity": "sha512-wGTZma7eywIojfuE1vXlT0fxPSpmCRMkfgFWYc+6TL2FfGqWInmePoB+yal6/M2AnjeKHz6XYMhIpZkjOxFvcw==",
            "peer": true,
            "dependencies": {
                "abortcontroller-polyfill": "^1.4.0",
                "lodash.throttle": "^4.1.1"
            }
        },
        "node_modules/@uppy/core/node_modules/abortcontroller-polyfill": {
            "version": "1.7.3",
            "resolved": "https://registry.npmjs.org/abortcontroller-polyfill/-/abortcontroller-polyfill-1.7.3.tgz",
            "integrity": "sha512-zetDJxd89y3X99Kvo4qFx8GKlt6GsvN3UcRZHwU6iFA/0KiOmhkTVhe8oRoTBiTVPZu09x3vCra47+w8Yz1+2Q==",
            "peer": true
        },
        "node_modules/@uppy/core/node_modules/cuid": {
            "version": "2.1.8",
            "resolved": "https://registry.npmjs.org/cuid/-/cuid-2.1.8.tgz",
            "integrity": "sha512-xiEMER6E7TlTPnDxrM4eRiC6TRgjNX9xzEZ5U/Se2YJKr7Mq4pJn/2XEHjl3STcSh96GmkHPcBXLES8M29wyyg==",
            "peer": true
        },
        "node_modules/@uppy/core/node_modules/lodash.throttle": {
            "version": "4.1.1",
            "resolved": "https://registry.npmjs.org/lodash.throttle/-/lodash.throttle-4.1.1.tgz",
            "integrity": "sha1-wj6RtxAkKscMN/HhzaknTMOb8vQ=",
            "peer": true
        },
        "node_modules/@uppy/core/node_modules/mime-match": {
            "version": "1.0.2",
            "resolved": "https://registry.npmjs.org/mime-match/-/mime-match-1.0.2.tgz",
            "integrity": "sha1-P4fDHprxpf1IX7nbE0Qosju7e6g=",
            "peer": true,
            "dependencies": {
                "wildcard": "^1.1.0"
            }
        },
        "node_modules/@uppy/core/node_modules/namespace-emitter": {
            "version": "2.0.1",
            "resolved": "https://registry.npmjs.org/namespace-emitter/-/namespace-emitter-2.0.1.tgz",
            "integrity": "sha512-N/sMKHniSDJBjfrkbS/tpkPj4RAbvW3mr8UAzvlMHyun93XEm83IAvhWtJVHo+RHn/oO8Job5YN4b+wRjSVp5g==",
            "peer": true
        },
        "node_modules/@uppy/core/node_modules/preact": {
            "version": "8.2.9",
            "resolved": "https://registry.npmjs.org/preact/-/preact-8.2.9.tgz",
            "integrity": "sha512-ThuGXBmJS3VsT+jIP+eQufD3L8pRw/PY3FoCys6O9Pu6aF12Pn9zAJDX99TfwRAFOCEKm/P0lwiPTbqKMJp0fA==",
            "hasInstallScript": true,
            "peer": true
        },
        "node_modules/@uppy/core/node_modules/wildcard": {
            "version": "1.1.2",
            "resolved": "https://registry.npmjs.org/wildcard/-/wildcard-1.1.2.tgz",
            "integrity": "sha1-pwIEUwhNjNLv5wup02liY94XEKU=",
            "peer": true
        },
        "node_modules/@uppy/react": {
            "version": "1.12.2",
            "resolved": "https://registry.npmjs.org/@uppy/react/-/react-1.12.2.tgz",
            "integrity": "sha512-d4bn08hc5SIuufRtfCAzSC3LdmuHEwg1mG3nFBEzR9xS++KLGtr3FlI6S57wvNCQiA99qB/V27bKGUINe6YdXw==",
            "dependencies": {
                "@uppy/dashboard": "^1.21.1",
                "@uppy/drag-drop": "^1.4.31",
                "@uppy/file-input": "^1.5.2",
                "@uppy/progress-bar": "^1.3.30",
                "@uppy/status-bar": "^1.9.6",
                "@uppy/utils": "^3.6.2",
                "prop-types": "^15.6.1"
            },
            "peerDependencies": {
                "@uppy/core": "^1.0.0",
                "react": "^16.0.0 || ^17.0.0"
            }
        },
        "node_modules/@uppy/react/node_modules/@transloadit/prettier-bytes": {
            "version": "0.0.7",
            "resolved": "https://registry.npmjs.org/@transloadit/prettier-bytes/-/prettier-bytes-0.0.7.tgz",
            "integrity": "sha512-VeJbUb0wEKbcwaSlj5n+LscBl9IPgLPkHVGBkh00cztv6X4L/TJXK58LzFuBKX7/GAfiGhIwH67YTLTlzvIzBA=="
        },
        "node_modules/@uppy/react/node_modules/@uppy/dashboard": {
            "version": "1.21.1",
            "resolved": "https://registry.npmjs.org/@uppy/dashboard/-/dashboard-1.21.1.tgz",
            "integrity": "sha512-psMwBVxxhAZxYkRds4e//+Sx3zkFYRnYpt4jaF4hmwpL9SehlyhQKwaB/scZz/O4yshmgTN8Sri0mYK5FSh5SQ==",
            "dependencies": {
                "@transloadit/prettier-bytes": "0.0.7",
                "@uppy/informer": "^1.6.6",
                "@uppy/provider-views": "^1.12.3",
                "@uppy/status-bar": "^1.9.6",
                "@uppy/thumbnail-generator": "^1.7.11",
                "@uppy/utils": "^3.6.2",
                "classnames": "^2.2.6",
                "cuid": "^2.1.1",
                "is-shallow-equal": "^1.0.1",
                "lodash.debounce": "^4.0.8",
                "lodash.throttle": "^4.1.1",
                "memoize-one": "^5.0.4",
                "preact": "8.2.9",
                "resize-observer-polyfill": "^1.5.0"
            },
            "peerDependencies": {
                "@uppy/core": "^1.0.0"
            }
        },
        "node_modules/@uppy/react/node_modules/@uppy/drag-drop": {
            "version": "1.4.31",
            "resolved": "https://registry.npmjs.org/@uppy/drag-drop/-/drag-drop-1.4.31.tgz",
            "integrity": "sha512-a9/WKOdAhz9mfFYI9JJNEGLP3TI8RQChndpFkjlxbsD82x2WHSB1TyWTslMdSCK6Ed3pV5IYyBVqDGsTqgveYg==",
            "dependencies": {
                "@uppy/utils": "^3.6.2",
                "preact": "8.2.9"
            },
            "peerDependencies": {
                "@uppy/core": "^1.0.0"
            }
        },
        "node_modules/@uppy/react/node_modules/@uppy/file-input": {
            "version": "1.5.2",
            "resolved": "https://registry.npmjs.org/@uppy/file-input/-/file-input-1.5.2.tgz",
            "integrity": "sha512-EI7IROt2qyGm3EoGDmb4UiWNe/P8YsGAcoCZZqFlTLkBlK7Yen5yxzQ4+KH7jWZYM6BynYnHl18aMdRcDWf/UA==",
            "dependencies": {
                "@uppy/utils": "^3.6.2",
                "preact": "8.2.9"
            },
            "peerDependencies": {
                "@uppy/core": "^1.0.0"
            }
        },
        "node_modules/@uppy/react/node_modules/@uppy/informer": {
            "version": "1.6.6",
            "resolved": "https://registry.npmjs.org/@uppy/informer/-/informer-1.6.6.tgz",
            "integrity": "sha512-9rZoAqNrKQN/HINnGg8rGnKEliLgc+9/tQQ0f9QcBgRIu/rnbBCTwS+qnGGdjYBdEJTSbHx+U7X9ufjrrjB+CA==",
            "dependencies": {
                "@uppy/utils": "^3.6.2",
                "preact": "8.2.9"
            },
            "peerDependencies": {
                "@uppy/core": "^1.0.0"
            }
        },
        "node_modules/@uppy/react/node_modules/@uppy/progress-bar": {
            "version": "1.3.30",
            "resolved": "https://registry.npmjs.org/@uppy/progress-bar/-/progress-bar-1.3.30.tgz",
            "integrity": "sha512-MAn20wBMzKc1p9M/Mot4+bV/707EO/DVgoFcvoP8rmA5oZOGMINpvFGR+rUtWQoBFMvKtvs/Wkp8mcR22rCMrw==",
            "dependencies": {
                "@uppy/utils": "^3.6.2",
                "preact": "8.2.9"
            },
            "peerDependencies": {
                "@uppy/core": "^1.0.0"
            }
        },
        "node_modules/@uppy/react/node_modules/@uppy/provider-views": {
            "version": "1.12.3",
            "resolved": "https://registry.npmjs.org/@uppy/provider-views/-/provider-views-1.12.3.tgz",
            "integrity": "sha512-r2kra3IftmGLeKMEgZbmQM1qXixulWUUzydgpHcZqJOpeNIjJcpspJruYRctrVqaLz/8asw87V4KxDk0U4xGzw==",
            "dependencies": {
                "@uppy/utils": "^3.6.2",
                "classnames": "^2.2.6",
                "preact": "8.2.9"
            },
            "peerDependencies": {
                "@uppy/core": "^1.0.0"
            }
        },
        "node_modules/@uppy/react/node_modules/@uppy/status-bar": {
            "version": "1.9.6",
            "resolved": "https://registry.npmjs.org/@uppy/status-bar/-/status-bar-1.9.6.tgz",
            "integrity": "sha512-U/KPs5SwZ5d4hJFiCNAdriGHSk1Uhrl+iQmpJS8hoM+8r8rPfwScdua2/ehLuH69Ymwp6k7DpK2DU7UG2XZ+ag==",
            "dependencies": {
                "@transloadit/prettier-bytes": "0.0.7",
                "@uppy/utils": "^3.6.2",
                "classnames": "^2.2.6",
                "lodash.throttle": "^4.1.1",
                "preact": "8.2.9"
            },
            "peerDependencies": {
                "@uppy/core": "^1.0.0"
            }
        },
        "node_modules/@uppy/react/node_modules/@uppy/thumbnail-generator": {
            "version": "1.7.11",
            "resolved": "https://registry.npmjs.org/@uppy/thumbnail-generator/-/thumbnail-generator-1.7.11.tgz",
            "integrity": "sha512-qo9ZD8ByDMM6gIJ4JPN0V/dWlruYMhmYifhUvDUu0qhPAOTJAqh2hLQ+dlmUXTns8RnDorCXScreICSQ09FuLQ==",
            "dependencies": {
                "@uppy/utils": "^3.6.2",
                "exifr": "^6.0.0",
                "math-log2": "^1.0.1"
            },
            "peerDependencies": {
                "@uppy/core": "^1.0.0"
            }
        },
        "node_modules/@uppy/react/node_modules/@uppy/utils": {
            "version": "3.6.2",
            "resolved": "https://registry.npmjs.org/@uppy/utils/-/utils-3.6.2.tgz",
            "integrity": "sha512-wGTZma7eywIojfuE1vXlT0fxPSpmCRMkfgFWYc+6TL2FfGqWInmePoB+yal6/M2AnjeKHz6XYMhIpZkjOxFvcw==",
            "dependencies": {
                "abortcontroller-polyfill": "^1.4.0",
                "lodash.throttle": "^4.1.1"
            }
        },
        "node_modules/@uppy/react/node_modules/abortcontroller-polyfill": {
            "version": "1.7.3",
            "resolved": "https://registry.npmjs.org/abortcontroller-polyfill/-/abortcontroller-polyfill-1.7.3.tgz",
            "integrity": "sha512-zetDJxd89y3X99Kvo4qFx8GKlt6GsvN3UcRZHwU6iFA/0KiOmhkTVhe8oRoTBiTVPZu09x3vCra47+w8Yz1+2Q=="
        },
        "node_modules/@uppy/react/node_modules/classnames": {
            "version": "2.3.1",
            "resolved": "https://registry.npmjs.org/classnames/-/classnames-2.3.1.tgz",
            "integrity": "sha512-OlQdbZ7gLfGarSqxesMesDa5uz7KFbID8Kpq/SxIoNGDqY8lSYs0D+hhtBXhcdB3rcbXArFr7vlHheLk1voeNA=="
        },
        "node_modules/@uppy/react/node_modules/cuid": {
            "version": "2.1.8",
            "resolved": "https://registry.npmjs.org/cuid/-/cuid-2.1.8.tgz",
            "integrity": "sha512-xiEMER6E7TlTPnDxrM4eRiC6TRgjNX9xzEZ5U/Se2YJKr7Mq4pJn/2XEHjl3STcSh96GmkHPcBXLES8M29wyyg=="
        },
        "node_modules/@uppy/react/node_modules/exifr": {
            "version": "6.3.0",
            "resolved": "https://registry.npmjs.org/exifr/-/exifr-6.3.0.tgz",
            "integrity": "sha512-NCSOP15py+4QyvD90etFN0QOVj12ygVE8kfEDG8GDc+SXf9YAOxua2x5kGp6WvxbGjufA5C3r/1ZKHOpHbEWFg=="
        },
        "node_modules/@uppy/react/node_modules/is-shallow-equal": {
            "version": "1.0.1",
            "resolved": "https://registry.npmjs.org/is-shallow-equal/-/is-shallow-equal-1.0.1.tgz",
            "integrity": "sha512-lq5RvK+85Hs5J3p4oA4256M1FEffzmI533ikeDHvJd42nouRRx5wBzt36JuviiGe5dIPyHON/d0/Up+PBo6XkQ=="
        },
        "node_modules/@uppy/react/node_modules/js-tokens": {
            "version": "4.0.0",
            "resolved": "https://registry.npmjs.org/js-tokens/-/js-tokens-4.0.0.tgz",
            "integrity": "sha512-RdJUflcE3cUzKiMqQgsCu06FPu9UdIJO0beYbPhHN4k6apgJtifcoCtT9bcxOpYBtpD2kCM6Sbzg4CausW/PKQ=="
        },
        "node_modules/@uppy/react/node_modules/lodash.debounce": {
            "version": "4.0.8",
            "resolved": "https://registry.npmjs.org/lodash.debounce/-/lodash.debounce-4.0.8.tgz",
            "integrity": "sha1-gteb/zCmfEAF/9XiUVMArZyk168="
        },
        "node_modules/@uppy/react/node_modules/lodash.throttle": {
            "version": "4.1.1",
            "resolved": "https://registry.npmjs.org/lodash.throttle/-/lodash.throttle-4.1.1.tgz",
            "integrity": "sha1-wj6RtxAkKscMN/HhzaknTMOb8vQ="
        },
        "node_modules/@uppy/react/node_modules/loose-envify": {
            "version": "1.4.0",
            "resolved": "https://registry.npmjs.org/loose-envify/-/loose-envify-1.4.0.tgz",
            "integrity": "sha512-lyuxPGr/Wfhrlem2CL/UcnUc1zcqKAImBDzukY7Y5F/yQiNdko6+fRLevlw1HgMySw7f611UIY408EtxRSoK3Q==",
            "dependencies": {
                "js-tokens": "^3.0.0 || ^4.0.0"
            },
            "bin": {
                "loose-envify": "cli.js"
            }
        },
        "node_modules/@uppy/react/node_modules/math-log2": {
            "version": "1.0.1",
            "resolved": "https://registry.npmjs.org/math-log2/-/math-log2-1.0.1.tgz",
            "integrity": "sha1-+4lBvl9evol55xjmJzsXjlhpRWU=",
            "engines": {
                "node": ">=0.10.0"
            }
        },
        "node_modules/@uppy/react/node_modules/memoize-one": {
            "version": "5.2.1",
            "resolved": "https://registry.npmjs.org/memoize-one/-/memoize-one-5.2.1.tgz",
            "integrity": "sha512-zYiwtZUcYyXKo/np96AGZAckk+FWWsUdJ3cHGGmld7+AhvcWmQyGCYUh1hc4Q/pkOhb65dQR/pqCyK0cOaHz4Q=="
        },
        "node_modules/@uppy/react/node_modules/object-assign": {
            "version": "4.1.1",
            "resolved": "https://registry.npmjs.org/object-assign/-/object-assign-4.1.1.tgz",
            "integrity": "sha1-IQmtx5ZYh8/AXLvUQsrIv7s2CGM=",
            "engines": {
                "node": ">=0.10.0"
            }
        },
        "node_modules/@uppy/react/node_modules/preact": {
            "version": "8.2.9",
            "resolved": "https://registry.npmjs.org/preact/-/preact-8.2.9.tgz",
            "integrity": "sha512-ThuGXBmJS3VsT+jIP+eQufD3L8pRw/PY3FoCys6O9Pu6aF12Pn9zAJDX99TfwRAFOCEKm/P0lwiPTbqKMJp0fA==",
            "hasInstallScript": true
        },
        "node_modules/@uppy/react/node_modules/prop-types": {
            "version": "15.8.1",
            "resolved": "https://registry.npmjs.org/prop-types/-/prop-types-15.8.1.tgz",
            "integrity": "sha512-oj87CgZICdulUohogVAR7AjlC0327U4el4L6eAvOqCeudMDVU0NThNaV+b9Df4dXgSP1gXMTnPdhfe/2qDH5cg==",
            "dependencies": {
                "loose-envify": "^1.4.0",
                "object-assign": "^4.1.1",
                "react-is": "^16.13.1"
            }
        },
        "node_modules/@uppy/react/node_modules/react-is": {
            "version": "16.13.1",
            "resolved": "https://registry.npmjs.org/react-is/-/react-is-16.13.1.tgz",
            "integrity": "sha512-24e6ynE2H+OKt4kqsOvNd8kBpV65zoxbA4BVsEOB3ARVWQki/DHzaUoC5KuON/BiccDaCCTZBuOcfZs70kR8bQ=="
        },
        "node_modules/@uppy/react/node_modules/resize-observer-polyfill": {
            "version": "1.5.1",
            "resolved": "https://registry.npmjs.org/resize-observer-polyfill/-/resize-observer-polyfill-1.5.1.tgz",
            "integrity": "sha512-LwZrotdHOo12nQuZlHEmtuXdqGoOD0OhaxopaNFxWzInpEgaLWoVuAMbTzixuosCx2nEG58ngzW3vxdWoxIgdg=="
        },
        "node_modules/react": {
            "version": "17.0.2",
            "resolved": "https://registry.npmjs.org/react/-/react-17.0.2.tgz",
            "integrity": "sha512-gnhPt75i/dq/z3/6q/0asP78D0u592D5L1pd7M8P+dck6Fu/jJeL6iVVK23fptSUZj8Vjf++7wXA8UNclGQcbA==",
            "peer": true,
            "dependencies": {
                "loose-envify": "^1.1.0",
                "object-assign": "^4.1.1"
            },
            "engines": {
                "node": ">=0.10.0"
            }
        },
        "node_modules/react-dom": {
            "version": "17.0.2",
            "resolved": "https://registry.npmjs.org/react-dom/-/react-dom-17.0.2.tgz",
            "integrity": "sha512-s4h96KtLDUQlsENhMn1ar8t2bEa+q/YAtj8pPPdIjPDGBDIVNsrD9aXNWqspUe6AzKCIG0C1HZZLqLV7qpOBGA==",
            "peer": true,
            "dependencies": {
                "loose-envify": "^1.1.0",
                "object-assign": "^4.1.1",
                "scheduler": "^0.20.2"
            },
            "peerDependencies": {
                "react": "17.0.2"
            }
        },
        "node_modules/react-dom/node_modules/js-tokens": {
            "version": "4.0.0",
            "resolved": "https://registry.npmjs.org/js-tokens/-/js-tokens-4.0.0.tgz",
            "integrity": "sha512-RdJUflcE3cUzKiMqQgsCu06FPu9UdIJO0beYbPhHN4k6apgJtifcoCtT9bcxOpYBtpD2kCM6Sbzg4CausW/PKQ==",
            "peer": true
        },
        "node_modules/react-dom/node_modules/loose-envify": {
            "version": "1.4.0",
            "resolved": "https://registry.npmjs.org/loose-envify/-/loose-envify-1.4.0.tgz",
            "integrity": "sha512-lyuxPGr/Wfhrlem2CL/UcnUc1zcqKAImBDzukY7Y5F/yQiNdko6+fRLevlw1HgMySw7f611UIY408EtxRSoK3Q==",
            "peer": true,
            "dependencies": {
                "js-tokens": "^3.0.0 || ^4.0.0"
            },
            "bin": {
                "loose-envify": "cli.js"
            }
        },
        "node_modules/react-dom/node_modules/object-assign": {
            "version": "4.1.1",
            "resolved": "https://registry.npmjs.org/object-assign/-/object-assign-4.1.1.tgz",
            "integrity": "sha1-IQmtx5ZYh8/AXLvUQsrIv7s2CGM=",
            "peer": true,
            "engines": {
                "node": ">=0.10.0"
            }
        },
        "node_modules/react-dom/node_modules/scheduler": {
            "version": "0.20.2",
            "resolved": "https://registry.npmjs.org/scheduler/-/scheduler-0.20.2.tgz",
            "integrity": "sha512-2eWfGgAqqWFGqtdMmcL5zCMK1U8KlXv8SQFGglL3CEtd0aDVDWgeF/YoCmvln55m5zSk3J/20hTaSBeSObsQDQ==",
            "peer": true,
            "dependencies": {
                "loose-envify": "^1.1.0",
                "object-assign": "^4.1.1"
            }
        },
        "node_modules/react/node_modules/js-tokens": {
            "version": "4.0.0",
            "resolved": "https://registry.npmjs.org/js-tokens/-/js-tokens-4.0.0.tgz",
            "integrity": "sha512-RdJUflcE3cUzKiMqQgsCu06FPu9UdIJO0beYbPhHN4k6apgJtifcoCtT9bcxOpYBtpD2kCM6Sbzg4CausW/PKQ==",
            "peer": true
        },
        "node_modules/react/node_modules/loose-envify": {
            "version": "1.4.0",
            "resolved": "https://registry.npmjs.org/loose-envify/-/loose-envify-1.4.0.tgz",
            "integrity": "sha512-lyuxPGr/Wfhrlem2CL/UcnUc1zcqKAImBDzukY7Y5F/yQiNdko6+fRLevlw1HgMySw7f611UIY408EtxRSoK3Q==",
            "peer": true,
            "dependencies": {
                "js-tokens": "^3.0.0 || ^4.0.0"
            },
            "bin": {
                "loose-envify": "cli.js"
            }
        },
        "node_modules/react/node_modules/object-assign": {
            "version": "4.1.1",
            "resolved": "https://registry.npmjs.org/object-assign/-/object-assign-4.1.1.tgz",
            "integrity": "sha1-IQmtx5ZYh8/AXLvUQsrIv7s2CGM=",
            "peer": true,
            "engines": {
                "node": ">=0.10.0"
            }
        }
    },
    "dependencies": {
        "@uppy/core": {
            "version": "1.20.1",
            "resolved": "https://registry.npmjs.org/@uppy/core/-/core-1.20.1.tgz",
            "integrity": "sha512-Z0yGixSNOSMgT/2aLylXQaEBB6X32RqGLQUgDJDK08jI0ZcMha5glNhD2RU1Gs9noQOAR/f7QwBssSnYJUNRfg==",
            "peer": true,
            "requires": {
                "@transloadit/prettier-bytes": "0.0.7",
                "@uppy/store-default": "^1.2.7",
                "@uppy/utils": "^3.6.2",
                "cuid": "^2.1.1",
                "lodash.throttle": "^4.1.1",
                "mime-match": "^1.0.2",
                "namespace-emitter": "^2.0.1",
                "preact": "8.2.9"
            },
            "dependencies": {
                "@transloadit/prettier-bytes": {
                    "version": "0.0.7",
                    "resolved": "https://registry.npmjs.org/@transloadit/prettier-bytes/-/prettier-bytes-0.0.7.tgz",
                    "integrity": "sha512-VeJbUb0wEKbcwaSlj5n+LscBl9IPgLPkHVGBkh00cztv6X4L/TJXK58LzFuBKX7/GAfiGhIwH67YTLTlzvIzBA==",
                    "peer": true
                },
                "@uppy/store-default": {
                    "version": "1.2.7",
                    "resolved": "https://registry.npmjs.org/@uppy/store-default/-/store-default-1.2.7.tgz",
                    "integrity": "sha512-58IG9yk/i/kYQ9uEwAwMFl1H2V3syOoODrYoFfVHlxaqv+9MkXBg2tHE2gk40iaAIxcCErcPxZkBOvkqzO1SQA==",
                    "peer": true
                },
                "@uppy/utils": {
                    "version": "3.6.2",
                    "resolved": "https://registry.npmjs.org/@uppy/utils/-/utils-3.6.2.tgz",
                    "integrity": "sha512-wGTZma7eywIojfuE1vXlT0fxPSpmCRMkfgFWYc+6TL2FfGqWInmePoB+yal6/M2AnjeKHz6XYMhIpZkjOxFvcw==",
                    "peer": true,
                    "requires": {
                        "abortcontroller-polyfill": "^1.4.0",
                        "lodash.throttle": "^4.1.1"
                    }
                },
                "abortcontroller-polyfill": {
                    "version": "1.7.3",
                    "resolved": "https://registry.npmjs.org/abortcontroller-polyfill/-/abortcontroller-polyfill-1.7.3.tgz",
                    "integrity": "sha512-zetDJxd89y3X99Kvo4qFx8GKlt6GsvN3UcRZHwU6iFA/0KiOmhkTVhe8oRoTBiTVPZu09x3vCra47+w8Yz1+2Q==",
                    "peer": true
                },
                "cuid": {
                    "version": "2.1.8",
                    "resolved": "https://registry.npmjs.org/cuid/-/cuid-2.1.8.tgz",
                    "integrity": "sha512-xiEMER6E7TlTPnDxrM4eRiC6TRgjNX9xzEZ5U/Se2YJKr7Mq4pJn/2XEHjl3STcSh96GmkHPcBXLES8M29wyyg==",
                    "peer": true
                },
                "lodash.throttle": {
                    "version": "4.1.1",
                    "resolved": "https://registry.npmjs.org/lodash.throttle/-/lodash.throttle-4.1.1.tgz",
                    "integrity": "sha1-wj6RtxAkKscMN/HhzaknTMOb8vQ=",
                    "peer": true
                },
                "mime-match": {
                    "version": "1.0.2",
                    "resolved": "https://registry.npmjs.org/mime-match/-/mime-match-1.0.2.tgz",
                    "integrity": "sha1-P4fDHprxpf1IX7nbE0Qosju7e6g=",
                    "peer": true,
                    "requires": {
                        "wildcard": "^1.1.0"
                    }
                },
                "namespace-emitter": {
                    "version": "2.0.1",
                    "resolved": "https://registry.npmjs.org/namespace-emitter/-/namespace-emitter-2.0.1.tgz",
                    "integrity": "sha512-N/sMKHniSDJBjfrkbS/tpkPj4RAbvW3mr8UAzvlMHyun93XEm83IAvhWtJVHo+RHn/oO8Job5YN4b+wRjSVp5g==",
                    "peer": true
                },
                "preact": {
                    "version": "8.2.9",
                    "resolved": "https://registry.npmjs.org/preact/-/preact-8.2.9.tgz",
                    "integrity": "sha512-ThuGXBmJS3VsT+jIP+eQufD3L8pRw/PY3FoCys6O9Pu6aF12Pn9zAJDX99TfwRAFOCEKm/P0lwiPTbqKMJp0fA==",
                    "peer": true
                },
                "wildcard": {
                    "version": "1.1.2",
                    "resolved": "https://registry.npmjs.org/wildcard/-/wildcard-1.1.2.tgz",
                    "integrity": "sha1-pwIEUwhNjNLv5wup02liY94XEKU=",
                    "peer": true
                }
            }
        },
        "@uppy/react": {
            "version": "1.12.2",
            "resolved": "https://registry.npmjs.org/@uppy/react/-/react-1.12.2.tgz",
            "integrity": "sha512-d4bn08hc5SIuufRtfCAzSC3LdmuHEwg1mG3nFBEzR9xS++KLGtr3FlI6S57wvNCQiA99qB/V27bKGUINe6YdXw==",
            "requires": {
                "@uppy/dashboard": "^1.21.1",
                "@uppy/drag-drop": "^1.4.31",
                "@uppy/file-input": "^1.5.2",
                "@uppy/progress-bar": "^1.3.30",
                "@uppy/status-bar": "^1.9.6",
                "@uppy/utils": "^3.6.2",
                "prop-types": "^15.6.1"
            },
            "dependencies": {
                "@transloadit/prettier-bytes": {
                    "version": "0.0.7",
                    "resolved": "https://registry.npmjs.org/@transloadit/prettier-bytes/-/prettier-bytes-0.0.7.tgz",
                    "integrity": "sha512-VeJbUb0wEKbcwaSlj5n+LscBl9IPgLPkHVGBkh00cztv6X4L/TJXK58LzFuBKX7/GAfiGhIwH67YTLTlzvIzBA=="
                },
                "@uppy/dashboard": {
                    "version": "1.21.1",
                    "resolved": "https://registry.npmjs.org/@uppy/dashboard/-/dashboard-1.21.1.tgz",
                    "integrity": "sha512-psMwBVxxhAZxYkRds4e//+Sx3zkFYRnYpt4jaF4hmwpL9SehlyhQKwaB/scZz/O4yshmgTN8Sri0mYK5FSh5SQ==",
                    "requires": {
                        "@transloadit/prettier-bytes": "0.0.7",
                        "@uppy/informer": "^1.6.6",
                        "@uppy/provider-views": "^1.12.3",
                        "@uppy/status-bar": "^1.9.6",
                        "@uppy/thumbnail-generator": "^1.7.11",
                        "@uppy/utils": "^3.6.2",
                        "classnames": "^2.2.6",
                        "cuid": "^2.1.1",
                        "is-shallow-equal": "^1.0.1",
                        "lodash.debounce": "^4.0.8",
                        "lodash.throttle": "^4.1.1",
                        "memoize-one": "^5.0.4",
                        "preact": "8.2.9",
                        "resize-observer-polyfill": "^1.5.0"
                    }
                },
                "@uppy/drag-drop": {
                    "version": "1.4.31",
                    "resolved": "https://registry.npmjs.org/@uppy/drag-drop/-/drag-drop-1.4.31.tgz",
                    "integrity": "sha512-a9/WKOdAhz9mfFYI9JJNEGLP3TI8RQChndpFkjlxbsD82x2WHSB1TyWTslMdSCK6Ed3pV5IYyBVqDGsTqgveYg==",
                    "requires": {
                        "@uppy/utils": "^3.6.2",
                        "preact": "8.2.9"
                    }
                },
                "@uppy/file-input": {
                    "version": "1.5.2",
                    "resolved": "https://registry.npmjs.org/@uppy/file-input/-/file-input-1.5.2.tgz",
                    "integrity": "sha512-EI7IROt2qyGm3EoGDmb4UiWNe/P8YsGAcoCZZqFlTLkBlK7Yen5yxzQ4+KH7jWZYM6BynYnHl18aMdRcDWf/UA==",
                    "requires": {
                        "@uppy/utils": "^3.6.2",
                        "preact": "8.2.9"
                    }
                },
                "@uppy/informer": {
                    "version": "1.6.6",
                    "resolved": "https://registry.npmjs.org/@uppy/informer/-/informer-1.6.6.tgz",
                    "integrity": "sha512-9rZoAqNrKQN/HINnGg8rGnKEliLgc+9/tQQ0f9QcBgRIu/rnbBCTwS+qnGGdjYBdEJTSbHx+U7X9ufjrrjB+CA==",
                    "requires": {
                        "@uppy/utils": "^3.6.2",
                        "preact": "8.2.9"
                    }
                },
                "@uppy/progress-bar": {
                    "version": "1.3.30",
                    "resolved": "https://registry.npmjs.org/@uppy/progress-bar/-/progress-bar-1.3.30.tgz",
                    "integrity": "sha512-MAn20wBMzKc1p9M/Mot4+bV/707EO/DVgoFcvoP8rmA5oZOGMINpvFGR+rUtWQoBFMvKtvs/Wkp8mcR22rCMrw==",
                    "requires": {
                        "@uppy/utils": "^3.6.2",
                        "preact": "8.2.9"
                    }
                },
                "@uppy/provider-views": {
                    "version": "1.12.3",
                    "resolved": "https://registry.npmjs.org/@uppy/provider-views/-/provider-views-1.12.3.tgz",
                    "integrity": "sha512-r2kra3IftmGLeKMEgZbmQM1qXixulWUUzydgpHcZqJOpeNIjJcpspJruYRctrVqaLz/8asw87V4KxDk0U4xGzw==",
                    "requires": {
                        "@uppy/utils": "^3.6.2",
                        "classnames": "^2.2.6",
                        "preact": "8.2.9"
                    }
                },
                "@uppy/status-bar": {
                    "version": "1.9.6",
                    "resolved": "https://registry.npmjs.org/@uppy/status-bar/-/status-bar-1.9.6.tgz",
                    "integrity": "sha512-U/KPs5SwZ5d4hJFiCNAdriGHSk1Uhrl+iQmpJS8hoM+8r8rPfwScdua2/ehLuH69Ymwp6k7DpK2DU7UG2XZ+ag==",
                    "requires": {
                        "@transloadit/prettier-bytes": "0.0.7",
                        "@uppy/utils": "^3.6.2",
                        "classnames": "^2.2.6",
                        "lodash.throttle": "^4.1.1",
                        "preact": "8.2.9"
                    }
                },
                "@uppy/thumbnail-generator": {
                    "version": "1.7.11",
                    "resolved": "https://registry.npmjs.org/@uppy/thumbnail-generator/-/thumbnail-generator-1.7.11.tgz",
                    "integrity": "sha512-qo9ZD8ByDMM6gIJ4JPN0V/dWlruYMhmYifhUvDUu0qhPAOTJAqh2hLQ+dlmUXTns8RnDorCXScreICSQ09FuLQ==",
                    "requires": {
                        "@uppy/utils": "^3.6.2",
                        "exifr": "^6.0.0",
                        "math-log2": "^1.0.1"
                    }
                },
                "@uppy/utils": {
                    "version": "3.6.2",
                    "resolved": "https://registry.npmjs.org/@uppy/utils/-/utils-3.6.2.tgz",
                    "integrity": "sha512-wGTZma7eywIojfuE1vXlT0fxPSpmCRMkfgFWYc+6TL2FfGqWInmePoB+yal6/M2AnjeKHz6XYMhIpZkjOxFvcw==",
                    "requires": {
                        "abortcontroller-polyfill": "^1.4.0",
                        "lodash.throttle": "^4.1.1"
                    }
                },
                "abortcontroller-polyfill": {
                    "version": "1.7.3",
                    "resolved": "https://registry.npmjs.org/abortcontroller-polyfill/-/abortcontroller-polyfill-1.7.3.tgz",
                    "integrity": "sha512-zetDJxd89y3X99Kvo4qFx8GKlt6GsvN3UcRZHwU6iFA/0KiOmhkTVhe8oRoTBiTVPZu09x3vCra47+w8Yz1+2Q=="
                },
                "classnames": {
                    "version": "2.3.1",
                    "resolved": "https://registry.npmjs.org/classnames/-/classnames-2.3.1.tgz",
                    "integrity": "sha512-OlQdbZ7gLfGarSqxesMesDa5uz7KFbID8Kpq/SxIoNGDqY8lSYs0D+hhtBXhcdB3rcbXArFr7vlHheLk1voeNA=="
                },
                "cuid": {
                    "version": "2.1.8",
                    "resolved": "https://registry.npmjs.org/cuid/-/cuid-2.1.8.tgz",
                    "integrity": "sha512-xiEMER6E7TlTPnDxrM4eRiC6TRgjNX9xzEZ5U/Se2YJKr7Mq4pJn/2XEHjl3STcSh96GmkHPcBXLES8M29wyyg=="
                },
                "exifr": {
                    "version": "6.3.0",
                    "resolved": "https://registry.npmjs.org/exifr/-/exifr-6.3.0.tgz",
                    "integrity": "sha512-NCSOP15py+4QyvD90etFN0QOVj12ygVE8kfEDG8GDc+SXf9YAOxua2x5kGp6WvxbGjufA5C3r/1ZKHOpHbEWFg=="
                },
                "is-shallow-equal": {
                    "version": "1.0.1",
                    "resolved": "https://registry.npmjs.org/is-shallow-equal/-/is-shallow-equal-1.0.1.tgz",
                    "integrity": "sha512-lq5RvK+85Hs5J3p4oA4256M1FEffzmI533ikeDHvJd42nouRRx5wBzt36JuviiGe5dIPyHON/d0/Up+PBo6XkQ=="
                },
                "js-tokens": {
                    "version": "4.0.0",
                    "resolved": "https://registry.npmjs.org/js-tokens/-/js-tokens-4.0.0.tgz",
                    "integrity": "sha512-RdJUflcE3cUzKiMqQgsCu06FPu9UdIJO0beYbPhHN4k6apgJtifcoCtT9bcxOpYBtpD2kCM6Sbzg4CausW/PKQ=="
                },
                "lodash.debounce": {
                    "version": "4.0.8",
                    "resolved": "https://registry.npmjs.org/lodash.debounce/-/lodash.debounce-4.0.8.tgz",
                    "integrity": "sha1-gteb/zCmfEAF/9XiUVMArZyk168="
                },
                "lodash.throttle": {
                    "version": "4.1.1",
                    "resolved": "https://registry.npmjs.org/lodash.throttle/-/lodash.throttle-4.1.1.tgz",
                    "integrity": "sha1-wj6RtxAkKscMN/HhzaknTMOb8vQ="
                },
                "loose-envify": {
                    "version": "1.4.0",
                    "resolved": "https://registry.npmjs.org/loose-envify/-/loose-envify-1.4.0.tgz",
                    "integrity": "sha512-lyuxPGr/Wfhrlem2CL/UcnUc1zcqKAImBDzukY7Y5F/yQiNdko6+fRLevlw1HgMySw7f611UIY408EtxRSoK3Q==",
                    "requires": {
                        "js-tokens": "^3.0.0 || ^4.0.0"
                    }
                },
                "math-log2": {
                    "version": "1.0.1",
                    "resolved": "https://registry.npmjs.org/math-log2/-/math-log2-1.0.1.tgz",
                    "integrity": "sha1-+4lBvl9evol55xjmJzsXjlhpRWU="
                },
                "memoize-one": {
                    "version": "5.2.1",
                    "resolved": "https://registry.npmjs.org/memoize-one/-/memoize-one-5.2.1.tgz",
                    "integrity": "sha512-zYiwtZUcYyXKo/np96AGZAckk+FWWsUdJ3cHGGmld7+AhvcWmQyGCYUh1hc4Q/pkOhb65dQR/pqCyK0cOaHz4Q=="
                },
                "object-assign": {
                    "version": "4.1.1",
                    "resolved": "https://registry.npmjs.org/object-assign/-/object-assign-4.1.1.tgz",
                    "integrity": "sha1-IQmtx5ZYh8/AXLvUQsrIv7s2CGM="
                },
                "preact": {
                    "version": "8.2.9",
                    "resolved": "https://registry.npmjs.org/preact/-/preact-8.2.9.tgz",
                    "integrity": "sha512-ThuGXBmJS3VsT+jIP+eQufD3L8pRw/PY3FoCys6O9Pu6aF12Pn9zAJDX99TfwRAFOCEKm/P0lwiPTbqKMJp0fA=="
                },
                "prop-types": {
                    "version": "15.8.1",
                    "resolved": "https://registry.npmjs.org/prop-types/-/prop-types-15.8.1.tgz",
                    "integrity": "sha512-oj87CgZICdulUohogVAR7AjlC0327U4el4L6eAvOqCeudMDVU0NThNaV+b9Df4dXgSP1gXMTnPdhfe/2qDH5cg==",
                    "requires": {
                        "loose-envify": "^1.4.0",
                        "object-assign": "^4.1.1",
                        "react-is": "^16.13.1"
                    }
                },
                "react-is": {
                    "version": "16.13.1",
                    "resolved": "https://registry.npmjs.org/react-is/-/react-is-16.13.1.tgz",
                    "integrity": "sha512-24e6ynE2H+OKt4kqsOvNd8kBpV65zoxbA4BVsEOB3ARVWQki/DHzaUoC5KuON/BiccDaCCTZBuOcfZs70kR8bQ=="
                },
                "resize-observer-polyfill": {
                    "version": "1.5.1",
                    "resolved": "https://registry.npmjs.org/resize-observer-polyfill/-/resize-observer-polyfill-1.5.1.tgz",
                    "integrity": "sha512-LwZrotdHOo12nQuZlHEmtuXdqGoOD0OhaxopaNFxWzInpEgaLWoVuAMbTzixuosCx2nEG58ngzW3vxdWoxIgdg=="
                }
            }
        },
        "react": {
            "version": "17.0.2",
            "resolved": "https://registry.npmjs.org/react/-/react-17.0.2.tgz",
            "integrity": "sha512-gnhPt75i/dq/z3/6q/0asP78D0u592D5L1pd7M8P+dck6Fu/jJeL6iVVK23fptSUZj8Vjf++7wXA8UNclGQcbA==",
            "peer": true,
            "requires": {
                "loose-envify": "^1.1.0",
                "object-assign": "^4.1.1"
            },
            "dependencies": {
                "js-tokens": {
                    "version": "4.0.0",
                    "resolved": "https://registry.npmjs.org/js-tokens/-/js-tokens-4.0.0.tgz",
                    "integrity": "sha512-RdJUflcE3cUzKiMqQgsCu06FPu9UdIJO0beYbPhHN4k6apgJtifcoCtT9bcxOpYBtpD2kCM6Sbzg4CausW/PKQ==",
                    "peer": true
                },
                "loose-envify": {
                    "version": "1.4.0",
                    "resolved": "https://registry.npmjs.org/loose-envify/-/loose-envify-1.4.0.tgz",
                    "integrity": "sha512-lyuxPGr/Wfhrlem2CL/UcnUc1zcqKAImBDzukY7Y5F/yQiNdko6+fRLevlw1HgMySw7f611UIY408EtxRSoK3Q==",
                    "peer": true,
                    "requires": {
                        "js-tokens": "^3.0.0 || ^4.0.0"
                    }
                },
                "object-assign": {
                    "version": "4.1.1",
                    "resolved": "https://registry.npmjs.org/object-assign/-/object-assign-4.1.1.tgz",
                    "integrity": "sha1-IQmtx5ZYh8/AXLvUQsrIv7s2CGM=",
                    "peer": true
                }
            }
        },
        "react-dom": {
            "version": "17.0.2",
            "resolved": "https://registry.npmjs.org/react-dom/-/react-dom-17.0.2.tgz",
            "integrity": "sha512-s4h96KtLDUQlsENhMn1ar8t2bEa+q/YAtj8pPPdIjPDGBDIVNsrD9aXNWqspUe6AzKCIG0C1HZZLqLV7qpOBGA==",
            "peer": true,
            "requires": {
                "loose-envify": "^1.1.0",
                "object-assign": "^4.1.1",
                "scheduler": "^0.20.2"
            },
            "dependencies": {
                "js-tokens": {
                    "version": "4.0.0",
                    "resolved": "https://registry.npmjs.org/js-tokens/-/js-tokens-4.0.0.tgz",
                    "integrity": "sha512-RdJUflcE3cUzKiMqQgsCu06FPu9UdIJO0beYbPhHN4k6apgJtifcoCtT9bcxOpYBtpD2kCM6Sbzg4CausW/PKQ==",
                    "peer": true
                },
                "loose-envify": {
                    "version": "1.4.0",
                    "resolved": "https://registry.npmjs.org/loose-envify/-/loose-envify-1.4.0.tgz",
                    "integrity": "sha512-lyuxPGr/Wfhrlem2CL/UcnUc1zcqKAImBDzukY7Y5F/yQiNdko6+fRLevlw1HgMySw7f611UIY408EtxRSoK3Q==",
                    "peer": true,
                    "requires": {
                        "js-tokens": "^3.0.0 || ^4.0.0"
                    }
                },
                "object-assign": {
                    "version": "4.1.1",
                    "resolved": "https://registry.npmjs.org/object-assign/-/object-assign-4.1.1.tgz",
                    "integrity": "sha1-IQmtx5ZYh8/AXLvUQsrIv7s2CGM=",
                    "peer": true
                },
                "scheduler": {
                    "version": "0.20.2",
                    "resolved": "https://registry.npmjs.org/scheduler/-/scheduler-0.20.2.tgz",
                    "integrity": "sha512-2eWfGgAqqWFGqtdMmcL5zCMK1U8KlXv8SQFGglL3CEtd0aDVDWgeF/YoCmvln55m5zSk3J/20hTaSBeSObsQDQ==",
                    "peer": true,
                    "requires": {
                        "loose-envify": "^1.1.0",
                        "object-assign": "^4.1.1"
                    }
                }
            }
        }
    }
}
