{
	"name": "@panneau/modal-upload",
	"version": "1.0.0-alpha.4",
	"lockfileVersion": 1,
	"requires": true,
	"dependencies": {
		"@uppy/react": {
			"version": "1.11.5",
			"resolved": "https://registry.npmjs.org/@uppy/react/-/react-1.11.5.tgz",
			"integrity": "sha512-asEx0oC9Jig+3NkSgijPWgxU7aqlOZ/xWqVE4gPa4BCk3AJuRrHjHFh0LAbB+B3F/bEH3aZldW4ZQzl3OeQuhQ==",
			"requires": {
				"@uppy/dashboard": "^1.17.1",
				"@uppy/drag-drop": "^1.4.26",
				"@uppy/file-input": "^1.4.24",
				"@uppy/progress-bar": "^1.3.26",
				"@uppy/status-bar": "^1.9.2",
				"@uppy/utils": "^3.4.2",
				"prop-types": "^15.6.1"
			},
			"dependencies": {
				"@transloadit/prettier-bytes": {
					"version": "0.0.7",
					"resolved": "https://registry.npmjs.org/@transloadit/prettier-bytes/-/prettier-bytes-0.0.7.tgz",
					"integrity": "sha512-VeJbUb0wEKbcwaSlj5n+LscBl9IPgLPkHVGBkh00cztv6X4L/TJXK58LzFuBKX7/GAfiGhIwH67YTLTlzvIzBA=="
				},
				"@uppy/dashboard": {
					"version": "1.17.1",
					"resolved": "https://registry.npmjs.org/@uppy/dashboard/-/dashboard-1.17.1.tgz",
					"integrity": "sha512-F5ninpnWlp+BVfHLrhYZ7yxDtJIKg+wTQ0J3JEJ/4XHDM9s01d0MEddCkatQeF8o6Zfg3nfFsARFNpZJG9Cykg==",
					"requires": {
						"@transloadit/prettier-bytes": "0.0.7",
						"@uppy/informer": "^1.6.2",
						"@uppy/provider-views": "^1.11.2",
						"@uppy/status-bar": "^1.9.2",
						"@uppy/thumbnail-generator": "^1.7.7",
						"@uppy/utils": "^3.4.2",
						"classnames": "^2.2.6",
						"cuid": "^2.1.1",
						"is-shallow-equal": "^1.0.1",
						"lodash.debounce": "^4.0.8",
						"lodash.throttle": "^4.1.1",
						"memoize-one": "^5.0.4",
						"preact": "8.2.9",
						"resize-observer-polyfill": "^1.5.0"
					}
				},
				"@uppy/drag-drop": {
					"version": "1.4.26",
					"resolved": "https://registry.npmjs.org/@uppy/drag-drop/-/drag-drop-1.4.26.tgz",
					"integrity": "sha512-acnpQbMvwEKD2rNs6b3Sao9dZiyLp1aARIv6dM/SvpnYo3DS9y6Nz99qP9DwMLV42CMKk0YX5Qcd8cUud4eY9Q==",
					"requires": {
						"@uppy/utils": "^3.4.2",
						"preact": "8.2.9"
					}
				},
				"@uppy/file-input": {
					"version": "1.4.24",
					"resolved": "https://registry.npmjs.org/@uppy/file-input/-/file-input-1.4.24.tgz",
					"integrity": "sha512-k/fNrYGi4WaVwd0dv36HWuIzOVZPs3FVMG5K2TB6bmmDOUpJGp77R2pMoShYBzrAWQS+6/bFDMv9+R6adDVDxA==",
					"requires": {
						"@uppy/utils": "^3.4.2",
						"preact": "8.2.9"
					}
				},
				"@uppy/informer": {
					"version": "1.6.2",
					"resolved": "https://registry.npmjs.org/@uppy/informer/-/informer-1.6.2.tgz",
					"integrity": "sha512-0iVNIGEDF1SrGy4DP7K+B7oRPnx/2a8T1PHfl1QBoo0Skcwuzajs4OHLk+SRMTiraG9SluA71blyZO9DiwupTg==",
					"requires": {
						"@uppy/utils": "^3.4.2",
						"preact": "8.2.9"
					}
				},
				"@uppy/progress-bar": {
					"version": "1.3.26",
					"resolved": "https://registry.npmjs.org/@uppy/progress-bar/-/progress-bar-1.3.26.tgz",
					"integrity": "sha512-Z4vjKYVi4D7HswhsSPM126poFwoO1MakakyC3M5N9Ae+apuKU7jR0njlXLnP/eA3QtA7bGSEPRSvfulIgPjhTg==",
					"requires": {
						"@uppy/utils": "^3.4.2",
						"preact": "8.2.9"
					}
				},
				"@uppy/provider-views": {
					"version": "1.11.2",
					"resolved": "https://registry.npmjs.org/@uppy/provider-views/-/provider-views-1.11.2.tgz",
					"integrity": "sha512-riZ2XW/Exjifdx5n9E4wSoKwsiSJ5p7EnAiu9/nJqQt/1TWoGB2R0DLWKNIHESB7e+Ka2QMbEbekX431WrXyjA==",
					"requires": {
						"@uppy/utils": "^3.4.2",
						"classnames": "^2.2.6",
						"preact": "8.2.9"
					}
				},
				"@uppy/status-bar": {
					"version": "1.9.2",
					"resolved": "https://registry.npmjs.org/@uppy/status-bar/-/status-bar-1.9.2.tgz",
					"integrity": "sha512-KasWR7gSoycCor6oAH3go67wdEylPUPMEovFOn38U8uDAlw7pd15cdZxGwT99mmfqGIE316azKGxsROVYG5S9w==",
					"requires": {
						"@transloadit/prettier-bytes": "0.0.7",
						"@uppy/utils": "^3.4.2",
						"classnames": "^2.2.6",
						"lodash.throttle": "^4.1.1",
						"preact": "8.2.9"
					}
				},
				"@uppy/thumbnail-generator": {
					"version": "1.7.7",
					"resolved": "https://registry.npmjs.org/@uppy/thumbnail-generator/-/thumbnail-generator-1.7.7.tgz",
					"integrity": "sha512-xzx1ZL8HTfQGM3q9HGNv8+XzfLkOkpDTuLCRB0eNV9fg51h0lHm63s3bzUSQvJpi716RMJAiJHpmzifJW5LvNQ==",
					"requires": {
						"@uppy/utils": "^3.4.2",
						"exifr": "^6.0.0",
						"math-log2": "^1.0.1"
					}
				},
				"@uppy/utils": {
					"version": "3.4.2",
					"resolved": "https://registry.npmjs.org/@uppy/utils/-/utils-3.4.2.tgz",
					"integrity": "sha512-PWLZgX4L+0tdBqImncuATDYb1M6RHgDfGDZCh2Qg+PTG+btyyZ4/GkOEwK5fJ4Gw1gNgWF0ewAFL28+oCrD7/Q==",
					"requires": {
						"abortcontroller-polyfill": "^1.4.0",
						"lodash.throttle": "^4.1.1"
					}
				},
				"abortcontroller-polyfill": {
					"version": "1.7.1",
					"resolved": "https://registry.npmjs.org/abortcontroller-polyfill/-/abortcontroller-polyfill-1.7.1.tgz",
					"integrity": "sha512-yml9NiDEH4M4p0G4AcPkg8AAa4mF3nfYF28VQxaokpO67j9H7gWgmsVWJ/f1Rn+PzsnDYvzJzWIQzCqDKRvWlA=="
				},
				"classnames": {
					"version": "2.2.6",
					"resolved": "https://registry.npmjs.org/classnames/-/classnames-2.2.6.tgz",
					"integrity": "sha512-JR/iSQOSt+LQIWwrwEzJ9uk0xfN3mTVYMwt1Ir5mUcSN6pU+V4zQFFaJsclJbPuAUQH+yfWef6tm7l1quW3C8Q=="
				},
				"cuid": {
					"version": "2.1.8",
					"resolved": "https://registry.npmjs.org/cuid/-/cuid-2.1.8.tgz",
					"integrity": "sha512-xiEMER6E7TlTPnDxrM4eRiC6TRgjNX9xzEZ5U/Se2YJKr7Mq4pJn/2XEHjl3STcSh96GmkHPcBXLES8M29wyyg=="
				},
				"exifr": {
					"version": "6.2.0",
					"resolved": "https://registry.npmjs.org/exifr/-/exifr-6.2.0.tgz",
					"integrity": "sha512-ihHjOl8t6NvQUFy6k90axjyj9vJnPIBZpajoF7LjmdA/SYBBLmDSo0YwmnAbwuAtmbL2oBpeqA5wajXqw7x0gg=="
				},
				"is-shallow-equal": {
					"version": "1.0.1",
					"resolved": "https://registry.npmjs.org/is-shallow-equal/-/is-shallow-equal-1.0.1.tgz",
					"integrity": "sha512-lq5RvK+85Hs5J3p4oA4256M1FEffzmI533ikeDHvJd42nouRRx5wBzt36JuviiGe5dIPyHON/d0/Up+PBo6XkQ=="
				},
				"js-tokens": {
					"version": "4.0.0",
					"resolved": "https://registry.npmjs.org/js-tokens/-/js-tokens-4.0.0.tgz",
					"integrity": "sha512-RdJUflcE3cUzKiMqQgsCu06FPu9UdIJO0beYbPhHN4k6apgJtifcoCtT9bcxOpYBtpD2kCM6Sbzg4CausW/PKQ=="
				},
				"lodash.debounce": {
					"version": "4.0.8",
					"resolved": "https://registry.npmjs.org/lodash.debounce/-/lodash.debounce-4.0.8.tgz",
					"integrity": "sha1-gteb/zCmfEAF/9XiUVMArZyk168="
				},
				"lodash.throttle": {
					"version": "4.1.1",
					"resolved": "https://registry.npmjs.org/lodash.throttle/-/lodash.throttle-4.1.1.tgz",
					"integrity": "sha1-wj6RtxAkKscMN/HhzaknTMOb8vQ="
				},
				"loose-envify": {
					"version": "1.4.0",
					"resolved": "https://registry.npmjs.org/loose-envify/-/loose-envify-1.4.0.tgz",
					"integrity": "sha512-lyuxPGr/Wfhrlem2CL/UcnUc1zcqKAImBDzukY7Y5F/yQiNdko6+fRLevlw1HgMySw7f611UIY408EtxRSoK3Q==",
					"requires": {
						"js-tokens": "^3.0.0 || ^4.0.0"
					}
				},
				"math-log2": {
					"version": "1.0.1",
					"resolved": "https://registry.npmjs.org/math-log2/-/math-log2-1.0.1.tgz",
					"integrity": "sha1-+4lBvl9evol55xjmJzsXjlhpRWU="
				},
				"memoize-one": {
					"version": "5.1.1",
					"resolved": "https://registry.npmjs.org/memoize-one/-/memoize-one-5.1.1.tgz",
					"integrity": "sha512-HKeeBpWvqiVJD57ZUAsJNm71eHTykffzcLZVYWiVfQeI1rJtuEaS7hQiEpWfVVk18donPwJEcFKIkCmPJNOhHA=="
				},
				"object-assign": {
					"version": "4.1.1",
					"resolved": "https://registry.npmjs.org/object-assign/-/object-assign-4.1.1.tgz",
					"integrity": "sha1-IQmtx5ZYh8/AXLvUQsrIv7s2CGM="
				},
				"preact": {
					"version": "8.2.9",
					"resolved": "https://registry.npmjs.org/preact/-/preact-8.2.9.tgz",
					"integrity": "sha512-ThuGXBmJS3VsT+jIP+eQufD3L8pRw/PY3FoCys6O9Pu6aF12Pn9zAJDX99TfwRAFOCEKm/P0lwiPTbqKMJp0fA=="
				},
				"prop-types": {
					"version": "15.7.2",
					"resolved": "https://registry.npmjs.org/prop-types/-/prop-types-15.7.2.tgz",
					"integrity": "sha512-8QQikdH7//R2vurIJSutZ1smHYTcLpRWEOlHnzcWHmBYrOGUysKwSsrC89BCiFj3CbrfJ/nXFdJepOVrY1GCHQ==",
					"requires": {
						"loose-envify": "^1.4.0",
						"object-assign": "^4.1.1",
						"react-is": "^16.8.1"
					}
				},
				"react-is": {
					"version": "16.13.1",
					"resolved": "https://registry.npmjs.org/react-is/-/react-is-16.13.1.tgz",
					"integrity": "sha512-24e6ynE2H+OKt4kqsOvNd8kBpV65zoxbA4BVsEOB3ARVWQki/DHzaUoC5KuON/BiccDaCCTZBuOcfZs70kR8bQ=="
				},
				"resize-observer-polyfill": {
					"version": "1.5.1",
					"resolved": "https://registry.npmjs.org/resize-observer-polyfill/-/resize-observer-polyfill-1.5.1.tgz",
					"integrity": "sha512-LwZrotdHOo12nQuZlHEmtuXdqGoOD0OhaxopaNFxWzInpEgaLWoVuAMbTzixuosCx2nEG58ngzW3vxdWoxIgdg=="
				}
			}
		}
	}
}
