{
	"name": "@panneau/field-upload",
	"version": "1.0.3-alpha.1",
	"lockfileVersion": 2,
	"requires": true,
	"packages": {
		"": {
			"name": "@panneau/field-upload",
			"version": "1.0.0-alpha.232",
			"license": "ISC",
			"dependencies": {
				"@uppy/core": "^1.16.2",
				"@uppy/dashboard": "^1.13.0",
				"@uppy/react": "^1.11.5"
			},
			"peerDependencies": {
				"react": "^16.8.0 || ^17.0.0",
				"react-dom": "^16.8.0 || ^17.0.0"
			}
		},
		"node_modules/@uppy/core": {
			"version": "1.18.1",
			"resolved": "https://registry.npmjs.org/@uppy/core/-/core-1.18.1.tgz",
			"integrity": "sha512-VK+BwjeW7++/+4qvvHsmdTrd4y37MdUHFJveMZZisMk+nyy1L8Y65qS9PV+FxChwhTg7xEJdwmqtIjDTYRZNMA==",
			"dependencies": {
				"@transloadit/prettier-bytes": "0.0.7",
				"@uppy/store-default": "^1.2.6",
				"@uppy/utils": "^3.5.0",
				"cuid": "^2.1.1",
				"lodash.throttle": "^4.1.1",
				"mime-match": "^1.0.2",
				"namespace-emitter": "^2.0.1",
				"preact": "8.2.9"
			}
		},
		"node_modules/@uppy/core/node_modules/@transloadit/prettier-bytes": {
			"version": "0.0.7",
			"resolved": "https://registry.npmjs.org/@transloadit/prettier-bytes/-/prettier-bytes-0.0.7.tgz",
			"integrity": "sha512-VeJbUb0wEKbcwaSlj5n+LscBl9IPgLPkHVGBkh00cztv6X4L/TJXK58LzFuBKX7/GAfiGhIwH67YTLTlzvIzBA=="
		},
		"node_modules/@uppy/core/node_modules/@uppy/store-default": {
			"version": "1.2.6",
			"resolved": "https://registry.npmjs.org/@uppy/store-default/-/store-default-1.2.6.tgz",
			"integrity": "sha512-YnWSq06iPli5LMkmC1XgNiYvaefPKiBQPD4sQ+SxR95DLymBBv5Q5cFhtxywnfB9Fs8YlVcFg/mJ4OzBbXd6nA=="
		},
		"node_modules/@uppy/core/node_modules/@uppy/utils": {
			"version": "3.5.0",
			"resolved": "https://registry.npmjs.org/@uppy/utils/-/utils-3.5.0.tgz",
			"integrity": "sha512-Hhe8e/ArclSascuRjpwWtiEqAcykh9Qb/tZrA6cw+L4QjoYhxaxnOZOQoPG8LOz+zZS/DgQyF7IjWp+oiHDzag==",
			"dependencies": {
				"abortcontroller-polyfill": "^1.4.0",
				"lodash.throttle": "^4.1.1"
			}
		},
		"node_modules/@uppy/core/node_modules/abortcontroller-polyfill": {
			"version": "1.7.3",
			"resolved": "https://registry.npmjs.org/abortcontroller-polyfill/-/abortcontroller-polyfill-1.7.3.tgz",
			"integrity": "sha512-zetDJxd89y3X99Kvo4qFx8GKlt6GsvN3UcRZHwU6iFA/0KiOmhkTVhe8oRoTBiTVPZu09x3vCra47+w8Yz1+2Q=="
		},
		"node_modules/@uppy/core/node_modules/cuid": {
			"version": "2.1.8",
			"resolved": "https://registry.npmjs.org/cuid/-/cuid-2.1.8.tgz",
			"integrity": "sha512-xiEMER6E7TlTPnDxrM4eRiC6TRgjNX9xzEZ5U/Se2YJKr7Mq4pJn/2XEHjl3STcSh96GmkHPcBXLES8M29wyyg=="
		},
		"node_modules/@uppy/core/node_modules/lodash.throttle": {
			"version": "4.1.1",
			"resolved": "https://registry.npmjs.org/lodash.throttle/-/lodash.throttle-4.1.1.tgz",
			"integrity": "sha1-wj6RtxAkKscMN/HhzaknTMOb8vQ="
		},
		"node_modules/@uppy/core/node_modules/mime-match": {
			"version": "1.0.2",
			"resolved": "https://registry.npmjs.org/mime-match/-/mime-match-1.0.2.tgz",
			"integrity": "sha1-P4fDHprxpf1IX7nbE0Qosju7e6g=",
			"dependencies": {
				"wildcard": "^1.1.0"
			}
		},
		"node_modules/@uppy/core/node_modules/namespace-emitter": {
			"version": "2.0.1",
			"resolved": "https://registry.npmjs.org/namespace-emitter/-/namespace-emitter-2.0.1.tgz",
			"integrity": "sha512-N/sMKHniSDJBjfrkbS/tpkPj4RAbvW3mr8UAzvlMHyun93XEm83IAvhWtJVHo+RHn/oO8Job5YN4b+wRjSVp5g=="
		},
		"node_modules/@uppy/core/node_modules/preact": {
			"version": "8.2.9",
			"resolved": "https://registry.npmjs.org/preact/-/preact-8.2.9.tgz",
			"integrity": "sha512-ThuGXBmJS3VsT+jIP+eQufD3L8pRw/PY3FoCys6O9Pu6aF12Pn9zAJDX99TfwRAFOCEKm/P0lwiPTbqKMJp0fA==",
			"hasInstallScript": true
		},
		"node_modules/@uppy/core/node_modules/wildcard": {
			"version": "1.1.2",
			"resolved": "https://registry.npmjs.org/wildcard/-/wildcard-1.1.2.tgz",
			"integrity": "sha1-pwIEUwhNjNLv5wup02liY94XEKU="
		},
		"node_modules/@uppy/dashboard": {
			"version": "1.21.1",
			"resolved": "https://registry.npmjs.org/@uppy/dashboard/-/dashboard-1.21.1.tgz",
			"integrity": "sha512-psMwBVxxhAZxYkRds4e//+Sx3zkFYRnYpt4jaF4hmwpL9SehlyhQKwaB/scZz/O4yshmgTN8Sri0mYK5FSh5SQ==",
			"dependencies": {
				"@transloadit/prettier-bytes": "0.0.7",
				"@uppy/informer": "^1.6.6",
				"@uppy/provider-views": "^1.12.3",
				"@uppy/status-bar": "^1.9.6",
				"@uppy/thumbnail-generator": "^1.7.11",
				"@uppy/utils": "^3.6.2",
				"classnames": "^2.2.6",
				"cuid": "^2.1.1",
				"is-shallow-equal": "^1.0.1",
				"lodash.debounce": "^4.0.8",
				"lodash.throttle": "^4.1.1",
				"memoize-one": "^5.0.4",
				"preact": "8.2.9",
				"resize-observer-polyfill": "^1.5.0"
			},
			"peerDependencies": {
				"@uppy/core": "^1.0.0"
			}
		},
		"node_modules/@uppy/dashboard/node_modules/@transloadit/prettier-bytes": {
			"version": "0.0.7",
			"resolved": "https://registry.npmjs.org/@transloadit/prettier-bytes/-/prettier-bytes-0.0.7.tgz",
			"integrity": "sha512-VeJbUb0wEKbcwaSlj5n+LscBl9IPgLPkHVGBkh00cztv6X4L/TJXK58LzFuBKX7/GAfiGhIwH67YTLTlzvIzBA=="
		},
		"node_modules/@uppy/dashboard/node_modules/@uppy/informer": {
			"version": "1.6.6",
			"resolved": "https://registry.npmjs.org/@uppy/informer/-/informer-1.6.6.tgz",
			"integrity": "sha512-9rZoAqNrKQN/HINnGg8rGnKEliLgc+9/tQQ0f9QcBgRIu/rnbBCTwS+qnGGdjYBdEJTSbHx+U7X9ufjrrjB+CA==",
			"dependencies": {
				"@uppy/utils": "^3.6.2",
				"preact": "8.2.9"
			},
			"peerDependencies": {
				"@uppy/core": "^1.0.0"
			}
		},
		"node_modules/@uppy/dashboard/node_modules/@uppy/provider-views": {
			"version": "1.12.3",
			"resolved": "https://registry.npmjs.org/@uppy/provider-views/-/provider-views-1.12.3.tgz",
			"integrity": "sha512-r2kra3IftmGLeKMEgZbmQM1qXixulWUUzydgpHcZqJOpeNIjJcpspJruYRctrVqaLz/8asw87V4KxDk0U4xGzw==",
			"dependencies": {
				"@uppy/utils": "^3.6.2",
				"classnames": "^2.2.6",
				"preact": "8.2.9"
			},
			"peerDependencies": {
				"@uppy/core": "^1.0.0"
			}
		},
		"node_modules/@uppy/dashboard/node_modules/@uppy/status-bar": {
			"version": "1.9.6",
			"resolved": "https://registry.npmjs.org/@uppy/status-bar/-/status-bar-1.9.6.tgz",
			"integrity": "sha512-U/KPs5SwZ5d4hJFiCNAdriGHSk1Uhrl+iQmpJS8hoM+8r8rPfwScdua2/ehLuH69Ymwp6k7DpK2DU7UG2XZ+ag==",
			"dependencies": {
				"@transloadit/prettier-bytes": "0.0.7",
				"@uppy/utils": "^3.6.2",
				"classnames": "^2.2.6",
				"lodash.throttle": "^4.1.1",
				"preact": "8.2.9"
			},
			"peerDependencies": {
				"@uppy/core": "^1.0.0"
			}
		},
		"node_modules/@uppy/dashboard/node_modules/@uppy/thumbnail-generator": {
			"version": "1.7.11",
			"resolved": "https://registry.npmjs.org/@uppy/thumbnail-generator/-/thumbnail-generator-1.7.11.tgz",
			"integrity": "sha512-qo9ZD8ByDMM6gIJ4JPN0V/dWlruYMhmYifhUvDUu0qhPAOTJAqh2hLQ+dlmUXTns8RnDorCXScreICSQ09FuLQ==",
			"dependencies": {
				"@uppy/utils": "^3.6.2",
				"exifr": "^6.0.0",
				"math-log2": "^1.0.1"
			},
			"peerDependencies": {
				"@uppy/core": "^1.0.0"
			}
		},
		"node_modules/@uppy/dashboard/node_modules/@uppy/utils": {
			"version": "3.6.2",
			"resolved": "https://registry.npmjs.org/@uppy/utils/-/utils-3.6.2.tgz",
			"integrity": "sha512-wGTZma7eywIojfuE1vXlT0fxPSpmCRMkfgFWYc+6TL2FfGqWInmePoB+yal6/M2AnjeKHz6XYMhIpZkjOxFvcw==",
			"dependencies": {
				"abortcontroller-polyfill": "^1.4.0",
				"lodash.throttle": "^4.1.1"
			}
		},
		"node_modules/@uppy/dashboard/node_modules/abortcontroller-polyfill": {
			"version": "1.7.3",
			"resolved": "https://registry.npmjs.org/abortcontroller-polyfill/-/abortcontroller-polyfill-1.7.3.tgz",
			"integrity": "sha512-zetDJxd89y3X99Kvo4qFx8GKlt6GsvN3UcRZHwU6iFA/0KiOmhkTVhe8oRoTBiTVPZu09x3vCra47+w8Yz1+2Q=="
		},
		"node_modules/@uppy/dashboard/node_modules/classnames": {
			"version": "2.3.1",
			"resolved": "https://registry.npmjs.org/classnames/-/classnames-2.3.1.tgz",
			"integrity": "sha512-OlQdbZ7gLfGarSqxesMesDa5uz7KFbID8Kpq/SxIoNGDqY8lSYs0D+hhtBXhcdB3rcbXArFr7vlHheLk1voeNA=="
		},
		"node_modules/@uppy/dashboard/node_modules/cuid": {
			"version": "2.1.8",
			"resolved": "https://registry.npmjs.org/cuid/-/cuid-2.1.8.tgz",
			"integrity": "sha512-xiEMER6E7TlTPnDxrM4eRiC6TRgjNX9xzEZ5U/Se2YJKr7Mq4pJn/2XEHjl3STcSh96GmkHPcBXLES8M29wyyg=="
		},
		"node_modules/@uppy/dashboard/node_modules/exifr": {
			"version": "6.3.0",
			"resolved": "https://registry.npmjs.org/exifr/-/exifr-6.3.0.tgz",
			"integrity": "sha512-NCSOP15py+4QyvD90etFN0QOVj12ygVE8kfEDG8GDc+SXf9YAOxua2x5kGp6WvxbGjufA5C3r/1ZKHOpHbEWFg=="
		},
		"node_modules/@uppy/dashboard/node_modules/is-shallow-equal": {
			"version": "1.0.1",
			"resolved": "https://registry.npmjs.org/is-shallow-equal/-/is-shallow-equal-1.0.1.tgz",
			"integrity": "sha512-lq5RvK+85Hs5J3p4oA4256M1FEffzmI533ikeDHvJd42nouRRx5wBzt36JuviiGe5dIPyHON/d0/Up+PBo6XkQ=="
		},
		"node_modules/@uppy/dashboard/node_modules/lodash.debounce": {
			"version": "4.0.8",
			"resolved": "https://registry.npmjs.org/lodash.debounce/-/lodash.debounce-4.0.8.tgz",
			"integrity": "sha1-gteb/zCmfEAF/9XiUVMArZyk168="
		},
		"node_modules/@uppy/dashboard/node_modules/lodash.throttle": {
			"version": "4.1.1",
			"resolved": "https://registry.npmjs.org/lodash.throttle/-/lodash.throttle-4.1.1.tgz",
			"integrity": "sha1-wj6RtxAkKscMN/HhzaknTMOb8vQ="
		},
		"node_modules/@uppy/dashboard/node_modules/math-log2": {
			"version": "1.0.1",
			"resolved": "https://registry.npmjs.org/math-log2/-/math-log2-1.0.1.tgz",
			"integrity": "sha1-+4lBvl9evol55xjmJzsXjlhpRWU=",
			"engines": {
				"node": ">=0.10.0"
			}
		},
		"node_modules/@uppy/dashboard/node_modules/memoize-one": {
			"version": "5.2.1",
			"resolved": "https://registry.npmjs.org/memoize-one/-/memoize-one-5.2.1.tgz",
			"integrity": "sha512-zYiwtZUcYyXKo/np96AGZAckk+FWWsUdJ3cHGGmld7+AhvcWmQyGCYUh1hc4Q/pkOhb65dQR/pqCyK0cOaHz4Q=="
		},
		"node_modules/@uppy/dashboard/node_modules/preact": {
			"version": "8.2.9",
			"resolved": "https://registry.npmjs.org/preact/-/preact-8.2.9.tgz",
			"integrity": "sha512-ThuGXBmJS3VsT+jIP+eQufD3L8pRw/PY3FoCys6O9Pu6aF12Pn9zAJDX99TfwRAFOCEKm/P0lwiPTbqKMJp0fA==",
			"hasInstallScript": true
		},
		"node_modules/@uppy/dashboard/node_modules/resize-observer-polyfill": {
			"version": "1.5.1",
			"resolved": "https://registry.npmjs.org/resize-observer-polyfill/-/resize-observer-polyfill-1.5.1.tgz",
			"integrity": "sha512-LwZrotdHOo12nQuZlHEmtuXdqGoOD0OhaxopaNFxWzInpEgaLWoVuAMbTzixuosCx2nEG58ngzW3vxdWoxIgdg=="
		},
		"node_modules/@uppy/react": {
			"version": "1.11.8",
			"resolved": "https://registry.npmjs.org/@uppy/react/-/react-1.11.8.tgz",
			"integrity": "sha512-DxLx8f+R+jFfnEIrBZWTNDf/bREcRXhDSs30vS7Zuc/okEk/Y25bVc4bPIiMdG82TzGFAmuFiGsTSldpJyXaiw==",
			"dependencies": {
				"@uppy/dashboard": "^1.19.1",
				"@uppy/drag-drop": "^1.4.27",
				"@uppy/file-input": "^1.4.25",
				"@uppy/progress-bar": "^1.3.27",
				"@uppy/status-bar": "^1.9.3",
				"@uppy/utils": "^3.5.0",
				"prop-types": "^15.6.1"
			},
			"peerDependencies": {
				"@uppy/core": "^1.0.0",
				"react": "^16.0.0 || ^17.0.0"
			}
		},
		"node_modules/@uppy/react/node_modules/@transloadit/prettier-bytes": {
			"version": "0.0.7",
			"resolved": "https://registry.npmjs.org/@transloadit/prettier-bytes/-/prettier-bytes-0.0.7.tgz",
			"integrity": "sha512-VeJbUb0wEKbcwaSlj5n+LscBl9IPgLPkHVGBkh00cztv6X4L/TJXK58LzFuBKX7/GAfiGhIwH67YTLTlzvIzBA=="
		},
		"node_modules/@uppy/react/node_modules/@uppy/drag-drop": {
			"version": "1.4.27",
			"resolved": "https://registry.npmjs.org/@uppy/drag-drop/-/drag-drop-1.4.27.tgz",
			"integrity": "sha512-zvB29dv6v6fd37qV3+E6ZfTjVn6DYPgOO47ci92DYGZFdFkxj+/MSJg6vvG+1cj5ycSnBsM6SsOHHnk+41FF/w==",
			"dependencies": {
				"@uppy/utils": "^3.5.0",
				"preact": "8.2.9"
			},
			"peerDependencies": {
				"@uppy/core": "^1.0.0"
			}
		},
		"node_modules/@uppy/react/node_modules/@uppy/file-input": {
			"version": "1.4.25",
			"resolved": "https://registry.npmjs.org/@uppy/file-input/-/file-input-1.4.25.tgz",
			"integrity": "sha512-O6eMOFjEOzCO6EwUfugSxUisEVboY6fdHeX1dzUOR2FPn1i3RkRxNoY9vconr+0p4UNX+Q5ydveRpwoz0WeI4w==",
			"dependencies": {
				"@uppy/utils": "^3.5.0",
				"preact": "8.2.9"
			},
			"peerDependencies": {
				"@uppy/core": "^1.0.0"
			}
		},
		"node_modules/@uppy/react/node_modules/@uppy/progress-bar": {
			"version": "1.3.27",
			"resolved": "https://registry.npmjs.org/@uppy/progress-bar/-/progress-bar-1.3.27.tgz",
			"integrity": "sha512-odW3vQSQmR7cHkMkCz6qOk/6WJW0Lb9l4o3PbasJAdGnJuFL33Om69o1MoZ4hYVl4M+GFW+lymxbCilEEgqEIA==",
			"dependencies": {
				"@uppy/utils": "^3.5.0",
				"preact": "8.2.9"
			},
			"peerDependencies": {
				"@uppy/core": "^1.0.0"
			}
		},
		"node_modules/@uppy/react/node_modules/@uppy/status-bar": {
			"version": "1.9.3",
			"resolved": "https://registry.npmjs.org/@uppy/status-bar/-/status-bar-1.9.3.tgz",
			"integrity": "sha512-U90dlaJLr+uWtWdFTaDJBiXg7e+Uw9EjNdCVsBgPdVpoXjcgEffJO0Y4Ee3gB1C9Zu3+ybfsP0cpUq7mutUeVg==",
			"dependencies": {
				"@transloadit/prettier-bytes": "0.0.7",
				"@uppy/utils": "^3.5.0",
				"classnames": "^2.2.6",
				"lodash.throttle": "^4.1.1",
				"preact": "8.2.9"
			},
			"peerDependencies": {
				"@uppy/core": "^1.0.0"
			}
		},
		"node_modules/@uppy/react/node_modules/@uppy/utils": {
			"version": "3.5.0",
			"resolved": "https://registry.npmjs.org/@uppy/utils/-/utils-3.5.0.tgz",
			"integrity": "sha512-Hhe8e/ArclSascuRjpwWtiEqAcykh9Qb/tZrA6cw+L4QjoYhxaxnOZOQoPG8LOz+zZS/DgQyF7IjWp+oiHDzag==",
			"dependencies": {
				"abortcontroller-polyfill": "^1.4.0",
				"lodash.throttle": "^4.1.1"
			}
		},
		"node_modules/@uppy/react/node_modules/abortcontroller-polyfill": {
			"version": "1.7.3",
			"resolved": "https://registry.npmjs.org/abortcontroller-polyfill/-/abortcontroller-polyfill-1.7.3.tgz",
			"integrity": "sha512-zetDJxd89y3X99Kvo4qFx8GKlt6GsvN3UcRZHwU6iFA/0KiOmhkTVhe8oRoTBiTVPZu09x3vCra47+w8Yz1+2Q=="
		},
		"node_modules/@uppy/react/node_modules/classnames": {
			"version": "2.3.1",
			"resolved": "https://registry.npmjs.org/classnames/-/classnames-2.3.1.tgz",
			"integrity": "sha512-OlQdbZ7gLfGarSqxesMesDa5uz7KFbID8Kpq/SxIoNGDqY8lSYs0D+hhtBXhcdB3rcbXArFr7vlHheLk1voeNA=="
		},
		"node_modules/@uppy/react/node_modules/js-tokens": {
			"version": "4.0.0",
			"resolved": "https://registry.npmjs.org/js-tokens/-/js-tokens-4.0.0.tgz",
			"integrity": "sha512-RdJUflcE3cUzKiMqQgsCu06FPu9UdIJO0beYbPhHN4k6apgJtifcoCtT9bcxOpYBtpD2kCM6Sbzg4CausW/PKQ=="
		},
		"node_modules/@uppy/react/node_modules/lodash.throttle": {
			"version": "4.1.1",
			"resolved": "https://registry.npmjs.org/lodash.throttle/-/lodash.throttle-4.1.1.tgz",
			"integrity": "sha1-wj6RtxAkKscMN/HhzaknTMOb8vQ="
		},
		"node_modules/@uppy/react/node_modules/loose-envify": {
			"version": "1.4.0",
			"resolved": "https://registry.npmjs.org/loose-envify/-/loose-envify-1.4.0.tgz",
			"integrity": "sha512-lyuxPGr/Wfhrlem2CL/UcnUc1zcqKAImBDzukY7Y5F/yQiNdko6+fRLevlw1HgMySw7f611UIY408EtxRSoK3Q==",
			"dependencies": {
				"js-tokens": "^3.0.0 || ^4.0.0"
			},
			"bin": {
				"loose-envify": "cli.js"
			}
		},
		"node_modules/@uppy/react/node_modules/object-assign": {
			"version": "4.1.1",
			"resolved": "https://registry.npmjs.org/object-assign/-/object-assign-4.1.1.tgz",
			"integrity": "sha1-IQmtx5ZYh8/AXLvUQsrIv7s2CGM=",
			"engines": {
				"node": ">=0.10.0"
			}
		},
		"node_modules/@uppy/react/node_modules/preact": {
			"version": "8.2.9",
			"resolved": "https://registry.npmjs.org/preact/-/preact-8.2.9.tgz",
			"integrity": "sha512-ThuGXBmJS3VsT+jIP+eQufD3L8pRw/PY3FoCys6O9Pu6aF12Pn9zAJDX99TfwRAFOCEKm/P0lwiPTbqKMJp0fA==",
			"hasInstallScript": true
		},
		"node_modules/@uppy/react/node_modules/prop-types": {
			"version": "15.7.2",
			"resolved": "https://registry.npmjs.org/prop-types/-/prop-types-15.7.2.tgz",
			"integrity": "sha512-8QQikdH7//R2vurIJSutZ1smHYTcLpRWEOlHnzcWHmBYrOGUysKwSsrC89BCiFj3CbrfJ/nXFdJepOVrY1GCHQ==",
			"dependencies": {
				"loose-envify": "^1.4.0",
				"object-assign": "^4.1.1",
				"react-is": "^16.8.1"
			}
		},
		"node_modules/@uppy/react/node_modules/react-is": {
			"version": "16.13.1",
			"resolved": "https://registry.npmjs.org/react-is/-/react-is-16.13.1.tgz",
			"integrity": "sha512-24e6ynE2H+OKt4kqsOvNd8kBpV65zoxbA4BVsEOB3ARVWQki/DHzaUoC5KuON/BiccDaCCTZBuOcfZs70kR8bQ=="
		},
		"node_modules/react": {
			"version": "16.14.0",
			"resolved": "https://registry.npmjs.org/react/-/react-16.14.0.tgz",
			"integrity": "sha512-0X2CImDkJGApiAlcf0ODKIneSwBPhqJawOa5wCtKbu7ZECrmS26NvtSILynQ66cgkT/RJ4LidJOc3bUESwmU8g==",
			"peer": true,
			"dependencies": {
				"loose-envify": "^1.1.0",
				"object-assign": "^4.1.1",
				"prop-types": "^15.6.2"
			},
			"engines": {
				"node": ">=0.10.0"
			}
		},
		"node_modules/react-dom": {
			"version": "16.14.0",
			"resolved": "https://registry.npmjs.org/react-dom/-/react-dom-16.14.0.tgz",
			"integrity": "sha512-1gCeQXDLoIqMgqD3IO2Ah9bnf0w9kzhwN5q4FGnHZ67hBm9yePzB5JJAIQCc8x3pFnNlwFq4RidZggNAAkzWWw==",
			"peer": true,
			"dependencies": {
				"loose-envify": "^1.1.0",
				"object-assign": "^4.1.1",
				"prop-types": "^15.6.2",
				"scheduler": "^0.19.1"
			},
			"peerDependencies": {
				"react": "^16.14.0"
			}
		},
		"node_modules/react-dom/node_modules/js-tokens": {
			"version": "4.0.0",
			"resolved": "https://registry.npmjs.org/js-tokens/-/js-tokens-4.0.0.tgz",
			"integrity": "sha512-RdJUflcE3cUzKiMqQgsCu06FPu9UdIJO0beYbPhHN4k6apgJtifcoCtT9bcxOpYBtpD2kCM6Sbzg4CausW/PKQ==",
			"peer": true
		},
		"node_modules/react-dom/node_modules/loose-envify": {
			"version": "1.4.0",
			"resolved": "https://registry.npmjs.org/loose-envify/-/loose-envify-1.4.0.tgz",
			"integrity": "sha512-lyuxPGr/Wfhrlem2CL/UcnUc1zcqKAImBDzukY7Y5F/yQiNdko6+fRLevlw1HgMySw7f611UIY408EtxRSoK3Q==",
			"peer": true,
			"dependencies": {
				"js-tokens": "^3.0.0 || ^4.0.0"
			},
			"bin": {
				"loose-envify": "cli.js"
			}
		},
		"node_modules/react-dom/node_modules/object-assign": {
			"version": "4.1.1",
			"resolved": "https://registry.npmjs.org/object-assign/-/object-assign-4.1.1.tgz",
			"integrity": "sha1-IQmtx5ZYh8/AXLvUQsrIv7s2CGM=",
			"peer": true,
			"engines": {
				"node": ">=0.10.0"
			}
		},
		"node_modules/react-dom/node_modules/prop-types": {
			"version": "15.7.2",
			"resolved": "https://registry.npmjs.org/prop-types/-/prop-types-15.7.2.tgz",
			"integrity": "sha512-8QQikdH7//R2vurIJSutZ1smHYTcLpRWEOlHnzcWHmBYrOGUysKwSsrC89BCiFj3CbrfJ/nXFdJepOVrY1GCHQ==",
			"peer": true,
			"dependencies": {
				"loose-envify": "^1.4.0",
				"object-assign": "^4.1.1",
				"react-is": "^16.8.1"
			}
		},
		"node_modules/react-dom/node_modules/react-is": {
			"version": "16.13.1",
			"resolved": "https://registry.npmjs.org/react-is/-/react-is-16.13.1.tgz",
			"integrity": "sha512-24e6ynE2H+OKt4kqsOvNd8kBpV65zoxbA4BVsEOB3ARVWQki/DHzaUoC5KuON/BiccDaCCTZBuOcfZs70kR8bQ==",
			"peer": true
		},
		"node_modules/react-dom/node_modules/scheduler": {
			"version": "0.19.1",
			"resolved": "https://registry.npmjs.org/scheduler/-/scheduler-0.19.1.tgz",
			"integrity": "sha512-n/zwRWRYSUj0/3g/otKDRPMh6qv2SYMWNq85IEa8iZyAv8od9zDYpGSnpBEjNgcMNq6Scbu5KfIPxNF72R/2EA==",
			"peer": true,
			"dependencies": {
				"loose-envify": "^1.1.0",
				"object-assign": "^4.1.1"
			}
		},
		"node_modules/react/node_modules/js-tokens": {
			"version": "4.0.0",
			"resolved": "https://registry.npmjs.org/js-tokens/-/js-tokens-4.0.0.tgz",
			"integrity": "sha512-RdJUflcE3cUzKiMqQgsCu06FPu9UdIJO0beYbPhHN4k6apgJtifcoCtT9bcxOpYBtpD2kCM6Sbzg4CausW/PKQ==",
			"peer": true
		},
		"node_modules/react/node_modules/loose-envify": {
			"version": "1.4.0",
			"resolved": "https://registry.npmjs.org/loose-envify/-/loose-envify-1.4.0.tgz",
			"integrity": "sha512-lyuxPGr/Wfhrlem2CL/UcnUc1zcqKAImBDzukY7Y5F/yQiNdko6+fRLevlw1HgMySw7f611UIY408EtxRSoK3Q==",
			"peer": true,
			"dependencies": {
				"js-tokens": "^3.0.0 || ^4.0.0"
			},
			"bin": {
				"loose-envify": "cli.js"
			}
		},
		"node_modules/react/node_modules/object-assign": {
			"version": "4.1.1",
			"resolved": "https://registry.npmjs.org/object-assign/-/object-assign-4.1.1.tgz",
			"integrity": "sha1-IQmtx5ZYh8/AXLvUQsrIv7s2CGM=",
			"peer": true,
			"engines": {
				"node": ">=0.10.0"
			}
		},
		"node_modules/react/node_modules/prop-types": {
			"version": "15.7.2",
			"resolved": "https://registry.npmjs.org/prop-types/-/prop-types-15.7.2.tgz",
			"integrity": "sha512-8QQikdH7//R2vurIJSutZ1smHYTcLpRWEOlHnzcWHmBYrOGUysKwSsrC89BCiFj3CbrfJ/nXFdJepOVrY1GCHQ==",
			"peer": true,
			"dependencies": {
				"loose-envify": "^1.4.0",
				"object-assign": "^4.1.1",
				"react-is": "^16.8.1"
			}
		},
		"node_modules/react/node_modules/react-is": {
			"version": "16.13.1",
			"resolved": "https://registry.npmjs.org/react-is/-/react-is-16.13.1.tgz",
			"integrity": "sha512-24e6ynE2H+OKt4kqsOvNd8kBpV65zoxbA4BVsEOB3ARVWQki/DHzaUoC5KuON/BiccDaCCTZBuOcfZs70kR8bQ==",
			"peer": true
		}
	},
	"dependencies": {
		"@uppy/core": {
			"version": "1.18.1",
			"resolved": "https://registry.npmjs.org/@uppy/core/-/core-1.18.1.tgz",
			"integrity": "sha512-VK+BwjeW7++/+4qvvHsmdTrd4y37MdUHFJveMZZisMk+nyy1L8Y65qS9PV+FxChwhTg7xEJdwmqtIjDTYRZNMA==",
			"requires": {
				"@transloadit/prettier-bytes": "0.0.7",
				"@uppy/store-default": "^1.2.6",
				"@uppy/utils": "^3.5.0",
				"cuid": "^2.1.1",
				"lodash.throttle": "^4.1.1",
				"mime-match": "^1.0.2",
				"namespace-emitter": "^2.0.1",
				"preact": "8.2.9"
			},
			"dependencies": {
				"@transloadit/prettier-bytes": {
					"version": "0.0.7",
					"resolved": "https://registry.npmjs.org/@transloadit/prettier-bytes/-/prettier-bytes-0.0.7.tgz",
					"integrity": "sha512-VeJbUb0wEKbcwaSlj5n+LscBl9IPgLPkHVGBkh00cztv6X4L/TJXK58LzFuBKX7/GAfiGhIwH67YTLTlzvIzBA=="
				},
				"@uppy/store-default": {
					"version": "1.2.6",
					"resolved": "https://registry.npmjs.org/@uppy/store-default/-/store-default-1.2.6.tgz",
					"integrity": "sha512-YnWSq06iPli5LMkmC1XgNiYvaefPKiBQPD4sQ+SxR95DLymBBv5Q5cFhtxywnfB9Fs8YlVcFg/mJ4OzBbXd6nA=="
				},
				"@uppy/utils": {
					"version": "3.5.0",
					"resolved": "https://registry.npmjs.org/@uppy/utils/-/utils-3.5.0.tgz",
					"integrity": "sha512-Hhe8e/ArclSascuRjpwWtiEqAcykh9Qb/tZrA6cw+L4QjoYhxaxnOZOQoPG8LOz+zZS/DgQyF7IjWp+oiHDzag==",
					"requires": {
						"abortcontroller-polyfill": "^1.4.0",
						"lodash.throttle": "^4.1.1"
					}
				},
				"abortcontroller-polyfill": {
					"version": "1.7.3",
					"resolved": "https://registry.npmjs.org/abortcontroller-polyfill/-/abortcontroller-polyfill-1.7.3.tgz",
					"integrity": "sha512-zetDJxd89y3X99Kvo4qFx8GKlt6GsvN3UcRZHwU6iFA/0KiOmhkTVhe8oRoTBiTVPZu09x3vCra47+w8Yz1+2Q=="
				},
				"cuid": {
					"version": "2.1.8",
					"resolved": "https://registry.npmjs.org/cuid/-/cuid-2.1.8.tgz",
					"integrity": "sha512-xiEMER6E7TlTPnDxrM4eRiC6TRgjNX9xzEZ5U/Se2YJKr7Mq4pJn/2XEHjl3STcSh96GmkHPcBXLES8M29wyyg=="
				},
				"lodash.throttle": {
					"version": "4.1.1",
					"resolved": "https://registry.npmjs.org/lodash.throttle/-/lodash.throttle-4.1.1.tgz",
					"integrity": "sha1-wj6RtxAkKscMN/HhzaknTMOb8vQ="
				},
				"mime-match": {
					"version": "1.0.2",
					"resolved": "https://registry.npmjs.org/mime-match/-/mime-match-1.0.2.tgz",
					"integrity": "sha1-P4fDHprxpf1IX7nbE0Qosju7e6g=",
					"requires": {
						"wildcard": "^1.1.0"
					}
				},
				"namespace-emitter": {
					"version": "2.0.1",
					"resolved": "https://registry.npmjs.org/namespace-emitter/-/namespace-emitter-2.0.1.tgz",
					"integrity": "sha512-N/sMKHniSDJBjfrkbS/tpkPj4RAbvW3mr8UAzvlMHyun93XEm83IAvhWtJVHo+RHn/oO8Job5YN4b+wRjSVp5g=="
				},
				"preact": {
					"version": "8.2.9",
					"resolved": "https://registry.npmjs.org/preact/-/preact-8.2.9.tgz",
					"integrity": "sha512-ThuGXBmJS3VsT+jIP+eQufD3L8pRw/PY3FoCys6O9Pu6aF12Pn9zAJDX99TfwRAFOCEKm/P0lwiPTbqKMJp0fA=="
				},
				"wildcard": {
					"version": "1.1.2",
					"resolved": "https://registry.npmjs.org/wildcard/-/wildcard-1.1.2.tgz",
					"integrity": "sha1-pwIEUwhNjNLv5wup02liY94XEKU="
				}
			}
		},
		"@uppy/dashboard": {
			"version": "1.21.1",
			"resolved": "https://registry.npmjs.org/@uppy/dashboard/-/dashboard-1.21.1.tgz",
			"integrity": "sha512-psMwBVxxhAZxYkRds4e//+Sx3zkFYRnYpt4jaF4hmwpL9SehlyhQKwaB/scZz/O4yshmgTN8Sri0mYK5FSh5SQ==",
			"requires": {
				"@transloadit/prettier-bytes": "0.0.7",
				"@uppy/informer": "^1.6.6",
				"@uppy/provider-views": "^1.12.3",
				"@uppy/status-bar": "^1.9.6",
				"@uppy/thumbnail-generator": "^1.7.11",
				"@uppy/utils": "^3.6.2",
				"classnames": "^2.2.6",
				"cuid": "^2.1.1",
				"is-shallow-equal": "^1.0.1",
				"lodash.debounce": "^4.0.8",
				"lodash.throttle": "^4.1.1",
				"memoize-one": "^5.0.4",
				"preact": "8.2.9",
				"resize-observer-polyfill": "^1.5.0"
			},
			"dependencies": {
				"@transloadit/prettier-bytes": {
					"version": "0.0.7",
					"resolved": "https://registry.npmjs.org/@transloadit/prettier-bytes/-/prettier-bytes-0.0.7.tgz",
					"integrity": "sha512-VeJbUb0wEKbcwaSlj5n+LscBl9IPgLPkHVGBkh00cztv6X4L/TJXK58LzFuBKX7/GAfiGhIwH67YTLTlzvIzBA=="
				},
				"@uppy/informer": {
					"version": "1.6.6",
					"resolved": "https://registry.npmjs.org/@uppy/informer/-/informer-1.6.6.tgz",
					"integrity": "sha512-9rZoAqNrKQN/HINnGg8rGnKEliLgc+9/tQQ0f9QcBgRIu/rnbBCTwS+qnGGdjYBdEJTSbHx+U7X9ufjrrjB+CA==",
					"requires": {
						"@uppy/utils": "^3.6.2",
						"preact": "8.2.9"
					}
				},
				"@uppy/provider-views": {
					"version": "1.12.3",
					"resolved": "https://registry.npmjs.org/@uppy/provider-views/-/provider-views-1.12.3.tgz",
					"integrity": "sha512-r2kra3IftmGLeKMEgZbmQM1qXixulWUUzydgpHcZqJOpeNIjJcpspJruYRctrVqaLz/8asw87V4KxDk0U4xGzw==",
					"requires": {
						"@uppy/utils": "^3.6.2",
						"classnames": "^2.2.6",
						"preact": "8.2.9"
					}
				},
				"@uppy/status-bar": {
					"version": "1.9.6",
					"resolved": "https://registry.npmjs.org/@uppy/status-bar/-/status-bar-1.9.6.tgz",
					"integrity": "sha512-U/KPs5SwZ5d4hJFiCNAdriGHSk1Uhrl+iQmpJS8hoM+8r8rPfwScdua2/ehLuH69Ymwp6k7DpK2DU7UG2XZ+ag==",
					"requires": {
						"@transloadit/prettier-bytes": "0.0.7",
						"@uppy/utils": "^3.6.2",
						"classnames": "^2.2.6",
						"lodash.throttle": "^4.1.1",
						"preact": "8.2.9"
					}
				},
				"@uppy/thumbnail-generator": {
					"version": "1.7.11",
					"resolved": "https://registry.npmjs.org/@uppy/thumbnail-generator/-/thumbnail-generator-1.7.11.tgz",
					"integrity": "sha512-qo9ZD8ByDMM6gIJ4JPN0V/dWlruYMhmYifhUvDUu0qhPAOTJAqh2hLQ+dlmUXTns8RnDorCXScreICSQ09FuLQ==",
					"requires": {
						"@uppy/utils": "^3.6.2",
						"exifr": "^6.0.0",
						"math-log2": "^1.0.1"
					}
				},
				"@uppy/utils": {
					"version": "3.6.2",
					"resolved": "https://registry.npmjs.org/@uppy/utils/-/utils-3.6.2.tgz",
					"integrity": "sha512-wGTZma7eywIojfuE1vXlT0fxPSpmCRMkfgFWYc+6TL2FfGqWInmePoB+yal6/M2AnjeKHz6XYMhIpZkjOxFvcw==",
					"requires": {
						"abortcontroller-polyfill": "^1.4.0",
						"lodash.throttle": "^4.1.1"
					}
				},
				"abortcontroller-polyfill": {
					"version": "1.7.3",
					"resolved": "https://registry.npmjs.org/abortcontroller-polyfill/-/abortcontroller-polyfill-1.7.3.tgz",
					"integrity": "sha512-zetDJxd89y3X99Kvo4qFx8GKlt6GsvN3UcRZHwU6iFA/0KiOmhkTVhe8oRoTBiTVPZu09x3vCra47+w8Yz1+2Q=="
				},
				"classnames": {
					"version": "2.3.1",
					"resolved": "https://registry.npmjs.org/classnames/-/classnames-2.3.1.tgz",
					"integrity": "sha512-OlQdbZ7gLfGarSqxesMesDa5uz7KFbID8Kpq/SxIoNGDqY8lSYs0D+hhtBXhcdB3rcbXArFr7vlHheLk1voeNA=="
				},
				"cuid": {
					"version": "2.1.8",
					"resolved": "https://registry.npmjs.org/cuid/-/cuid-2.1.8.tgz",
					"integrity": "sha512-xiEMER6E7TlTPnDxrM4eRiC6TRgjNX9xzEZ5U/Se2YJKr7Mq4pJn/2XEHjl3STcSh96GmkHPcBXLES8M29wyyg=="
				},
				"exifr": {
					"version": "6.3.0",
					"resolved": "https://registry.npmjs.org/exifr/-/exifr-6.3.0.tgz",
					"integrity": "sha512-NCSOP15py+4QyvD90etFN0QOVj12ygVE8kfEDG8GDc+SXf9YAOxua2x5kGp6WvxbGjufA5C3r/1ZKHOpHbEWFg=="
				},
				"is-shallow-equal": {
					"version": "1.0.1",
					"resolved": "https://registry.npmjs.org/is-shallow-equal/-/is-shallow-equal-1.0.1.tgz",
					"integrity": "sha512-lq5RvK+85Hs5J3p4oA4256M1FEffzmI533ikeDHvJd42nouRRx5wBzt36JuviiGe5dIPyHON/d0/Up+PBo6XkQ=="
				},
				"lodash.debounce": {
					"version": "4.0.8",
					"resolved": "https://registry.npmjs.org/lodash.debounce/-/lodash.debounce-4.0.8.tgz",
					"integrity": "sha1-gteb/zCmfEAF/9XiUVMArZyk168="
				},
				"lodash.throttle": {
					"version": "4.1.1",
					"resolved": "https://registry.npmjs.org/lodash.throttle/-/lodash.throttle-4.1.1.tgz",
					"integrity": "sha1-wj6RtxAkKscMN/HhzaknTMOb8vQ="
				},
				"math-log2": {
					"version": "1.0.1",
					"resolved": "https://registry.npmjs.org/math-log2/-/math-log2-1.0.1.tgz",
					"integrity": "sha1-+4lBvl9evol55xjmJzsXjlhpRWU="
				},
				"memoize-one": {
					"version": "5.2.1",
					"resolved": "https://registry.npmjs.org/memoize-one/-/memoize-one-5.2.1.tgz",
					"integrity": "sha512-zYiwtZUcYyXKo/np96AGZAckk+FWWsUdJ3cHGGmld7+AhvcWmQyGCYUh1hc4Q/pkOhb65dQR/pqCyK0cOaHz4Q=="
				},
				"preact": {
					"version": "8.2.9",
					"resolved": "https://registry.npmjs.org/preact/-/preact-8.2.9.tgz",
					"integrity": "sha512-ThuGXBmJS3VsT+jIP+eQufD3L8pRw/PY3FoCys6O9Pu6aF12Pn9zAJDX99TfwRAFOCEKm/P0lwiPTbqKMJp0fA=="
				},
				"resize-observer-polyfill": {
					"version": "1.5.1",
					"resolved": "https://registry.npmjs.org/resize-observer-polyfill/-/resize-observer-polyfill-1.5.1.tgz",
					"integrity": "sha512-LwZrotdHOo12nQuZlHEmtuXdqGoOD0OhaxopaNFxWzInpEgaLWoVuAMbTzixuosCx2nEG58ngzW3vxdWoxIgdg=="
				}
			}
		},
		"@uppy/react": {
			"version": "1.11.8",
			"resolved": "https://registry.npmjs.org/@uppy/react/-/react-1.11.8.tgz",
			"integrity": "sha512-DxLx8f+R+jFfnEIrBZWTNDf/bREcRXhDSs30vS7Zuc/okEk/Y25bVc4bPIiMdG82TzGFAmuFiGsTSldpJyXaiw==",
			"requires": {
				"@uppy/dashboard": "^1.19.1",
				"@uppy/drag-drop": "^1.4.27",
				"@uppy/file-input": "^1.4.25",
				"@uppy/progress-bar": "^1.3.27",
				"@uppy/status-bar": "^1.9.3",
				"@uppy/utils": "^3.5.0",
				"prop-types": "^15.6.1"
			},
			"dependencies": {
				"@transloadit/prettier-bytes": {
					"version": "0.0.7",
					"resolved": "https://registry.npmjs.org/@transloadit/prettier-bytes/-/prettier-bytes-0.0.7.tgz",
					"integrity": "sha512-VeJbUb0wEKbcwaSlj5n+LscBl9IPgLPkHVGBkh00cztv6X4L/TJXK58LzFuBKX7/GAfiGhIwH67YTLTlzvIzBA=="
				},
				"@uppy/drag-drop": {
					"version": "1.4.27",
					"resolved": "https://registry.npmjs.org/@uppy/drag-drop/-/drag-drop-1.4.27.tgz",
					"integrity": "sha512-zvB29dv6v6fd37qV3+E6ZfTjVn6DYPgOO47ci92DYGZFdFkxj+/MSJg6vvG+1cj5ycSnBsM6SsOHHnk+41FF/w==",
					"requires": {
						"@uppy/utils": "^3.5.0",
						"preact": "8.2.9"
					}
				},
				"@uppy/file-input": {
					"version": "1.4.25",
					"resolved": "https://registry.npmjs.org/@uppy/file-input/-/file-input-1.4.25.tgz",
					"integrity": "sha512-O6eMOFjEOzCO6EwUfugSxUisEVboY6fdHeX1dzUOR2FPn1i3RkRxNoY9vconr+0p4UNX+Q5ydveRpwoz0WeI4w==",
					"requires": {
						"@uppy/utils": "^3.5.0",
						"preact": "8.2.9"
					}
				},
				"@uppy/progress-bar": {
					"version": "1.3.27",
					"resolved": "https://registry.npmjs.org/@uppy/progress-bar/-/progress-bar-1.3.27.tgz",
					"integrity": "sha512-odW3vQSQmR7cHkMkCz6qOk/6WJW0Lb9l4o3PbasJAdGnJuFL33Om69o1MoZ4hYVl4M+GFW+lymxbCilEEgqEIA==",
					"requires": {
						"@uppy/utils": "^3.5.0",
						"preact": "8.2.9"
					}
				},
				"@uppy/status-bar": {
					"version": "1.9.3",
					"resolved": "https://registry.npmjs.org/@uppy/status-bar/-/status-bar-1.9.3.tgz",
					"integrity": "sha512-U90dlaJLr+uWtWdFTaDJBiXg7e+Uw9EjNdCVsBgPdVpoXjcgEffJO0Y4Ee3gB1C9Zu3+ybfsP0cpUq7mutUeVg==",
					"requires": {
						"@transloadit/prettier-bytes": "0.0.7",
						"@uppy/utils": "^3.5.0",
						"classnames": "^2.2.6",
						"lodash.throttle": "^4.1.1",
						"preact": "8.2.9"
					}
				},
				"@uppy/utils": {
					"version": "3.5.0",
					"resolved": "https://registry.npmjs.org/@uppy/utils/-/utils-3.5.0.tgz",
					"integrity": "sha512-Hhe8e/ArclSascuRjpwWtiEqAcykh9Qb/tZrA6cw+L4QjoYhxaxnOZOQoPG8LOz+zZS/DgQyF7IjWp+oiHDzag==",
					"requires": {
						"abortcontroller-polyfill": "^1.4.0",
						"lodash.throttle": "^4.1.1"
					}
				},
				"abortcontroller-polyfill": {
					"version": "1.7.3",
					"resolved": "https://registry.npmjs.org/abortcontroller-polyfill/-/abortcontroller-polyfill-1.7.3.tgz",
					"integrity": "sha512-zetDJxd89y3X99Kvo4qFx8GKlt6GsvN3UcRZHwU6iFA/0KiOmhkTVhe8oRoTBiTVPZu09x3vCra47+w8Yz1+2Q=="
				},
				"classnames": {
					"version": "2.3.1",
					"resolved": "https://registry.npmjs.org/classnames/-/classnames-2.3.1.tgz",
					"integrity": "sha512-OlQdbZ7gLfGarSqxesMesDa5uz7KFbID8Kpq/SxIoNGDqY8lSYs0D+hhtBXhcdB3rcbXArFr7vlHheLk1voeNA=="
				},
				"js-tokens": {
					"version": "4.0.0",
					"resolved": "https://registry.npmjs.org/js-tokens/-/js-tokens-4.0.0.tgz",
					"integrity": "sha512-RdJUflcE3cUzKiMqQgsCu06FPu9UdIJO0beYbPhHN4k6apgJtifcoCtT9bcxOpYBtpD2kCM6Sbzg4CausW/PKQ=="
				},
				"lodash.throttle": {
					"version": "4.1.1",
					"resolved": "https://registry.npmjs.org/lodash.throttle/-/lodash.throttle-4.1.1.tgz",
					"integrity": "sha1-wj6RtxAkKscMN/HhzaknTMOb8vQ="
				},
				"loose-envify": {
					"version": "1.4.0",
					"resolved": "https://registry.npmjs.org/loose-envify/-/loose-envify-1.4.0.tgz",
					"integrity": "sha512-lyuxPGr/Wfhrlem2CL/UcnUc1zcqKAImBDzukY7Y5F/yQiNdko6+fRLevlw1HgMySw7f611UIY408EtxRSoK3Q==",
					"requires": {
						"js-tokens": "^3.0.0 || ^4.0.0"
					}
				},
				"object-assign": {
					"version": "4.1.1",
					"resolved": "https://registry.npmjs.org/object-assign/-/object-assign-4.1.1.tgz",
					"integrity": "sha1-IQmtx5ZYh8/AXLvUQsrIv7s2CGM="
				},
				"preact": {
					"version": "8.2.9",
					"resolved": "https://registry.npmjs.org/preact/-/preact-8.2.9.tgz",
					"integrity": "sha512-ThuGXBmJS3VsT+jIP+eQufD3L8pRw/PY3FoCys6O9Pu6aF12Pn9zAJDX99TfwRAFOCEKm/P0lwiPTbqKMJp0fA=="
				},
				"prop-types": {
					"version": "15.7.2",
					"resolved": "https://registry.npmjs.org/prop-types/-/prop-types-15.7.2.tgz",
					"integrity": "sha512-8QQikdH7//R2vurIJSutZ1smHYTcLpRWEOlHnzcWHmBYrOGUysKwSsrC89BCiFj3CbrfJ/nXFdJepOVrY1GCHQ==",
					"requires": {
						"loose-envify": "^1.4.0",
						"object-assign": "^4.1.1",
						"react-is": "^16.8.1"
					}
				},
				"react-is": {
					"version": "16.13.1",
					"resolved": "https://registry.npmjs.org/react-is/-/react-is-16.13.1.tgz",
					"integrity": "sha512-24e6ynE2H+OKt4kqsOvNd8kBpV65zoxbA4BVsEOB3ARVWQki/DHzaUoC5KuON/BiccDaCCTZBuOcfZs70kR8bQ=="
				}
			}
		},
		"react": {
			"version": "16.14.0",
			"resolved": "https://registry.npmjs.org/react/-/react-16.14.0.tgz",
			"integrity": "sha512-0X2CImDkJGApiAlcf0ODKIneSwBPhqJawOa5wCtKbu7ZECrmS26NvtSILynQ66cgkT/RJ4LidJOc3bUESwmU8g==",
			"peer": true,
			"requires": {
				"loose-envify": "^1.1.0",
				"object-assign": "^4.1.1",
				"prop-types": "^15.6.2"
			},
			"dependencies": {
				"js-tokens": {
					"version": "4.0.0",
					"resolved": "https://registry.npmjs.org/js-tokens/-/js-tokens-4.0.0.tgz",
					"integrity": "sha512-RdJUflcE3cUzKiMqQgsCu06FPu9UdIJO0beYbPhHN4k6apgJtifcoCtT9bcxOpYBtpD2kCM6Sbzg4CausW/PKQ==",
					"peer": true
				},
				"loose-envify": {
					"version": "1.4.0",
					"resolved": "https://registry.npmjs.org/loose-envify/-/loose-envify-1.4.0.tgz",
					"integrity": "sha512-lyuxPGr/Wfhrlem2CL/UcnUc1zcqKAImBDzukY7Y5F/yQiNdko6+fRLevlw1HgMySw7f611UIY408EtxRSoK3Q==",
					"peer": true,
					"requires": {
						"js-tokens": "^3.0.0 || ^4.0.0"
					}
				},
				"object-assign": {
					"version": "4.1.1",
					"resolved": "https://registry.npmjs.org/object-assign/-/object-assign-4.1.1.tgz",
					"integrity": "sha1-IQmtx5ZYh8/AXLvUQsrIv7s2CGM=",
					"peer": true
				},
				"prop-types": {
					"version": "15.7.2",
					"resolved": "https://registry.npmjs.org/prop-types/-/prop-types-15.7.2.tgz",
					"integrity": "sha512-8QQikdH7//R2vurIJSutZ1smHYTcLpRWEOlHnzcWHmBYrOGUysKwSsrC89BCiFj3CbrfJ/nXFdJepOVrY1GCHQ==",
					"peer": true,
					"requires": {
						"loose-envify": "^1.4.0",
						"object-assign": "^4.1.1",
						"react-is": "^16.8.1"
					}
				},
				"react-is": {
					"version": "16.13.1",
					"resolved": "https://registry.npmjs.org/react-is/-/react-is-16.13.1.tgz",
					"integrity": "sha512-24e6ynE2H+OKt4kqsOvNd8kBpV65zoxbA4BVsEOB3ARVWQki/DHzaUoC5KuON/BiccDaCCTZBuOcfZs70kR8bQ==",
					"peer": true
				}
			}
		},
		"react-dom": {
			"version": "16.14.0",
			"resolved": "https://registry.npmjs.org/react-dom/-/react-dom-16.14.0.tgz",
			"integrity": "sha512-1gCeQXDLoIqMgqD3IO2Ah9bnf0w9kzhwN5q4FGnHZ67hBm9yePzB5JJAIQCc8x3pFnNlwFq4RidZggNAAkzWWw==",
			"peer": true,
			"requires": {
				"loose-envify": "^1.1.0",
				"object-assign": "^4.1.1",
				"prop-types": "^15.6.2",
				"scheduler": "^0.19.1"
			},
			"dependencies": {
				"js-tokens": {
					"version": "4.0.0",
					"resolved": "https://registry.npmjs.org/js-tokens/-/js-tokens-4.0.0.tgz",
					"integrity": "sha512-RdJUflcE3cUzKiMqQgsCu06FPu9UdIJO0beYbPhHN4k6apgJtifcoCtT9bcxOpYBtpD2kCM6Sbzg4CausW/PKQ==",
					"peer": true
				},
				"loose-envify": {
					"version": "1.4.0",
					"resolved": "https://registry.npmjs.org/loose-envify/-/loose-envify-1.4.0.tgz",
					"integrity": "sha512-lyuxPGr/Wfhrlem2CL/UcnUc1zcqKAImBDzukY7Y5F/yQiNdko6+fRLevlw1HgMySw7f611UIY408EtxRSoK3Q==",
					"peer": true,
					"requires": {
						"js-tokens": "^3.0.0 || ^4.0.0"
					}
				},
				"object-assign": {
					"version": "4.1.1",
					"resolved": "https://registry.npmjs.org/object-assign/-/object-assign-4.1.1.tgz",
					"integrity": "sha1-IQmtx5ZYh8/AXLvUQsrIv7s2CGM=",
					"peer": true
				},
				"prop-types": {
					"version": "15.7.2",
					"resolved": "https://registry.npmjs.org/prop-types/-/prop-types-15.7.2.tgz",
					"integrity": "sha512-8QQikdH7//R2vurIJSutZ1smHYTcLpRWEOlHnzcWHmBYrOGUysKwSsrC89BCiFj3CbrfJ/nXFdJepOVrY1GCHQ==",
					"peer": true,
					"requires": {
						"loose-envify": "^1.4.0",
						"object-assign": "^4.1.1",
						"react-is": "^16.8.1"
					}
				},
				"react-is": {
					"version": "16.13.1",
					"resolved": "https://registry.npmjs.org/react-is/-/react-is-16.13.1.tgz",
					"integrity": "sha512-24e6ynE2H+OKt4kqsOvNd8kBpV65zoxbA4BVsEOB3ARVWQki/DHzaUoC5KuON/BiccDaCCTZBuOcfZs70kR8bQ==",
					"peer": true
				},
				"scheduler": {
					"version": "0.19.1",
					"resolved": "https://registry.npmjs.org/scheduler/-/scheduler-0.19.1.tgz",
					"integrity": "sha512-n/zwRWRYSUj0/3g/otKDRPMh6qv2SYMWNq85IEa8iZyAv8od9zDYpGSnpBEjNgcMNq6Scbu5KfIPxNF72R/2EA==",
					"peer": true,
					"requires": {
						"loose-envify": "^1.1.0",
						"object-assign": "^4.1.1"
					}
				}
			}
		}
	}
}
