{
	"name": "@panneau/form-preview",
	"version": "0.6.64-alpha.0",
	"lockfileVersion": 1,
	"requires": true,
	"dependencies": {
		"@babel/runtime": {
			"version": "7.9.2",
			"resolved": "https://registry.npmjs.org/@babel/runtime/-/runtime-7.9.2.tgz",
			"integrity": "sha512-NE2DtOdufG7R5vnfQUTehdTfNycfUANEtCa9PssN9O/xmTzP4E08UI797ixaei6hBEVL9BI/PsdJS5x7mWoB9Q==",
			"requires": {
				"regenerator-runtime": "0.13.5"
			}
		},
		"@formatjs/intl-displaynames": {
			"version": "1.2.2",
			"resolved": "https://registry.npmjs.org/@formatjs/intl-displaynames/-/intl-displaynames-1.2.2.tgz",
			"integrity": "sha512-qwYxEWJEIplshOMWyLGl2g0d9g/25oQm8GWWCRcagHhv4YIfSJM5+GCTYNJiQImm10pKfEhoV5ezDs0Pr/8CRA==",
			"requires": {
				"@formatjs/intl-utils": "2.2.0"
			}
		},
		"@formatjs/intl-listformat": {
			"version": "1.4.2",
			"resolved": "https://registry.npmjs.org/@formatjs/intl-listformat/-/intl-listformat-1.4.2.tgz",
			"integrity": "sha512-e4ooLDRkNpwlswXLTuSB34catJSWqnYVITBQl+rOLLAdIqVxowqX5ngWCAhaXGIMs58ohaZMor5ikJpUbPhgTA==",
			"requires": {
				"@formatjs/intl-utils": "2.2.0"
			}
		},
		"@formatjs/intl-relativetimeformat": {
			"version": "4.5.10",
			"resolved": "https://registry.npmjs.org/@formatjs/intl-relativetimeformat/-/intl-relativetimeformat-4.5.10.tgz",
			"integrity": "sha512-lQXqwywTcWL88VV+6RC1xShZjH0ry4/TEQHKGcTF3ObJp2P61EHIu8UftYgFfDqRDSV9/yQBiyStaBZWbHNlzg==",
			"requires": {
				"@formatjs/intl-utils": "2.2.0"
			}
		},
		"@formatjs/intl-unified-numberformat": {
			"version": "3.3.0",
			"resolved": "https://registry.npmjs.org/@formatjs/intl-unified-numberformat/-/intl-unified-numberformat-3.3.0.tgz",
			"integrity": "sha512-wLT3myYq6fUhJYUh53tt5fMok+sUqO3Jy1XeSqYTphP7MmQl38tHqAIL65Dxh7M6/QlDEQTOkMZNpQcnT0AzaQ==",
			"requires": {
				"@formatjs/intl-utils": "2.2.0"
			}
		},
		"@formatjs/intl-utils": {
			"version": "2.2.0",
			"resolved": "https://registry.npmjs.org/@formatjs/intl-utils/-/intl-utils-2.2.0.tgz",
			"integrity": "sha512-+Az7tR1av1DHZu9668D8uh9atT6vp+FFmEF8BrEssv0OqzpVjpVBGVmcgPzQP8k2PQjVlm/h2w8cTt0knn132w=="
		},
		"@types/hoist-non-react-statics": {
			"version": "3.3.1",
			"resolved": "https://registry.npmjs.org/@types/hoist-non-react-statics/-/hoist-non-react-statics-3.3.1.tgz",
			"integrity": "sha512-iMIqiko6ooLrTh1joXodJK5X9xeEALT1kM5G3ZLhD3hszxBdIEd5C75U834D9mLcINgD4OyZf5uQXjkuYydWvA==",
			"requires": {
				"@types/react": "16.9.25",
				"hoist-non-react-statics": "3.3.2"
			}
		},
		"@types/invariant": {
			"version": "2.2.31",
			"resolved": "https://registry.npmjs.org/@types/invariant/-/invariant-2.2.31.tgz",
			"integrity": "sha512-jMlgg9pIURvy9jgBHCjQp/CyBjYHUwj91etVcDdXkFl2CwTFiQlB+8tcsMeXpXf2PFE5X2pjk4Gm43hQSMHAdA=="
		},
		"@types/prop-types": {
			"version": "15.7.3",
			"resolved": "https://registry.npmjs.org/@types/prop-types/-/prop-types-15.7.3.tgz",
			"integrity": "sha512-KfRL3PuHmqQLOG+2tGpRO26Ctg+Cq1E01D2DMriKEATHgWLfeNDmq9e29Q9WIky0dQ3NPkd1mzYH8Lm936Z9qw=="
		},
		"@types/react": {
			"version": "16.9.25",
			"resolved": "https://registry.npmjs.org/@types/react/-/react-16.9.25.tgz",
			"integrity": "sha512-Dlj2V72cfYLPNscIG3/SMUOzhzj7GK3bpSrfefwt2YT9GLynvLCCZjbhyF6VsT0q0+aRACRX03TDJGb7cA0cqg==",
			"requires": {
				"@types/prop-types": "15.7.3",
				"csstype": "2.6.9"
			}
		},
		"bootstrap": {
			"version": "4.4.1",
			"resolved": "https://registry.npmjs.org/bootstrap/-/bootstrap-4.4.1.tgz",
			"integrity": "sha512-tbx5cHubwE6e2ZG7nqM3g/FZ5PQEDMWmMGNrCUBVRPHXTJaH7CBDdsLeu3eCh3B1tzAxTnAbtmrzvWEvT2NNEA==",
			"dev": true
		},
		"classnames": {
			"version": "2.2.6",
			"resolved": "https://registry.npmjs.org/classnames/-/classnames-2.2.6.tgz",
			"integrity": "sha512-JR/iSQOSt+LQIWwrwEzJ9uk0xfN3mTVYMwt1Ir5mUcSN6pU+V4zQFFaJsclJbPuAUQH+yfWef6tm7l1quW3C8Q=="
		},
		"csstype": {
			"version": "2.6.9",
			"resolved": "https://registry.npmjs.org/csstype/-/csstype-2.6.9.tgz",
			"integrity": "sha512-xz39Sb4+OaTsULgUERcCk+TJj8ylkL4aSVDQiX/ksxbELSqwkgt4d4RD7fovIdgJGSuNYqwZEiVjYY5l0ask+Q=="
		},
		"hoist-non-react-statics": {
			"version": "3.3.2",
			"resolved": "https://registry.npmjs.org/hoist-non-react-statics/-/hoist-non-react-statics-3.3.2.tgz",
			"integrity": "sha512-/gGivxi8JPKWNm/W0jSmzcMPpfpPLc3dY/6GxhX2hQ9iGj3aDfklV4ET7NjKpSinLpJ5vafa9iiGIEZg10SfBw==",
			"requires": {
				"react-is": "16.13.1"
			}
		},
		"intl-format-cache": {
			"version": "4.2.22",
			"resolved": "https://registry.npmjs.org/intl-format-cache/-/intl-format-cache-4.2.22.tgz",
			"integrity": "sha512-LFa7/3bUN5v6/QqOkcjSryPwffjnX+YiLgYQa9QJqNiHJfFgAnr0ssM/davI1FhgoW398SR36HHhm1X2Poq6NQ=="
		},
		"intl-messageformat": {
			"version": "8.2.3",
			"resolved": "https://registry.npmjs.org/intl-messageformat/-/intl-messageformat-8.2.3.tgz",
			"integrity": "sha512-hY+T2KH7sEkhMFMZQ8bi7bMlJLEkHBPzFroHixOMQB8YyDhpRp4QK37FrttWfs5ExeIcOMIhzHwRjCvPC82uiQ==",
			"requires": {
				"intl-format-cache": "4.2.22",
				"intl-messageformat-parser": "4.1.1"
			}
		},
		"intl-messageformat-parser": {
			"version": "4.1.1",
			"resolved": "https://registry.npmjs.org/intl-messageformat-parser/-/intl-messageformat-parser-4.1.1.tgz",
			"integrity": "sha512-RDmhjncV9VOKZ5nkoeeTxVy6G2kV5ZZNtewT89vj7vkr5NAPjw8/q6xYjUxdLnxNbQPcwno6zTD6j9VC0PW+Ag==",
			"requires": {
				"@formatjs/intl-unified-numberformat": "3.3.0"
			}
		},
		"js-tokens": {
			"version": "4.0.0",
			"resolved": "https://registry.npmjs.org/js-tokens/-/js-tokens-4.0.0.tgz",
			"integrity": "sha512-RdJUflcE3cUzKiMqQgsCu06FPu9UdIJO0beYbPhHN4k6apgJtifcoCtT9bcxOpYBtpD2kCM6Sbzg4CausW/PKQ=="
		},
		"lodash": {
			"version": "4.17.15",
			"resolved": "https://registry.npmjs.org/lodash/-/lodash-4.17.15.tgz",
			"integrity": "sha512-8xOcRHvCjnocdS5cpwXQXVzmmh5e5+saE2QGoeQmbKmRS6J3VQppPOIt0MnmE+4xlZoumy0GPG0D0MVIQbNA1A=="
		},
		"loose-envify": {
			"version": "1.4.0",
			"resolved": "https://registry.npmjs.org/loose-envify/-/loose-envify-1.4.0.tgz",
			"integrity": "sha512-lyuxPGr/Wfhrlem2CL/UcnUc1zcqKAImBDzukY7Y5F/yQiNdko6+fRLevlw1HgMySw7f611UIY408EtxRSoK3Q==",
			"requires": {
				"js-tokens": "4.0.0"
			}
		},
		"object-assign": {
			"version": "4.1.1",
			"resolved": "https://registry.npmjs.org/object-assign/-/object-assign-4.1.1.tgz",
			"integrity": "sha1-IQmtx5ZYh8/AXLvUQsrIv7s2CGM="
		},
		"prop-types": {
			"version": "15.7.2",
			"resolved": "https://registry.npmjs.org/prop-types/-/prop-types-15.7.2.tgz",
			"integrity": "sha512-8QQikdH7//R2vurIJSutZ1smHYTcLpRWEOlHnzcWHmBYrOGUysKwSsrC89BCiFj3CbrfJ/nXFdJepOVrY1GCHQ==",
			"requires": {
				"loose-envify": "1.4.0",
				"object-assign": "4.1.1",
				"react-is": "16.13.1"
			}
		},
		"react": {
			"version": "16.13.1",
			"resolved": "https://registry.npmjs.org/react/-/react-16.13.1.tgz",
			"integrity": "sha512-YMZQQq32xHLX0bz5Mnibv1/LHb3Sqzngu7xstSM+vrkE5Kzr9xE0yMByK5kMoTK30YVJE61WfbxIFFvfeDKT1w==",
			"dev": true,
			"requires": {
				"loose-envify": "1.4.0",
				"object-assign": "4.1.1",
				"prop-types": "15.7.2"
			}
		},
		"react-dom": {
			"version": "16.13.1",
			"resolved": "https://registry.npmjs.org/react-dom/-/react-dom-16.13.1.tgz",
			"integrity": "sha512-81PIMmVLnCNLO/fFOQxdQkvEq/+Hfpv24XNJfpyZhTRfO0QcmQIF/PgCa1zCOj2w1hrn12MFLyaJ/G0+Mxtfag==",
			"dev": true,
			"requires": {
				"loose-envify": "1.4.0",
				"object-assign": "4.1.1",
				"prop-types": "15.7.2",
				"scheduler": "0.19.1"
			}
		},
		"react-intl": {
			"version": "4.2.2",
			"resolved": "https://registry.npmjs.org/react-intl/-/react-intl-4.2.2.tgz",
			"integrity": "sha512-mwKAkH9G+4GFlIDUNhPsDE8vYHlfsR4uOWRxgJ//Huv3J0M0kY+gbVhq+O8YGhhXbF3DQbdNI8kcbsE0FsbXtw==",
			"requires": {
				"@formatjs/intl-displaynames": "1.2.2",
				"@formatjs/intl-listformat": "1.4.2",
				"@formatjs/intl-relativetimeformat": "4.5.10",
				"@formatjs/intl-unified-numberformat": "3.3.0",
				"@formatjs/intl-utils": "2.2.0",
				"@types/hoist-non-react-statics": "3.3.1",
				"@types/invariant": "2.2.31",
				"hoist-non-react-statics": "3.3.2",
				"intl-format-cache": "4.2.22",
				"intl-messageformat": "8.2.3",
				"intl-messageformat-parser": "4.1.1",
				"shallow-equal": "1.2.1"
			}
		},
		"react-is": {
			"version": "16.13.1",
			"resolved": "https://registry.npmjs.org/react-is/-/react-is-16.13.1.tgz",
			"integrity": "sha512-24e6ynE2H+OKt4kqsOvNd8kBpV65zoxbA4BVsEOB3ARVWQki/DHzaUoC5KuON/BiccDaCCTZBuOcfZs70kR8bQ=="
		},
		"react-lifecycles-compat": {
			"version": "3.0.4",
			"resolved": "https://registry.npmjs.org/react-lifecycles-compat/-/react-lifecycles-compat-3.0.4.tgz",
			"integrity": "sha512-fBASbA6LnOU9dOU2eW7aQ8xmYBSXUIWr+UmF9b1efZBazGNO+rcXT/icdKnYm2pTwcRylVUYwW7H1PHfLekVzA=="
		},
		"react-split-pane": {
			"version": "0.1.91",
			"resolved": "https://registry.npmjs.org/react-split-pane/-/react-split-pane-0.1.91.tgz",
			"integrity": "sha512-8U56HOKQGFlvXXT1PaHbijjYy2W8g0iQaHC99Q2aV4yYfvUURcRGyfPKN3scGkbYN2pvy3qyoEwHyewUmR1VbQ==",
			"requires": {
				"prop-types": "15.7.2",
				"react-lifecycles-compat": "3.0.4",
				"react-style-proptype": "3.2.2"
			}
		},
		"react-style-proptype": {
			"version": "3.2.2",
			"resolved": "https://registry.npmjs.org/react-style-proptype/-/react-style-proptype-3.2.2.tgz",
			"integrity": "sha512-ywYLSjNkxKHiZOqNlso9PZByNEY+FTyh3C+7uuziK0xFXu9xzdyfHwg4S9iyiRRoPCR4k2LqaBBsWVmSBwCWYQ==",
			"requires": {
				"prop-types": "15.7.2"
			}
		},
		"regenerator-runtime": {
			"version": "0.13.5",
			"resolved": "https://registry.npmjs.org/regenerator-runtime/-/regenerator-runtime-0.13.5.tgz",
			"integrity": "sha512-ZS5w8CpKFinUzOwW3c83oPeVXoNsrLsaCoLtJvAClH135j/R77RuymhiSErhm2lKcwSCIpmvIWSbDkIfAqKQlA=="
		},
		"scheduler": {
			"version": "0.19.1",
			"resolved": "https://registry.npmjs.org/scheduler/-/scheduler-0.19.1.tgz",
			"integrity": "sha512-n/zwRWRYSUj0/3g/otKDRPMh6qv2SYMWNq85IEa8iZyAv8od9zDYpGSnpBEjNgcMNq6Scbu5KfIPxNF72R/2EA==",
			"dev": true,
			"requires": {
				"loose-envify": "1.4.0",
				"object-assign": "4.1.1"
			}
		},
		"shallow-equal": {
			"version": "1.2.1",
			"resolved": "https://registry.npmjs.org/shallow-equal/-/shallow-equal-1.2.1.tgz",
			"integrity": "sha512-S4vJDjHHMBaiZuT9NPb616CSmLf618jawtv3sufLl6ivK8WocjAo58cXwbRV1cgqxH0Qbv+iUt6m05eqEa2IRA=="
		}
	}
}
