{
	"name": "@panneau/field",
	"version": "0.6.59",
	"lockfileVersion": 1,
	"requires": true,
	"dependencies": {
		"@babel/runtime": {
			"version": "7.5.5",
			"resolved": "https://registry.npmjs.org/@babel/runtime/-/runtime-7.5.5.tgz",
			"integrity": "sha512-28QvEGyQyNkB0/m2B4FU7IEZGK2NUrcMtT6BZEFALTguLk+AUT6ofsHtPk5QyjAdUkpMJ+/Em+quwz4HOt30AQ==",
			"requires": {
				"regenerator-runtime": "0.13.3"
			},
			"dependencies": {
				"regenerator-runtime": {
					"version": "0.13.3",
					"resolved": "https://registry.npmjs.org/regenerator-runtime/-/regenerator-runtime-0.13.3.tgz",
					"integrity": "sha512-naKIZz2GQ8JWh///G7L3X6LaQUAMp2lvb1rvwwsURe/VXwD6VMfr+/1NuNw3ag8v2kY1aQ/go5SNn79O9JU7yw=="
				}
			}
		},
		"bail": {
			"version": "1.0.4",
			"resolved": "https://registry.npmjs.org/bail/-/bail-1.0.4.tgz",
			"integrity": "sha512-S8vuDB4w6YpRhICUDET3guPlQpaJl7od94tpZ0Fvnyp+MKW/HyDTcRDck+29C9g+d/qQHnddRH3+94kZdrW0Ww=="
		},
		"bootstrap": {
			"version": "4.1.3",
			"resolved": "https://registry.npmjs.org/bootstrap/-/bootstrap-4.1.3.tgz",
			"integrity": "sha512-rDFIzgXcof0jDyjNosjv4Sno77X4KuPeFxG2XZZv1/Kc8DRVGVADdoQyyOVDwPqL36DDmtCQbrpMCqvpPLJQ0w==",
			"dev": true
		},
		"character-entities": {
			"version": "1.2.3",
			"resolved": "https://registry.npmjs.org/character-entities/-/character-entities-1.2.3.tgz",
			"integrity": "sha512-yB4oYSAa9yLcGyTbB4ItFwHw43QHdH129IJ5R+WvxOkWlyFnR5FAaBNnUq4mcxsTVZGh28bHoeTHMKXH1wZf3w=="
		},
		"character-entities-legacy": {
			"version": "1.1.3",
			"resolved": "https://registry.npmjs.org/character-entities-legacy/-/character-entities-legacy-1.1.3.tgz",
			"integrity": "sha512-YAxUpPoPwxYFsslbdKkhrGnXAtXoHNgYjlBM3WMXkWGTl5RsY3QmOyhwAgL8Nxm9l5LBThXGawxKPn68y6/fww=="
		},
		"character-reference-invalid": {
			"version": "1.1.3",
			"resolved": "https://registry.npmjs.org/character-reference-invalid/-/character-reference-invalid-1.1.3.tgz",
			"integrity": "sha512-VOq6PRzQBam/8Jm6XBGk2fNEnHXAdGd6go0rtd4weAGECBamHDwwCQSOT12TACIYUZegUXnV6xBXqUssijtxIg=="
		},
		"classnames": {
			"version": "2.2.6",
			"resolved": "https://registry.npmjs.org/classnames/-/classnames-2.2.6.tgz",
			"integrity": "sha512-JR/iSQOSt+LQIWwrwEzJ9uk0xfN3mTVYMwt1Ir5mUcSN6pU+V4zQFFaJsclJbPuAUQH+yfWef6tm7l1quW3C8Q=="
		},
		"collapse-white-space": {
			"version": "1.0.5",
			"resolved": "https://registry.npmjs.org/collapse-white-space/-/collapse-white-space-1.0.5.tgz",
			"integrity": "sha512-703bOOmytCYAX9cXYqoikYIx6twmFCXsnzRQheBcTG3nzKYBR4P/+wkYeH+Mvj7qUz8zZDtdyzbxfnEi/kYzRQ=="
		},
		"dom-helpers": {
			"version": "3.4.0",
			"resolved": "https://registry.npmjs.org/dom-helpers/-/dom-helpers-3.4.0.tgz",
			"integrity": "sha512-LnuPJ+dwqKDIyotW1VzmOZ5TONUN7CwkCR5hrgawTUbkBGYdeoNLZo6nNfGkCrjtE1nXXaj7iMMpDa8/d9WoIA==",
			"requires": {
				"@babel/runtime": "7.5.5"
			}
		},
		"extend": {
			"version": "3.0.2",
			"resolved": "https://registry.npmjs.org/extend/-/extend-3.0.2.tgz",
			"integrity": "sha512-fjquC59cD7CyW6urNXK0FBufkZcoiGG80wTuPujX590cB5Ttln20E2UB4S/WARVqhXffZl2LNgS+gQdPIIim/g=="
		},
		"fine-uploader": {
			"version": "5.16.2",
			"resolved": "https://registry.npmjs.org/fine-uploader/-/fine-uploader-5.16.2.tgz",
			"integrity": "sha1-DYeNoc0nU/gGg6wJHfXa/5/7jEQ="
		},
		"fine-uploader-wrappers": {
			"version": "1.0.1",
			"resolved": "https://registry.npmjs.org/fine-uploader-wrappers/-/fine-uploader-wrappers-1.0.1.tgz",
			"integrity": "sha1-BEqUMgdr0CrBQEhm7G4Zf8Zi/L8=",
			"requires": {
				"object-assign": "4.1.0"
			}
		},
		"hoist-non-react-statics": {
			"version": "3.3.0",
			"resolved": "https://registry.npmjs.org/hoist-non-react-statics/-/hoist-non-react-statics-3.3.0.tgz",
			"integrity": "sha512-0XsbTXxgiaCDYDIWFcwkmerZPSwywfUqYmwT4jzewKTQSWoE6FCMoUVOeBJWK3E/CrWbxRG3m5GzY4lnIwGRBA==",
			"requires": {
				"react-is": "16.9.0"
			}
		},
		"inherits": {
			"version": "2.0.4",
			"resolved": "https://registry.npmjs.org/inherits/-/inherits-2.0.4.tgz",
			"integrity": "sha512-k/vGaX4/Yla3WzyMCvTQOXYeIHvqOKtnqBduzTHpzpQZzAskKMhZ2K+EnBiSM9zGSoIFeMpXKxa4dYeZIQqewQ=="
		},
		"intl-relativeformat": {
			"version": "2.2.0",
			"resolved": "https://registry.npmjs.org/intl-relativeformat/-/intl-relativeformat-2.2.0.tgz",
			"integrity": "sha512-4bV/7kSKaPEmu6ArxXf9xjv1ny74Zkwuey8Pm01NH4zggPP7JHwg2STk8Y3JdspCKRDriwIyLRfEXnj2ZLr4Bw==",
			"requires": {
				"intl-messageformat": "2.2.0"
			},
			"dependencies": {
				"intl-messageformat": {
					"version": "2.2.0",
					"resolved": "https://registry.npmjs.org/intl-messageformat/-/intl-messageformat-2.2.0.tgz",
					"integrity": "sha1-NFvNRt5jC3aDMwwuUhd/9eq0hPw=",
					"requires": {
						"intl-messageformat-parser": "1.4.0"
					}
				},
				"intl-messageformat-parser": {
					"version": "1.4.0",
					"resolved": "https://registry.npmjs.org/intl-messageformat-parser/-/intl-messageformat-parser-1.4.0.tgz",
					"integrity": "sha1-tD1FqXRoytvkQzHXS7Ho3qRPwHU="
				}
			}
		},
		"invariant": {
			"version": "2.2.4",
			"resolved": "https://registry.npmjs.org/invariant/-/invariant-2.2.4.tgz",
			"integrity": "sha512-phJfQVBuaJM5raOpJjSfkiD6BpbCE4Ns//LaXl6wGYtUBY83nWS6Rf9tXm2e8VaK60JEjYldbPif/A2B1C2gNA==",
			"requires": {
				"loose-envify": "1.4.0"
			}
		},
		"is-alphabetical": {
			"version": "1.0.3",
			"resolved": "https://registry.npmjs.org/is-alphabetical/-/is-alphabetical-1.0.3.tgz",
			"integrity": "sha512-eEMa6MKpHFzw38eKm56iNNi6GJ7lf6aLLio7Kr23sJPAECscgRtZvOBYybejWDQ2bM949Y++61PY+udzj5QMLA=="
		},
		"is-alphanumerical": {
			"version": "1.0.3",
			"resolved": "https://registry.npmjs.org/is-alphanumerical/-/is-alphanumerical-1.0.3.tgz",
			"integrity": "sha512-A1IGAPO5AW9vSh7omxIlOGwIqEvpW/TA+DksVOPM5ODuxKlZS09+TEM1E3275lJqO2oJ38vDpeAL3DCIiHE6eA==",
			"requires": {
				"is-alphabetical": "1.0.3",
				"is-decimal": "1.0.3"
			}
		},
		"is-buffer": {
			"version": "1.1.6",
			"resolved": "https://registry.npmjs.org/is-buffer/-/is-buffer-1.1.6.tgz",
			"integrity": "sha512-NcdALwpXkTm5Zvvbk7owOUSvVvBKDgKP5/ewfXEznmQFfs4ZRmanOeKBTjRVjka3QFoN6XJ+9F3USqfHqTaU5w=="
		},
		"is-decimal": {
			"version": "1.0.3",
			"resolved": "https://registry.npmjs.org/is-decimal/-/is-decimal-1.0.3.tgz",
			"integrity": "sha512-bvLSwoDg2q6Gf+E2LEPiklHZxxiSi3XAh4Mav65mKqTfCO1HM3uBs24TjEH8iJX3bbDdLXKJXBTmGzuTUuAEjQ=="
		},
		"is-hexadecimal": {
			"version": "1.0.3",
			"resolved": "https://registry.npmjs.org/is-hexadecimal/-/is-hexadecimal-1.0.3.tgz",
			"integrity": "sha512-zxQ9//Q3D/34poZf8fiy3m3XVpbQc7ren15iKqrTtLPwkPD/t3Scy9Imp63FujULGxuK0ZlCwoo5xNpktFgbOA=="
		},
		"is-plain-obj": {
			"version": "1.1.0",
			"resolved": "https://registry.npmjs.org/is-plain-obj/-/is-plain-obj-1.1.0.tgz",
			"integrity": "sha1-caUMhCnfync8kqOQpKA7OfzVHT4="
		},
		"is-whitespace-character": {
			"version": "1.0.3",
			"resolved": "https://registry.npmjs.org/is-whitespace-character/-/is-whitespace-character-1.0.3.tgz",
			"integrity": "sha512-SNPgMLz9JzPccD3nPctcj8sZlX9DAMJSKH8bP7Z6bohCwuNgX8xbWr1eTAYXX9Vpi/aSn8Y1akL9WgM3t43YNQ=="
		},
		"is-word-character": {
			"version": "1.0.3",
			"resolved": "https://registry.npmjs.org/is-word-character/-/is-word-character-1.0.3.tgz",
			"integrity": "sha512-0wfcrFgOOOBdgRNT9H33xe6Zi6yhX/uoc4U8NBZGeQQB0ctU1dnlNTyL9JM2646bHDTpsDm1Brb3VPoCIMrd/A=="
		},
		"js-tokens": {
			"version": "4.0.0",
			"resolved": "https://registry.npmjs.org/js-tokens/-/js-tokens-4.0.0.tgz",
			"integrity": "sha512-RdJUflcE3cUzKiMqQgsCu06FPu9UdIJO0beYbPhHN4k6apgJtifcoCtT9bcxOpYBtpD2kCM6Sbzg4CausW/PKQ=="
		},
		"lodash": {
			"version": "4.17.11",
			"resolved": "https://registry.npmjs.org/lodash/-/lodash-4.17.11.tgz",
			"integrity": "sha512-cQKh8igo5QUhZ7lg38DYWAxMvjSAKG0A8wGSVimP07SIUEK2UO+arSRKbRZWtelMtN5V0Hkwh5ryOto/SshYIg=="
		},
		"loose-envify": {
			"version": "1.4.0",
			"resolved": "https://registry.npmjs.org/loose-envify/-/loose-envify-1.4.0.tgz",
			"integrity": "sha512-lyuxPGr/Wfhrlem2CL/UcnUc1zcqKAImBDzukY7Y5F/yQiNdko6+fRLevlw1HgMySw7f611UIY408EtxRSoK3Q==",
			"requires": {
				"js-tokens": "4.0.0"
			}
		},
		"markdown-escapes": {
			"version": "1.0.3",
			"resolved": "https://registry.npmjs.org/markdown-escapes/-/markdown-escapes-1.0.3.tgz",
			"integrity": "sha512-XUi5HJhhV5R74k8/0H2oCbCiYf/u4cO/rX8tnGkRvrqhsr5BRNU6Mg0yt/8UIx1iIS8220BNJsDb7XnILhLepw=="
		},
		"mdast-add-list-metadata": {
			"version": "1.0.1",
			"resolved": "https://registry.npmjs.org/mdast-add-list-metadata/-/mdast-add-list-metadata-1.0.1.tgz",
			"integrity": "sha512-fB/VP4MJ0LaRsog7hGPxgOrSL3gE/2uEdZyDuSEnKCv/8IkYHiDkIQSbChiJoHyxZZXZ9bzckyRk+vNxFzh8rA==",
			"requires": {
				"unist-util-visit-parents": "1.1.2"
			}
		},
		"moment": {
			"version": "2.24.0",
			"resolved": "https://registry.npmjs.org/moment/-/moment-2.24.0.tgz",
			"integrity": "sha512-bV7f+6l2QigeBBZSM/6yTNq4P2fNpSWj/0e7jQcy87A8e7o2nAfP/34/2ky5Vw4B9S446EtIhodAzkFCcR4dQg=="
		},
		"object-assign": {
			"version": "4.1.0",
			"resolved": "https://registry.npmjs.org/object-assign/-/object-assign-4.1.0.tgz",
			"integrity": "sha1-ejs9DpgGPUP0wD8uiubNUahog6A="
		},
		"parse-entities": {
			"version": "1.2.2",
			"resolved": "https://registry.npmjs.org/parse-entities/-/parse-entities-1.2.2.tgz",
			"integrity": "sha512-NzfpbxW/NPrzZ/yYSoQxyqUZMZXIdCfE0OIN4ESsnptHJECoUk3FZktxNuzQf4tjt5UEopnxpYJbvYuxIFDdsg==",
			"requires": {
				"character-entities": "1.2.3",
				"character-entities-legacy": "1.1.3",
				"character-reference-invalid": "1.1.3",
				"is-alphanumerical": "1.0.3",
				"is-decimal": "1.0.3",
				"is-hexadecimal": "1.0.3"
			}
		},
		"prop-types": {
			"version": "15.7.2",
			"resolved": "https://registry.npmjs.org/prop-types/-/prop-types-15.7.2.tgz",
			"integrity": "sha512-8QQikdH7//R2vurIJSutZ1smHYTcLpRWEOlHnzcWHmBYrOGUysKwSsrC89BCiFj3CbrfJ/nXFdJepOVrY1GCHQ==",
			"requires": {
				"loose-envify": "1.4.0",
				"object-assign": "4.1.1",
				"react-is": "16.9.0"
			},
			"dependencies": {
				"object-assign": {
					"version": "4.1.1",
					"resolved": "https://registry.npmjs.org/object-assign/-/object-assign-4.1.1.tgz",
					"integrity": "sha1-IQmtx5ZYh8/AXLvUQsrIv7s2CGM="
				}
			}
		},
		"react": {
			"version": "16.11.0",
			"resolved": "https://registry.npmjs.org/react/-/react-16.11.0.tgz",
			"integrity": "sha512-M5Y8yITaLmU0ynd0r1Yvfq98Rmll6q8AxaEe88c8e7LxO8fZ2cNgmFt0aGAS9wzf1Ao32NKXtCl+/tVVtkxq6g==",
			"dev": true,
			"requires": {
				"loose-envify": "1.4.0",
				"object-assign": "4.1.1",
				"prop-types": "15.7.2"
			},
			"dependencies": {
				"object-assign": {
					"version": "4.1.1",
					"resolved": "https://registry.npmjs.org/object-assign/-/object-assign-4.1.1.tgz",
					"integrity": "sha1-IQmtx5ZYh8/AXLvUQsrIv7s2CGM=",
					"dev": true
				}
			}
		},
		"react-dom": {
			"version": "16.11.0",
			"resolved": "https://registry.npmjs.org/react-dom/-/react-dom-16.11.0.tgz",
			"integrity": "sha512-nrRyIUE1e7j8PaXSPtyRKtz+2y9ubW/ghNgqKFHHAHaeP0fpF5uXR+sq8IMRHC+ZUxw7W9NyCDTBtwWxvkb0iA==",
			"dev": true,
			"requires": {
				"loose-envify": "1.4.0",
				"object-assign": "4.1.1",
				"prop-types": "15.7.2",
				"scheduler": "0.17.0"
			},
			"dependencies": {
				"object-assign": {
					"version": "4.1.1",
					"resolved": "https://registry.npmjs.org/object-assign/-/object-assign-4.1.1.tgz",
					"integrity": "sha1-IQmtx5ZYh8/AXLvUQsrIv7s2CGM=",
					"dev": true
				},
				"scheduler": {
					"version": "0.17.0",
					"resolved": "https://registry.npmjs.org/scheduler/-/scheduler-0.17.0.tgz",
					"integrity": "sha512-7rro8Io3tnCPuY4la/NuI5F2yfESpnfZyT6TtkXnSWVkcu0BCDJ+8gk5ozUaFaxpIyNuWAPXrH0yFcSi28fnDA==",
					"dev": true,
					"requires": {
						"loose-envify": "1.4.0",
						"object-assign": "4.1.1"
					}
				}
			}
		},
		"react-fine-uploader": {
			"version": "1.1.1",
			"resolved": "https://registry.npmjs.org/react-fine-uploader/-/react-fine-uploader-1.1.1.tgz",
			"integrity": "sha512-aUOZO3Wr8OynK2LyF2QMPHSe6gWSonNyk/hgo6olBRim92T/sa07pcy/sR2ljucrv9IaJC61Qb8ZGGfcs/I82A==",
			"requires": {
				"fine-uploader-wrappers": "1.0.1",
				"object-assign": "4.1.1",
				"react-transition-group": "2.5.3"
			},
			"dependencies": {
				"object-assign": {
					"version": "4.1.1",
					"resolved": "https://registry.npmjs.org/object-assign/-/object-assign-4.1.1.tgz",
					"integrity": "sha1-IQmtx5ZYh8/AXLvUQsrIv7s2CGM="
				}
			}
		},
		"react-intl": {
			"version": "2.9.0",
			"resolved": "https://registry.npmjs.org/react-intl/-/react-intl-2.9.0.tgz",
			"integrity": "sha512-27jnDlb/d2A7mSJwrbOBnUgD+rPep+abmoJE511Tf8BnoONIAUehy/U1zZCHGO17mnOwMWxqN4qC0nW11cD6rA==",
			"requires": {
				"hoist-non-react-statics": "3.3.0",
				"intl-format-cache": "2.2.9",
				"intl-messageformat": "2.2.0",
				"intl-relativeformat": "2.2.0",
				"invariant": "2.2.4"
			},
			"dependencies": {
				"intl-format-cache": {
					"version": "2.2.9",
					"resolved": "https://registry.npmjs.org/intl-format-cache/-/intl-format-cache-2.2.9.tgz",
					"integrity": "sha512-Zv/u8wRpekckv0cLkwpVdABYST4hZNTDaX7reFetrYTJwxExR2VyTqQm+l0WmL0Qo8Mjb9Tf33qnfj0T7pjxdQ=="
				},
				"intl-messageformat": {
					"version": "2.2.0",
					"resolved": "https://registry.npmjs.org/intl-messageformat/-/intl-messageformat-2.2.0.tgz",
					"integrity": "sha1-NFvNRt5jC3aDMwwuUhd/9eq0hPw=",
					"requires": {
						"intl-messageformat-parser": "1.4.0"
					}
				},
				"intl-messageformat-parser": {
					"version": "1.4.0",
					"resolved": "https://registry.npmjs.org/intl-messageformat-parser/-/intl-messageformat-parser-1.4.0.tgz",
					"integrity": "sha1-tD1FqXRoytvkQzHXS7Ho3qRPwHU="
				}
			}
		},
		"react-is": {
			"version": "16.9.0",
			"resolved": "https://registry.npmjs.org/react-is/-/react-is-16.9.0.tgz",
			"integrity": "sha512-tJBzzzIgnnRfEm046qRcURvwQnZVXmuCbscxUO5RWrGTXpon2d4c8mI0D8WE6ydVIm29JiLB6+RslkIvym9Rjw=="
		},
		"react-lifecycles-compat": {
			"version": "3.0.4",
			"resolved": "https://registry.npmjs.org/react-lifecycles-compat/-/react-lifecycles-compat-3.0.4.tgz",
			"integrity": "sha512-fBASbA6LnOU9dOU2eW7aQ8xmYBSXUIWr+UmF9b1efZBazGNO+rcXT/icdKnYm2pTwcRylVUYwW7H1PHfLekVzA=="
		},
		"react-loadable": {
			"version": "5.5.0",
			"resolved": "https://registry.npmjs.org/react-loadable/-/react-loadable-5.5.0.tgz",
			"integrity": "sha512-C8Aui0ZpMd4KokxRdVAm2bQtI03k2RMRNzOB+IipV3yxFTSVICv7WoUr5L9ALB5BmKO1iHgZtWM8EvYG83otdg==",
			"requires": {
				"prop-types": "15.7.2"
			}
		},
		"react-markdown": {
			"version": "3.6.0",
			"resolved": "https://registry.npmjs.org/react-markdown/-/react-markdown-3.6.0.tgz",
			"integrity": "sha512-TV0wQDHHPCEeKJHWXFfEAKJ8uSEsJ9LgrMERkXx05WV/3q6Ig+59KDNaTmjcoqlCpE/sH5PqqLMh4t0QWKrJ8Q==",
			"requires": {
				"mdast-add-list-metadata": "1.0.1",
				"prop-types": "15.7.2",
				"remark-parse": "5.0.0",
				"unified": "6.2.0",
				"unist-util-visit": "1.4.1",
				"xtend": "4.0.2"
			}
		},
		"react-transition-group": {
			"version": "2.5.3",
			"resolved": "https://registry.npmjs.org/react-transition-group/-/react-transition-group-2.5.3.tgz",
			"integrity": "sha512-2DGFck6h99kLNr8pOFk+z4Soq3iISydwOFeeEVPjTN6+Y01CmvbWmnN02VuTWyFdnRtIDPe+wy2q6Ui8snBPZg==",
			"requires": {
				"dom-helpers": "3.4.0",
				"loose-envify": "1.4.0",
				"prop-types": "15.7.2",
				"react-lifecycles-compat": "3.0.4"
			}
		},
		"remark-parse": {
			"version": "5.0.0",
			"resolved": "https://registry.npmjs.org/remark-parse/-/remark-parse-5.0.0.tgz",
			"integrity": "sha512-b3iXszZLH1TLoyUzrATcTQUZrwNl1rE70rVdSruJFlDaJ9z5aMkhrG43Pp68OgfHndL/ADz6V69Zow8cTQu+JA==",
			"requires": {
				"collapse-white-space": "1.0.5",
				"is-alphabetical": "1.0.3",
				"is-decimal": "1.0.3",
				"is-whitespace-character": "1.0.3",
				"is-word-character": "1.0.3",
				"markdown-escapes": "1.0.3",
				"parse-entities": "1.2.2",
				"repeat-string": "1.6.1",
				"state-toggle": "1.0.2",
				"trim": "0.0.1",
				"trim-trailing-lines": "1.1.2",
				"unherit": "1.1.2",
				"unist-util-remove-position": "1.1.4",
				"vfile-location": "2.0.6",
				"xtend": "4.0.2"
			}
		},
		"repeat-string": {
			"version": "1.6.1",
			"resolved": "https://registry.npmjs.org/repeat-string/-/repeat-string-1.6.1.tgz",
			"integrity": "sha1-jcrkcOHIirwtYA//Sndihtp15jc="
		},
		"replace-ext": {
			"version": "1.0.0",
			"resolved": "https://registry.npmjs.org/replace-ext/-/replace-ext-1.0.0.tgz",
			"integrity": "sha1-3mMSg3P8v3w8z6TeWkgMRaZ5WOs="
		},
		"state-toggle": {
			"version": "1.0.2",
			"resolved": "https://registry.npmjs.org/state-toggle/-/state-toggle-1.0.2.tgz",
			"integrity": "sha512-8LpelPGR0qQM4PnfLiplOQNJcIN1/r2Gy0xKB2zKnIW2YzPMt2sR4I/+gtPjhN7Svh9kw+zqEg2SFwpBO9iNiw=="
		},
		"trim": {
			"version": "0.0.1",
			"resolved": "https://registry.npmjs.org/trim/-/trim-0.0.1.tgz",
			"integrity": "sha1-WFhUf2spB1fulczMZm+1AITEYN0="
		},
		"trim-trailing-lines": {
			"version": "1.1.2",
			"resolved": "https://registry.npmjs.org/trim-trailing-lines/-/trim-trailing-lines-1.1.2.tgz",
			"integrity": "sha512-MUjYItdrqqj2zpcHFTkMa9WAv4JHTI6gnRQGPFLrt5L9a6tRMiDnIqYl8JBvu2d2Tc3lWJKQwlGCp0K8AvCM+Q=="
		},
		"trough": {
			"version": "1.0.4",
			"resolved": "https://registry.npmjs.org/trough/-/trough-1.0.4.tgz",
			"integrity": "sha512-tdzBRDGWcI1OpPVmChbdSKhvSVurznZ8X36AYURAcl+0o2ldlCY2XPzyXNNxwJwwyIU+rIglTCG4kxtNKBQH7Q=="
		},
		"unherit": {
			"version": "1.1.2",
			"resolved": "https://registry.npmjs.org/unherit/-/unherit-1.1.2.tgz",
			"integrity": "sha512-W3tMnpaMG7ZY6xe/moK04U9fBhi6wEiCYHUW5Mop/wQHf12+79EQGwxYejNdhEz2mkqkBlGwm7pxmgBKMVUj0w==",
			"requires": {
				"inherits": "2.0.4",
				"xtend": "4.0.2"
			}
		},
		"unified": {
			"version": "6.2.0",
			"resolved": "https://registry.npmjs.org/unified/-/unified-6.2.0.tgz",
			"integrity": "sha512-1k+KPhlVtqmG99RaTbAv/usu85fcSRu3wY8X+vnsEhIxNP5VbVIDiXnLqyKIG+UMdyTg0ZX9EI6k2AfjJkHPtA==",
			"requires": {
				"bail": "1.0.4",
				"extend": "3.0.2",
				"is-plain-obj": "1.1.0",
				"trough": "1.0.4",
				"vfile": "2.3.0",
				"x-is-string": "0.1.0"
			}
		},
		"unist-util-is": {
			"version": "3.0.0",
			"resolved": "https://registry.npmjs.org/unist-util-is/-/unist-util-is-3.0.0.tgz",
			"integrity": "sha512-sVZZX3+kspVNmLWBPAB6r+7D9ZgAFPNWm66f7YNb420RlQSbn+n8rG8dGZSkrER7ZIXGQYNm5pqC3v3HopH24A=="
		},
		"unist-util-remove-position": {
			"version": "1.1.4",
			"resolved": "https://registry.npmjs.org/unist-util-remove-position/-/unist-util-remove-position-1.1.4.tgz",
			"integrity": "sha512-tLqd653ArxJIPnKII6LMZwH+mb5q+n/GtXQZo6S6csPRs5zB0u79Yw8ouR3wTw8wxvdJFhpP6Y7jorWdCgLO0A==",
			"requires": {
				"unist-util-visit": "1.4.1"
			}
		},
		"unist-util-stringify-position": {
			"version": "1.1.2",
			"resolved": "https://registry.npmjs.org/unist-util-stringify-position/-/unist-util-stringify-position-1.1.2.tgz",
			"integrity": "sha512-pNCVrk64LZv1kElr0N1wPiHEUoXNVFERp+mlTg/s9R5Lwg87f9bM/3sQB99w+N9D/qnM9ar3+AKDBwo/gm/iQQ=="
		},
		"unist-util-visit": {
			"version": "1.4.1",
			"resolved": "https://registry.npmjs.org/unist-util-visit/-/unist-util-visit-1.4.1.tgz",
			"integrity": "sha512-AvGNk7Bb//EmJZyhtRUnNMEpId/AZ5Ph/KUpTI09WHQuDZHKovQ1oEv3mfmKpWKtoMzyMC4GLBm1Zy5k12fjIw==",
			"requires": {
				"unist-util-visit-parents": "2.1.2"
			},
			"dependencies": {
				"unist-util-visit-parents": {
					"version": "2.1.2",
					"resolved": "https://registry.npmjs.org/unist-util-visit-parents/-/unist-util-visit-parents-2.1.2.tgz",
					"integrity": "sha512-DyN5vD4NE3aSeB+PXYNKxzGsfocxp6asDc2XXE3b0ekO2BaRUpBicbbUygfSvYfUz1IkmjFR1YF7dPklraMZ2g==",
					"requires": {
						"unist-util-is": "3.0.0"
					}
				}
			}
		},
		"unist-util-visit-parents": {
			"version": "1.1.2",
			"resolved": "https://registry.npmjs.org/unist-util-visit-parents/-/unist-util-visit-parents-1.1.2.tgz",
			"integrity": "sha512-yvo+MMLjEwdc3RhhPYSximset7rwjMrdt9E41Smmvg25UQIenzrN83cRnF1JMzoMi9zZOQeYXHSDf7p+IQkW3Q=="
		},
		"vfile": {
			"version": "2.3.0",
			"resolved": "https://registry.npmjs.org/vfile/-/vfile-2.3.0.tgz",
			"integrity": "sha512-ASt4mBUHcTpMKD/l5Q+WJXNtshlWxOogYyGYYrg4lt/vuRjC1EFQtlAofL5VmtVNIZJzWYFJjzGWZ0Gw8pzW1w==",
			"requires": {
				"is-buffer": "1.1.6",
				"replace-ext": "1.0.0",
				"unist-util-stringify-position": "1.1.2",
				"vfile-message": "1.1.1"
			}
		},
		"vfile-location": {
			"version": "2.0.6",
			"resolved": "https://registry.npmjs.org/vfile-location/-/vfile-location-2.0.6.tgz",
			"integrity": "sha512-sSFdyCP3G6Ka0CEmN83A2YCMKIieHx0EDaj5IDP4g1pa5ZJ4FJDvpO0WODLxo4LUX4oe52gmSCK7Jw4SBghqxA=="
		},
		"vfile-message": {
			"version": "1.1.1",
			"resolved": "https://registry.npmjs.org/vfile-message/-/vfile-message-1.1.1.tgz",
			"integrity": "sha512-1WmsopSGhWt5laNir+633LszXvZ+Z/lxveBf6yhGsqnQIhlhzooZae7zV6YVM1Sdkw68dtAW3ow0pOdPANugvA==",
			"requires": {
				"unist-util-stringify-position": "1.1.2"
			}
		},
		"x-is-string": {
			"version": "0.1.0",
			"resolved": "https://registry.npmjs.org/x-is-string/-/x-is-string-0.1.0.tgz",
			"integrity": "sha1-R0tQhlrzpJqcRlfwWs0UVFj3fYI="
		},
		"xtend": {
			"version": "4.0.2",
			"resolved": "https://registry.npmjs.org/xtend/-/xtend-4.0.2.tgz",
			"integrity": "sha512-LKYU1iAXJXUgAXn9URjiu+MWhyUXHsvfp7mcuYm9dSUKK0/CjtrUwFAxD82/mCWbtLsGjFIad0wIsod4zrTAEQ=="
		}
	}
}
