{
	"name": "@panneau/list",
	"version": "0.6.58",
	"lockfileVersion": 1,
	"requires": true,
	"dependencies": {
		"@babel/runtime": {
			"version": "7.5.5",
			"resolved": "https://registry.npmjs.org/@babel/runtime/-/runtime-7.5.5.tgz",
			"integrity": "sha512-28QvEGyQyNkB0/m2B4FU7IEZGK2NUrcMtT6BZEFALTguLk+AUT6ofsHtPk5QyjAdUkpMJ+/Em+quwz4HOt30AQ==",
			"requires": {
				"regenerator-runtime": "0.13.3"
			},
			"dependencies": {
				"regenerator-runtime": {
					"version": "0.13.3",
					"resolved": "https://registry.npmjs.org/regenerator-runtime/-/regenerator-runtime-0.13.3.tgz",
					"integrity": "sha512-naKIZz2GQ8JWh///G7L3X6LaQUAMp2lvb1rvwwsURe/VXwD6VMfr+/1NuNw3ag8v2kY1aQ/go5SNn79O9JU7yw=="
				}
			}
		},
		"classnames": {
			"version": "2.2.6",
			"resolved": "https://registry.npmjs.org/classnames/-/classnames-2.2.6.tgz",
			"integrity": "sha512-JR/iSQOSt+LQIWwrwEzJ9uk0xfN3mTVYMwt1Ir5mUcSN6pU+V4zQFFaJsclJbPuAUQH+yfWef6tm7l1quW3C8Q=="
		},
		"gud": {
			"version": "1.0.0",
			"resolved": "https://registry.npmjs.org/gud/-/gud-1.0.0.tgz",
			"integrity": "sha512-zGEOVKFM5sVPPrYs7J5/hYEw2Pof8KCyOwyhG8sAF26mCAeUFAcYPu1mwB7hhpIP29zOIBaDqwuHdLp0jvZXjw=="
		},
		"history": {
			"version": "4.9.0",
			"resolved": "https://registry.npmjs.org/history/-/history-4.9.0.tgz",
			"integrity": "sha512-H2DkjCjXf0Op9OAr6nJ56fcRkTSNrUiv41vNJ6IswJjif6wlpZK0BTfFbi7qK9dXLSYZxkq5lBsj3vUjlYBYZA==",
			"requires": {
				"@babel/runtime": "7.5.5",
				"loose-envify": "1.4.0",
				"resolve-pathname": "2.2.0",
				"tiny-invariant": "1.0.4",
				"tiny-warning": "1.0.2",
				"value-equal": "0.4.0"
			}
		},
		"hoist-non-react-statics": {
			"version": "3.3.0",
			"resolved": "https://registry.npmjs.org/hoist-non-react-statics/-/hoist-non-react-statics-3.3.0.tgz",
			"integrity": "sha512-0XsbTXxgiaCDYDIWFcwkmerZPSwywfUqYmwT4jzewKTQSWoE6FCMoUVOeBJWK3E/CrWbxRG3m5GzY4lnIwGRBA==",
			"requires": {
				"react-is": "16.8.6"
			}
		},
		"intl-relativeformat": {
			"version": "2.2.0",
			"resolved": "https://registry.npmjs.org/intl-relativeformat/-/intl-relativeformat-2.2.0.tgz",
			"integrity": "sha512-4bV/7kSKaPEmu6ArxXf9xjv1ny74Zkwuey8Pm01NH4zggPP7JHwg2STk8Y3JdspCKRDriwIyLRfEXnj2ZLr4Bw==",
			"requires": {
				"intl-messageformat": "2.2.0"
			},
			"dependencies": {
				"intl-messageformat": {
					"version": "2.2.0",
					"resolved": "https://registry.npmjs.org/intl-messageformat/-/intl-messageformat-2.2.0.tgz",
					"integrity": "sha1-NFvNRt5jC3aDMwwuUhd/9eq0hPw=",
					"requires": {
						"intl-messageformat-parser": "1.4.0"
					}
				},
				"intl-messageformat-parser": {
					"version": "1.4.0",
					"resolved": "https://registry.npmjs.org/intl-messageformat-parser/-/intl-messageformat-parser-1.4.0.tgz",
					"integrity": "sha1-tD1FqXRoytvkQzHXS7Ho3qRPwHU="
				}
			}
		},
		"invariant": {
			"version": "2.2.4",
			"resolved": "https://registry.npmjs.org/invariant/-/invariant-2.2.4.tgz",
			"integrity": "sha512-phJfQVBuaJM5raOpJjSfkiD6BpbCE4Ns//LaXl6wGYtUBY83nWS6Rf9tXm2e8VaK60JEjYldbPif/A2B1C2gNA==",
			"requires": {
				"loose-envify": "1.4.0"
			}
		},
		"isarray": {
			"version": "0.0.1",
			"resolved": "https://registry.npmjs.org/isarray/-/isarray-0.0.1.tgz",
			"integrity": "sha1-ihis/Kmo9Bd+Cav8YDiTmwXR7t8="
		},
		"js-tokens": {
			"version": "4.0.0",
			"resolved": "https://registry.npmjs.org/js-tokens/-/js-tokens-4.0.0.tgz",
			"integrity": "sha512-RdJUflcE3cUzKiMqQgsCu06FPu9UdIJO0beYbPhHN4k6apgJtifcoCtT9bcxOpYBtpD2kCM6Sbzg4CausW/PKQ=="
		},
		"lodash": {
			"version": "4.17.11",
			"resolved": "https://registry.npmjs.org/lodash/-/lodash-4.17.11.tgz",
			"integrity": "sha512-cQKh8igo5QUhZ7lg38DYWAxMvjSAKG0A8wGSVimP07SIUEK2UO+arSRKbRZWtelMtN5V0Hkwh5ryOto/SshYIg=="
		},
		"loose-envify": {
			"version": "1.4.0",
			"resolved": "https://registry.npmjs.org/loose-envify/-/loose-envify-1.4.0.tgz",
			"integrity": "sha512-lyuxPGr/Wfhrlem2CL/UcnUc1zcqKAImBDzukY7Y5F/yQiNdko6+fRLevlw1HgMySw7f611UIY408EtxRSoK3Q==",
			"requires": {
				"js-tokens": "4.0.0"
			}
		},
		"mini-create-react-context": {
			"version": "0.3.2",
			"resolved": "https://registry.npmjs.org/mini-create-react-context/-/mini-create-react-context-0.3.2.tgz",
			"integrity": "sha512-2v+OeetEyliMt5VHMXsBhABoJ0/M4RCe7fatd/fBy6SMiKazUSEt3gxxypfnk2SHMkdBYvorHRoQxuGoiwbzAw==",
			"requires": {
				"@babel/runtime": "7.5.5",
				"gud": "1.0.0",
				"tiny-warning": "1.0.2"
			},
			"dependencies": {
				"@babel/runtime": {
					"version": "7.5.5",
					"resolved": "https://registry.npmjs.org/@babel/runtime/-/runtime-7.5.5.tgz",
					"integrity": "sha512-28QvEGyQyNkB0/m2B4FU7IEZGK2NUrcMtT6BZEFALTguLk+AUT6ofsHtPk5QyjAdUkpMJ+/Em+quwz4HOt30AQ==",
					"requires": {
						"regenerator-runtime": "0.13.3"
					}
				},
				"regenerator-runtime": {
					"version": "0.13.3",
					"resolved": "https://registry.npmjs.org/regenerator-runtime/-/regenerator-runtime-0.13.3.tgz",
					"integrity": "sha512-naKIZz2GQ8JWh///G7L3X6LaQUAMp2lvb1rvwwsURe/VXwD6VMfr+/1NuNw3ag8v2kY1aQ/go5SNn79O9JU7yw=="
				}
			}
		},
		"object-assign": {
			"version": "4.1.1",
			"resolved": "https://registry.npmjs.org/object-assign/-/object-assign-4.1.1.tgz",
			"integrity": "sha1-IQmtx5ZYh8/AXLvUQsrIv7s2CGM="
		},
		"path-to-regexp": {
			"version": "1.7.0",
			"resolved": "https://registry.npmjs.org/path-to-regexp/-/path-to-regexp-1.7.0.tgz",
			"integrity": "sha1-Wf3g9DW62suhA6hOnTvGTpa5k30=",
			"requires": {
				"isarray": "0.0.1"
			}
		},
		"prop-types": {
			"version": "15.7.2",
			"resolved": "https://registry.npmjs.org/prop-types/-/prop-types-15.7.2.tgz",
			"integrity": "sha512-8QQikdH7//R2vurIJSutZ1smHYTcLpRWEOlHnzcWHmBYrOGUysKwSsrC89BCiFj3CbrfJ/nXFdJepOVrY1GCHQ==",
			"requires": {
				"loose-envify": "1.4.0",
				"object-assign": "4.1.1",
				"react-is": "16.8.6"
			}
		},
		"querystringify": {
			"version": "2.1.0",
			"resolved": "https://registry.npmjs.org/querystringify/-/querystringify-2.1.0.tgz",
			"integrity": "sha512-sluvZZ1YiTLD5jsqZcDmFyV2EwToyXZBfpoVOmktMmW+VEnhgakFHnasVph65fOjGPTWN0Nw3+XQaSeMayr0kg=="
		},
		"react": {
			"version": "16.11.0",
			"resolved": "https://registry.npmjs.org/react/-/react-16.11.0.tgz",
			"integrity": "sha512-M5Y8yITaLmU0ynd0r1Yvfq98Rmll6q8AxaEe88c8e7LxO8fZ2cNgmFt0aGAS9wzf1Ao32NKXtCl+/tVVtkxq6g==",
			"dev": true,
			"requires": {
				"loose-envify": "1.4.0",
				"object-assign": "4.1.1",
				"prop-types": "15.7.2"
			}
		},
		"react-dom": {
			"version": "16.11.0",
			"resolved": "https://registry.npmjs.org/react-dom/-/react-dom-16.11.0.tgz",
			"integrity": "sha512-nrRyIUE1e7j8PaXSPtyRKtz+2y9ubW/ghNgqKFHHAHaeP0fpF5uXR+sq8IMRHC+ZUxw7W9NyCDTBtwWxvkb0iA==",
			"dev": true,
			"requires": {
				"loose-envify": "1.4.0",
				"object-assign": "4.1.1",
				"prop-types": "15.7.2",
				"scheduler": "0.17.0"
			},
			"dependencies": {
				"scheduler": {
					"version": "0.17.0",
					"resolved": "https://registry.npmjs.org/scheduler/-/scheduler-0.17.0.tgz",
					"integrity": "sha512-7rro8Io3tnCPuY4la/NuI5F2yfESpnfZyT6TtkXnSWVkcu0BCDJ+8gk5ozUaFaxpIyNuWAPXrH0yFcSi28fnDA==",
					"dev": true,
					"requires": {
						"loose-envify": "1.4.0",
						"object-assign": "4.1.1"
					}
				}
			}
		},
		"react-intl": {
			"version": "2.9.0",
			"resolved": "https://registry.npmjs.org/react-intl/-/react-intl-2.9.0.tgz",
			"integrity": "sha512-27jnDlb/d2A7mSJwrbOBnUgD+rPep+abmoJE511Tf8BnoONIAUehy/U1zZCHGO17mnOwMWxqN4qC0nW11cD6rA==",
			"requires": {
				"hoist-non-react-statics": "3.3.0",
				"intl-format-cache": "2.2.9",
				"intl-messageformat": "2.2.0",
				"intl-relativeformat": "2.2.0",
				"invariant": "2.2.4"
			},
			"dependencies": {
				"intl-format-cache": {
					"version": "2.2.9",
					"resolved": "https://registry.npmjs.org/intl-format-cache/-/intl-format-cache-2.2.9.tgz",
					"integrity": "sha512-Zv/u8wRpekckv0cLkwpVdABYST4hZNTDaX7reFetrYTJwxExR2VyTqQm+l0WmL0Qo8Mjb9Tf33qnfj0T7pjxdQ=="
				},
				"intl-messageformat": {
					"version": "2.2.0",
					"resolved": "https://registry.npmjs.org/intl-messageformat/-/intl-messageformat-2.2.0.tgz",
					"integrity": "sha1-NFvNRt5jC3aDMwwuUhd/9eq0hPw=",
					"requires": {
						"intl-messageformat-parser": "1.4.0"
					}
				},
				"intl-messageformat-parser": {
					"version": "1.4.0",
					"resolved": "https://registry.npmjs.org/intl-messageformat-parser/-/intl-messageformat-parser-1.4.0.tgz",
					"integrity": "sha1-tD1FqXRoytvkQzHXS7Ho3qRPwHU="
				}
			}
		},
		"react-is": {
			"version": "16.8.6",
			"resolved": "https://registry.npmjs.org/react-is/-/react-is-16.8.6.tgz",
			"integrity": "sha512-aUk3bHfZ2bRSVFFbbeVS4i+lNPZr3/WM5jT2J5omUVV1zzcs1nAaf3l51ctA5FFvCRbhrH0bdAsRRQddFJZPtA=="
		},
		"react-router-dom": {
			"version": "5.1.2",
			"resolved": "https://registry.npmjs.org/react-router-dom/-/react-router-dom-5.1.2.tgz",
			"integrity": "sha512-7BPHAaIwWpZS074UKaw1FjVdZBSVWEk8IuDXdB+OkLb8vd/WRQIpA4ag9WQk61aEfQs47wHyjWUoUGGZxpQXew==",
			"requires": {
				"@babel/runtime": "7.5.5",
				"history": "4.9.0",
				"loose-envify": "1.4.0",
				"prop-types": "15.7.2",
				"react-router": "5.1.2",
				"tiny-invariant": "1.0.4",
				"tiny-warning": "1.0.2"
			},
			"dependencies": {
				"react-router": {
					"version": "5.1.2",
					"resolved": "https://registry.npmjs.org/react-router/-/react-router-5.1.2.tgz",
					"integrity": "sha512-yjEuMFy1ONK246B+rsa0cUam5OeAQ8pyclRDgpxuSCrAlJ1qN9uZ5IgyKC7gQg0w8OM50NXHEegPh/ks9YuR2A==",
					"requires": {
						"@babel/runtime": "7.5.5",
						"history": "4.9.0",
						"hoist-non-react-statics": "3.3.0",
						"loose-envify": "1.4.0",
						"mini-create-react-context": "0.3.2",
						"path-to-regexp": "1.7.0",
						"prop-types": "15.7.2",
						"react-is": "16.8.6",
						"tiny-invariant": "1.0.4",
						"tiny-warning": "1.0.2"
					}
				}
			}
		},
		"requires-port": {
			"version": "1.0.0",
			"resolved": "https://registry.npmjs.org/requires-port/-/requires-port-1.0.0.tgz",
			"integrity": "sha1-kl0mAdOaxIXgkc8NpcbmlNw9yv8="
		},
		"resolve-pathname": {
			"version": "2.2.0",
			"resolved": "https://registry.npmjs.org/resolve-pathname/-/resolve-pathname-2.2.0.tgz",
			"integrity": "sha512-bAFz9ld18RzJfddgrO2e/0S2O81710++chRMUxHjXOYKF6jTAMrUNZrEZ1PvV0zlhfjidm08iRPdTLPno1FuRg=="
		},
		"tiny-invariant": {
			"version": "1.0.4",
			"resolved": "https://registry.npmjs.org/tiny-invariant/-/tiny-invariant-1.0.4.tgz",
			"integrity": "sha512-lMhRd/djQJ3MoaHEBrw8e2/uM4rs9YMNk0iOr8rHQ0QdbM7D4l0gFl3szKdeixrlyfm9Zqi4dxHCM2qVG8ND5g=="
		},
		"tiny-warning": {
			"version": "1.0.2",
			"resolved": "https://registry.npmjs.org/tiny-warning/-/tiny-warning-1.0.2.tgz",
			"integrity": "sha512-rru86D9CpQRLvsFG5XFdy0KdLAvjdQDyZCsRcuu60WtzFylDM3eAWSxEVz5kzL2Gp544XiUvPbVKtOA/txLi9Q=="
		},
		"url-parse": {
			"version": "1.4.4",
			"resolved": "https://registry.npmjs.org/url-parse/-/url-parse-1.4.4.tgz",
			"integrity": "sha512-/92DTTorg4JjktLNLe6GPS2/RvAd/RGr6LuktmWSMLEOa6rjnlrFXNgSbSmkNvCoL2T028A0a1JaJLzRMlFoHg==",
			"requires": {
				"querystringify": "2.1.0",
				"requires-port": "1.0.0"
			}
		},
		"value-equal": {
			"version": "0.4.0",
			"resolved": "https://registry.npmjs.org/value-equal/-/value-equal-0.4.0.tgz",
			"integrity": "sha512-x+cYdNnaA3CxvMaTX0INdTCN8m8aF2uY9BvEqmxuYp8bL09cs/kWVQPVGcA35fMktdOsP69IgU7wFj/61dJHEw=="
		}
	}
}
