{
	"name": "@panneau/list",
	"version": "0.6.66-alpha.0",
	"lockfileVersion": 1,
	"requires": true,
	"dependencies": {
		"@babel/runtime": {
			"version": "7.9.2",
			"resolved": "https://registry.npmjs.org/@babel/runtime/-/runtime-7.9.2.tgz",
			"integrity": "sha512-NE2DtOdufG7R5vnfQUTehdTfNycfUANEtCa9PssN9O/xmTzP4E08UI797ixaei6hBEVL9BI/PsdJS5x7mWoB9Q==",
			"requires": {
				"regenerator-runtime": "0.13.5"
			}
		},
		"classnames": {
			"version": "2.2.6",
			"resolved": "https://registry.npmjs.org/classnames/-/classnames-2.2.6.tgz",
			"integrity": "sha512-JR/iSQOSt+LQIWwrwEzJ9uk0xfN3mTVYMwt1Ir5mUcSN6pU+V4zQFFaJsclJbPuAUQH+yfWef6tm7l1quW3C8Q=="
		},
		"gud": {
			"version": "1.0.0",
			"resolved": "https://registry.npmjs.org/gud/-/gud-1.0.0.tgz",
			"integrity": "sha512-zGEOVKFM5sVPPrYs7J5/hYEw2Pof8KCyOwyhG8sAF26mCAeUFAcYPu1mwB7hhpIP29zOIBaDqwuHdLp0jvZXjw=="
		},
		"history": {
			"version": "4.10.1",
			"resolved": "https://registry.npmjs.org/history/-/history-4.10.1.tgz",
			"integrity": "sha512-36nwAD620w12kuzPAsyINPWJqlNbij+hpK1k9XRloDtym8mxzGYl2c17LnV6IAGB2Dmg4tEa7G7DlawS0+qjew==",
			"requires": {
				"@babel/runtime": "7.9.2",
				"loose-envify": "1.4.0",
				"resolve-pathname": "3.0.0",
				"tiny-invariant": "1.1.0",
				"tiny-warning": "1.0.3",
				"value-equal": "1.0.1"
			}
		},
		"hoist-non-react-statics": {
			"version": "3.3.2",
			"resolved": "https://registry.npmjs.org/hoist-non-react-statics/-/hoist-non-react-statics-3.3.2.tgz",
			"integrity": "sha512-/gGivxi8JPKWNm/W0jSmzcMPpfpPLc3dY/6GxhX2hQ9iGj3aDfklV4ET7NjKpSinLpJ5vafa9iiGIEZg10SfBw==",
			"requires": {
				"react-is": "16.13.1"
			}
		},
		"intl-format-cache": {
			"version": "2.2.9",
			"resolved": "https://registry.npmjs.org/intl-format-cache/-/intl-format-cache-2.2.9.tgz",
			"integrity": "sha512-Zv/u8wRpekckv0cLkwpVdABYST4hZNTDaX7reFetrYTJwxExR2VyTqQm+l0WmL0Qo8Mjb9Tf33qnfj0T7pjxdQ=="
		},
		"intl-messageformat": {
			"version": "2.2.0",
			"resolved": "https://registry.npmjs.org/intl-messageformat/-/intl-messageformat-2.2.0.tgz",
			"integrity": "sha1-NFvNRt5jC3aDMwwuUhd/9eq0hPw=",
			"requires": {
				"intl-messageformat-parser": "1.4.0"
			}
		},
		"intl-messageformat-parser": {
			"version": "1.4.0",
			"resolved": "https://registry.npmjs.org/intl-messageformat-parser/-/intl-messageformat-parser-1.4.0.tgz",
			"integrity": "sha1-tD1FqXRoytvkQzHXS7Ho3qRPwHU="
		},
		"intl-relativeformat": {
			"version": "2.2.0",
			"resolved": "https://registry.npmjs.org/intl-relativeformat/-/intl-relativeformat-2.2.0.tgz",
			"integrity": "sha512-4bV/7kSKaPEmu6ArxXf9xjv1ny74Zkwuey8Pm01NH4zggPP7JHwg2STk8Y3JdspCKRDriwIyLRfEXnj2ZLr4Bw==",
			"requires": {
				"intl-messageformat": "2.2.0"
			}
		},
		"invariant": {
			"version": "2.2.4",
			"resolved": "https://registry.npmjs.org/invariant/-/invariant-2.2.4.tgz",
			"integrity": "sha512-phJfQVBuaJM5raOpJjSfkiD6BpbCE4Ns//LaXl6wGYtUBY83nWS6Rf9tXm2e8VaK60JEjYldbPif/A2B1C2gNA==",
			"requires": {
				"loose-envify": "1.4.0"
			}
		},
		"isarray": {
			"version": "0.0.1",
			"resolved": "https://registry.npmjs.org/isarray/-/isarray-0.0.1.tgz",
			"integrity": "sha1-ihis/Kmo9Bd+Cav8YDiTmwXR7t8="
		},
		"js-tokens": {
			"version": "4.0.0",
			"resolved": "https://registry.npmjs.org/js-tokens/-/js-tokens-4.0.0.tgz",
			"integrity": "sha512-RdJUflcE3cUzKiMqQgsCu06FPu9UdIJO0beYbPhHN4k6apgJtifcoCtT9bcxOpYBtpD2kCM6Sbzg4CausW/PKQ=="
		},
		"lodash": {
			"version": "4.17.15",
			"resolved": "https://registry.npmjs.org/lodash/-/lodash-4.17.15.tgz",
			"integrity": "sha512-8xOcRHvCjnocdS5cpwXQXVzmmh5e5+saE2QGoeQmbKmRS6J3VQppPOIt0MnmE+4xlZoumy0GPG0D0MVIQbNA1A=="
		},
		"loose-envify": {
			"version": "1.4.0",
			"resolved": "https://registry.npmjs.org/loose-envify/-/loose-envify-1.4.0.tgz",
			"integrity": "sha512-lyuxPGr/Wfhrlem2CL/UcnUc1zcqKAImBDzukY7Y5F/yQiNdko6+fRLevlw1HgMySw7f611UIY408EtxRSoK3Q==",
			"requires": {
				"js-tokens": "4.0.0"
			}
		},
		"mini-create-react-context": {
			"version": "0.3.2",
			"resolved": "https://registry.npmjs.org/mini-create-react-context/-/mini-create-react-context-0.3.2.tgz",
			"integrity": "sha512-2v+OeetEyliMt5VHMXsBhABoJ0/M4RCe7fatd/fBy6SMiKazUSEt3gxxypfnk2SHMkdBYvorHRoQxuGoiwbzAw==",
			"requires": {
				"@babel/runtime": "7.9.2",
				"gud": "1.0.0",
				"tiny-warning": "1.0.3"
			}
		},
		"object-assign": {
			"version": "4.1.1",
			"resolved": "https://registry.npmjs.org/object-assign/-/object-assign-4.1.1.tgz",
			"integrity": "sha1-IQmtx5ZYh8/AXLvUQsrIv7s2CGM="
		},
		"path-to-regexp": {
			"version": "1.8.0",
			"resolved": "https://registry.npmjs.org/path-to-regexp/-/path-to-regexp-1.8.0.tgz",
			"integrity": "sha512-n43JRhlUKUAlibEJhPeir1ncUID16QnEjNpwzNdO3Lm4ywrBpBZ5oLD0I6br9evr1Y9JTqwRtAh7JLoOzAQdVA==",
			"requires": {
				"isarray": "0.0.1"
			}
		},
		"prop-types": {
			"version": "15.7.2",
			"resolved": "https://registry.npmjs.org/prop-types/-/prop-types-15.7.2.tgz",
			"integrity": "sha512-8QQikdH7//R2vurIJSutZ1smHYTcLpRWEOlHnzcWHmBYrOGUysKwSsrC89BCiFj3CbrfJ/nXFdJepOVrY1GCHQ==",
			"requires": {
				"loose-envify": "1.4.0",
				"object-assign": "4.1.1",
				"react-is": "16.13.1"
			}
		},
		"querystringify": {
			"version": "2.1.1",
			"resolved": "https://registry.npmjs.org/querystringify/-/querystringify-2.1.1.tgz",
			"integrity": "sha512-w7fLxIRCRT7U8Qu53jQnJyPkYZIaR4n5151KMfcJlO/A9397Wxb1amJvROTK6TOnp7PfoAmg/qXiNHI+08jRfA=="
		},
		"react": {
			"version": "16.13.1",
			"resolved": "https://registry.npmjs.org/react/-/react-16.13.1.tgz",
			"integrity": "sha512-YMZQQq32xHLX0bz5Mnibv1/LHb3Sqzngu7xstSM+vrkE5Kzr9xE0yMByK5kMoTK30YVJE61WfbxIFFvfeDKT1w==",
			"dev": true,
			"requires": {
				"loose-envify": "1.4.0",
				"object-assign": "4.1.1",
				"prop-types": "15.7.2"
			}
		},
		"react-dom": {
			"version": "16.13.1",
			"resolved": "https://registry.npmjs.org/react-dom/-/react-dom-16.13.1.tgz",
			"integrity": "sha512-81PIMmVLnCNLO/fFOQxdQkvEq/+Hfpv24XNJfpyZhTRfO0QcmQIF/PgCa1zCOj2w1hrn12MFLyaJ/G0+Mxtfag==",
			"dev": true,
			"requires": {
				"loose-envify": "1.4.0",
				"object-assign": "4.1.1",
				"prop-types": "15.7.2",
				"scheduler": "0.19.1"
			}
		},
		"react-intl": {
			"version": "2.9.0",
			"resolved": "https://registry.npmjs.org/react-intl/-/react-intl-2.9.0.tgz",
			"integrity": "sha512-27jnDlb/d2A7mSJwrbOBnUgD+rPep+abmoJE511Tf8BnoONIAUehy/U1zZCHGO17mnOwMWxqN4qC0nW11cD6rA==",
			"requires": {
				"hoist-non-react-statics": "3.3.2",
				"intl-format-cache": "2.2.9",
				"intl-messageformat": "2.2.0",
				"intl-relativeformat": "2.2.0",
				"invariant": "2.2.4"
			}
		},
		"react-is": {
			"version": "16.13.1",
			"resolved": "https://registry.npmjs.org/react-is/-/react-is-16.13.1.tgz",
			"integrity": "sha512-24e6ynE2H+OKt4kqsOvNd8kBpV65zoxbA4BVsEOB3ARVWQki/DHzaUoC5KuON/BiccDaCCTZBuOcfZs70kR8bQ=="
		},
		"react-router": {
			"version": "5.1.2",
			"resolved": "https://registry.npmjs.org/react-router/-/react-router-5.1.2.tgz",
			"integrity": "sha512-yjEuMFy1ONK246B+rsa0cUam5OeAQ8pyclRDgpxuSCrAlJ1qN9uZ5IgyKC7gQg0w8OM50NXHEegPh/ks9YuR2A==",
			"requires": {
				"@babel/runtime": "7.9.2",
				"history": "4.10.1",
				"hoist-non-react-statics": "3.3.2",
				"loose-envify": "1.4.0",
				"mini-create-react-context": "0.3.2",
				"path-to-regexp": "1.8.0",
				"prop-types": "15.7.2",
				"react-is": "16.13.1",
				"tiny-invariant": "1.1.0",
				"tiny-warning": "1.0.3"
			}
		},
		"react-router-dom": {
			"version": "5.1.2",
			"resolved": "https://registry.npmjs.org/react-router-dom/-/react-router-dom-5.1.2.tgz",
			"integrity": "sha512-7BPHAaIwWpZS074UKaw1FjVdZBSVWEk8IuDXdB+OkLb8vd/WRQIpA4ag9WQk61aEfQs47wHyjWUoUGGZxpQXew==",
			"requires": {
				"@babel/runtime": "7.9.2",
				"history": "4.10.1",
				"loose-envify": "1.4.0",
				"prop-types": "15.7.2",
				"react-router": "5.1.2",
				"tiny-invariant": "1.1.0",
				"tiny-warning": "1.0.3"
			}
		},
		"regenerator-runtime": {
			"version": "0.13.5",
			"resolved": "https://registry.npmjs.org/regenerator-runtime/-/regenerator-runtime-0.13.5.tgz",
			"integrity": "sha512-ZS5w8CpKFinUzOwW3c83oPeVXoNsrLsaCoLtJvAClH135j/R77RuymhiSErhm2lKcwSCIpmvIWSbDkIfAqKQlA=="
		},
		"requires-port": {
			"version": "1.0.0",
			"resolved": "https://registry.npmjs.org/requires-port/-/requires-port-1.0.0.tgz",
			"integrity": "sha1-kl0mAdOaxIXgkc8NpcbmlNw9yv8="
		},
		"resolve-pathname": {
			"version": "3.0.0",
			"resolved": "https://registry.npmjs.org/resolve-pathname/-/resolve-pathname-3.0.0.tgz",
			"integrity": "sha512-C7rARubxI8bXFNB/hqcp/4iUeIXJhJZvFPFPiSPRnhU5UPxzMFIl+2E6yY6c4k9giDJAhtV+enfA+G89N6Csng=="
		},
		"scheduler": {
			"version": "0.19.1",
			"resolved": "https://registry.npmjs.org/scheduler/-/scheduler-0.19.1.tgz",
			"integrity": "sha512-n/zwRWRYSUj0/3g/otKDRPMh6qv2SYMWNq85IEa8iZyAv8od9zDYpGSnpBEjNgcMNq6Scbu5KfIPxNF72R/2EA==",
			"dev": true,
			"requires": {
				"loose-envify": "1.4.0",
				"object-assign": "4.1.1"
			}
		},
		"tiny-invariant": {
			"version": "1.1.0",
			"resolved": "https://registry.npmjs.org/tiny-invariant/-/tiny-invariant-1.1.0.tgz",
			"integrity": "sha512-ytxQvrb1cPc9WBEI/HSeYYoGD0kWnGEOR8RY6KomWLBVhqz0RgTwVO9dLrGz7dC+nN9llyI7OKAgRq8Vq4ZBSw=="
		},
		"tiny-warning": {
			"version": "1.0.3",
			"resolved": "https://registry.npmjs.org/tiny-warning/-/tiny-warning-1.0.3.tgz",
			"integrity": "sha512-lBN9zLN/oAf68o3zNXYrdCt1kP8WsiGW8Oo2ka41b2IM5JL/S1CTyX1rW0mb/zSuJun0ZUrDxx4sqvYS2FWzPA=="
		},
		"url-parse": {
			"version": "1.4.7",
			"resolved": "https://registry.npmjs.org/url-parse/-/url-parse-1.4.7.tgz",
			"integrity": "sha512-d3uaVyzDB9tQoSXFvuSUNFibTd9zxd2bkVrDRvF5TmvWWQwqE4lgYJ5m+x1DbecWkw+LK4RNl2CU1hHuOKPVlg==",
			"requires": {
				"querystringify": "2.1.1",
				"requires-port": "1.0.0"
			}
		},
		"value-equal": {
			"version": "1.0.1",
			"resolved": "https://registry.npmjs.org/value-equal/-/value-equal-1.0.1.tgz",
			"integrity": "sha512-NOJ6JZCAWr0zlxZt+xqCHNTEKOsrks2HQd4MqhP1qy4z1SkbEP467eNx6TgDKXMvUOb+OENfJCZwM+16n7fRfw=="
		}
	}
}
